
Microsoft Visual Studio Solution File, Format Version 12.00
# Visual Studio Version 16
VisualStudioVersion = 16.0.29728.190
MinimumVisualStudioVersion = 10.0.40219.1
Project("{D954291E-2A0B-460D-934E-DC6B0785DB48}") = "MvvmAndDependenyInjectionSample.Shared", "MvvmAndDependenyInjectionSample.Shared\MvvmAndDependenyInjectionSample.Shared.shproj", "{6279C845-92F8-4333-AB99-3D213163593C}"
EndProject
Project("{FAE04EC0-301F-11D3-BF4B-00C04F79EFBC}") = "MvvmAndDependenyInjectionSample.Droid", "MvvmAndDependenyInjectionSample.Droid\MvvmAndDependenyInjectionSample.Droid.csproj", "{A38C5039-E7C5-409E-9EFA-69EA8F07FE0C}"
EndProject
Project("{FAE04EC0-301F-11D3-BF4B-00C04F79EFBC}") = "MvvmAndDependenyInjectionSample.iOS", "MvvmAndDependenyInjectionSample.iOS\MvvmAndDependenyInjectionSample.iOS.csproj", "{4801F746-3247-45CE-8CEF-8F4E42E8B0E8}"
EndProject
Project("{FAE04EC0-301F-11D3-BF4B-00C04F79EFBC}") = "MvvmAndDependenyInjectionSample.UWP", "MvvmAndDependenyInjectionSample.UWP\MvvmAndDependenyInjectionSample.UWP.csproj", "{0E936EB0-6BF8-43D5-8037-9DC3FECA57A3}"
EndProject
Project("{FAE04EC0-301F-11D3-BF4B-00C04F79EFBC}") = "MvvmAndDependenyInjectionSample.Wasm", "MvvmAndDependenyInjectionSample.Wasm\MvvmAndDependenyInjectionSample.Wasm.csproj", "{6059697B-BAF2-4F7C-969A-C4917890B198}"
EndProject
Global
	GlobalSection(SharedMSBuildProjectFiles) = preSolution
		MvvmAndDependenyInjectionSample.Shared\MvvmAndDependenyInjectionSample.Shared.projitems*{0e936eb0-6bf8-43d5-8037-9dc3feca57a3}*SharedItemsImports = 4
		MvvmAndDependenyInjectionSample.Shared\MvvmAndDependenyInjectionSample.Shared.projitems*{4801f746-3247-45ce-8cef-8f4e42e8b0e8}*SharedItemsImports = 4
		MvvmAndDependenyInjectionSample.Shared\MvvmAndDependenyInjectionSample.Shared.projitems*{6279c845-92f8-4333-ab99-3d213163593c}*SharedItemsImports = 13
		MvvmAndDependenyInjectionSample.Shared\MvvmAndDependenyInjectionSample.Shared.projitems*{a38c5039-e7c5-409e-9efa-69ea8f07fe0c}*SharedItemsImports = 4
	EndGlobalSection
	GlobalSection(SolutionConfigurationPlatforms) = preSolution
		Ad-Hoc|Any CPU = Ad-Hoc|Any CPU
		Ad-Hoc|ARM = Ad-Hoc|ARM
		Ad-Hoc|ARM64 = Ad-Hoc|ARM64
		Ad-Hoc|iPhone = Ad-Hoc|iPhone
		Ad-Hoc|iPhoneSimulator = Ad-Hoc|iPhoneSimulator
		Ad-Hoc|x64 = Ad-Hoc|x64
		Ad-Hoc|x86 = Ad-Hoc|x86
		AppStore|Any CPU = AppStore|Any CPU
		AppStore|ARM = AppStore|ARM
		AppStore|ARM64 = AppStore|ARM64
		AppStore|iPhone = AppStore|iPhone
		AppStore|iPhoneSimulator = AppStore|iPhoneSimulator
		AppStore|x64 = AppStore|x64
		AppStore|x86 = AppStore|x86
		Debug|Any CPU = Debug|Any CPU
		Debug|ARM = Debug|ARM
		Debug|ARM64 = Debug|ARM64
		Debug|iPhone = Debug|iPhone
		Debug|iPhoneSimulator = Debug|iPhoneSimulator
		Debug|x64 = Debug|x64
		Debug|x86 = Debug|x86
		Release|Any CPU = Release|Any CPU
		Release|ARM = Release|ARM
		Release|ARM64 = Release|ARM64
		Release|iPhone = Release|iPhone
		Release|iPhoneSimulator = Release|iPhoneSimulator
		Release|x64 = Release|x64
		Release|x86 = Release|x86
	EndGlobalSection
	GlobalSection(ProjectConfigurationPlatforms) = postSolution
		{A38C5039-E7C5-409E-9EFA-69EA8F07FE0C}.Ad-Hoc|Any CPU.ActiveCfg = Release|Any CPU
		{A38C5039-E7C5-409E-9EFA-69EA8F07FE0C}.Ad-Hoc|Any CPU.Build.0 = Release|Any CPU
		{A38C5039-E7C5-409E-9EFA-69EA8F07FE0C}.Ad-Hoc|Any CPU.Deploy.0 = Release|Any CPU
		{A38C5039-E7C5-409E-9EFA-69EA8F07FE0C}.Ad-Hoc|ARM.ActiveCfg = Release|Any CPU
		{A38C5039-E7C5-409E-9EFA-69EA8F07FE0C}.Ad-Hoc|ARM.Build.0 = Release|Any CPU
		{A38C5039-E7C5-409E-9EFA-69EA8F07FE0C}.Ad-Hoc|ARM.Deploy.0 = Release|Any CPU
		{A38C5039-E7C5-409E-9EFA-69EA8F07FE0C}.Ad-Hoc|ARM64.ActiveCfg = Release|Any CPU
		{A38C5039-E7C5-409E-9EFA-69EA8F07FE0C}.Ad-Hoc|ARM64.Build.0 = Release|Any CPU
		{A38C5039-E7C5-409E-9EFA-69EA8F07FE0C}.Ad-Hoc|ARM64.Deploy.0 = Release|Any CPU
		{A38C5039-E7C5-409E-9EFA-69EA8F07FE0C}.Ad-Hoc|iPhone.ActiveCfg = Release|Any CPU
		{A38C5039-E7C5-409E-9EFA-69EA8F07FE0C}.Ad-Hoc|iPhone.Build.0 = Release|Any CPU
		{A38C5039-E7C5-409E-9EFA-69EA8F07FE0C}.Ad-Hoc|iPhone.Deploy.0 = Release|Any CPU
		{A38C5039-E7C5-409E-9EFA-69EA8F07FE0C}.Ad-Hoc|iPhoneSimulator.ActiveCfg = Release|Any CPU
		{A38C5039-E7C5-409E-9EFA-69EA8F07FE0C}.Ad-Hoc|iPhoneSimulator.Build.0 = Release|Any CPU
		{A38C5039-E7C5-409E-9EFA-69EA8F07FE0C}.Ad-Hoc|iPhoneSimulator.Deploy.0 = Release|Any CPU
		{A38C5039-E7C5-409E-9EFA-69EA8F07FE0C}.Ad-Hoc|x64.ActiveCfg = Release|Any CPU
		{A38C5039-E7C5-409E-9EFA-69EA8F07FE0C}.Ad-Hoc|x64.Build.0 = Release|Any CPU
		{A38C5039-E7C5-409E-9EFA-69EA8F07FE0C}.Ad-Hoc|x64.Deploy.0 = Release|Any CPU
		{A38C5039-E7C5-409E-9EFA-69EA8F07FE0C}.Ad-Hoc|x86.ActiveCfg = Release|Any CPU
		{A38C5039-E7C5-409E-9EFA-69EA8F07FE0C}.Ad-Hoc|x86.Build.0 = Release|Any CPU
		{A38C5039-E7C5-409E-9EFA-69EA8F07FE0C}.Ad-Hoc|x86.Deploy.0 = Release|Any CPU
		{A38C5039-E7C5-409E-9EFA-69EA8F07FE0C}.AppStore|Any CPU.ActiveCfg = Release|Any CPU
		{A38C5039-E7C5-409E-9EFA-69EA8F07FE0C}.AppStore|Any CPU.Build.0 = Release|Any CPU
		{A38C5039-E7C5-409E-9EFA-69EA8F07FE0C}.AppStore|Any CPU.Deploy.0 = Release|Any CPU
		{A38C5039-E7C5-409E-9EFA-69EA8F07FE0C}.AppStore|ARM.ActiveCfg = Release|Any CPU
		{A38C5039-E7C5-409E-9EFA-69EA8F07FE0C}.AppStore|ARM.Build.0 = Release|Any CPU
		{A38C5039-E7C5-409E-9EFA-69EA8F07FE0C}.AppStore|ARM.Deploy.0 = Release|Any CPU
		{A38C5039-E7C5-409E-9EFA-69EA8F07FE0C}.AppStore|ARM64.ActiveCfg = Release|Any CPU
		{A38C5039-E7C5-409E-9EFA-69EA8F07FE0C}.AppStore|ARM64.Build.0 = Release|Any CPU
		{A38C5039-E7C5-409E-9EFA-69EA8F07FE0C}.AppStore|ARM64.Deploy.0 = Release|Any CPU
		{A38C5039-E7C5-409E-9EFA-69EA8F07FE0C}.AppStore|iPhone.ActiveCfg = Release|Any CPU
		{A38C5039-E7C5-409E-9EFA-69EA8F07FE0C}.AppStore|iPhone.Build.0 = Release|Any CPU
		{A38C5039-E7C5-409E-9EFA-69EA8F07FE0C}.AppStore|iPhone.Deploy.0 = Release|Any CPU
		{A38C5039-E7C5-409E-9EFA-69EA8F07FE0C}.AppStore|iPhoneSimulator.ActiveCfg = Release|Any CPU
		{A38C5039-E7C5-409E-9EFA-69EA8F07FE0C}.AppStore|iPhoneSimulator.Build.0 = Release|Any CPU
		{A38C5039-E7C5-409E-9EFA-69EA8F07FE0C}.AppStore|iPhoneSimulator.Deploy.0 = Release|Any CPU
		{A38C5039-E7C5-409E-9EFA-69EA8F07FE0C}.AppStore|x64.ActiveCfg = Release|Any CPU
		{A38C5039-E7C5-409E-9EFA-69EA8F07FE0C}.AppStore|x64.Build.0 = Release|Any CPU
		{A38C5039-E7C5-409E-9EFA-69EA8F07FE0C}.AppStore|x64.Deploy.0 = Release|Any CPU
		{A38C5039-E7C5-409E-9EFA-69EA8F07FE0C}.AppStore|x86.ActiveCfg = Release|Any CPU
		{A38C5039-E7C5-409E-9EFA-69EA8F07FE0C}.AppStore|x86.Build.0 = Release|Any CPU
		{A38C5039-E7C5-409E-9EFA-69EA8F07FE0C}.AppStore|x86.Deploy.0 = Release|Any CPU
		{A38C5039-E7C5-409E-9EFA-69EA8F07FE0C}.Debug|Any CPU.ActiveCfg = Debug|Any CPU
		{A38C5039-E7C5-409E-9EFA-69EA8F07FE0C}.Debug|Any CPU.Build.0 = Debug|Any CPU
		{A38C5039-E7C5-409E-9EFA-69EA8F07FE0C}.Debug|Any CPU.Deploy.0 = Debug|Any CPU
		{A38C5039-E7C5-409E-9EFA-69EA8F07FE0C}.Debug|ARM.ActiveCfg = Debug|Any CPU
		{A38C5039-E7C5-409E-9EFA-69EA8F07FE0C}.Debug|ARM.Build.0 = Debug|Any CPU
		{A38C5039-E7C5-409E-9EFA-69EA8F07FE0C}.Debug|ARM.Deploy.0 = Debug|Any CPU
		{A38C5039-E7C5-409E-9EFA-69EA8F07FE0C}.Debug|ARM64.ActiveCfg = Debug|Any CPU
		{A38C5039-E7C5-409E-9EFA-69EA8F07FE0C}.Debug|ARM64.Build.0 = Debug|Any CPU
		{A38C5039-E7C5-409E-9EFA-69EA8F07FE0C}.Debug|ARM64.Deploy.0 = Debug|Any CPU
		{A38C5039-E7C5-409E-9EFA-69EA8F07FE0C}.Debug|iPhone.ActiveCfg = Debug|Any CPU
		{A38C5039-E7C5-409E-9EFA-69EA8F07FE0C}.Debug|iPhone.Build.0 = Debug|Any CPU
		{A38C5039-E7C5-409E-9EFA-69EA8F07FE0C}.Debug|iPhone.Deploy.0 = Debug|Any CPU
		{A38C5039-E7C5-409E-9EFA-69EA8F07FE0C}.Debug|iPhoneSimulator.ActiveCfg = Debug|Any CPU
		{A38C5039-E7C5-409E-9EFA-69EA8F07FE0C}.Debug|iPhoneSimulator.Build.0 = Debug|Any CPU
		{A38C5039-E7C5-409E-9EFA-69EA8F07FE0C}.Debug|iPhoneSimulator.Deploy.0 = Debug|Any CPU
		{A38C5039-E7C5-409E-9EFA-69EA8F07FE0C}.Debug|x64.ActiveCfg = Debug|Any CPU
		{A38C5039-E7C5-409E-9EFA-69EA8F07FE0C}.Debug|x64.Build.0 = Debug|Any CPU
		{A38C5039-E7C5-409E-9EFA-69EA8F07FE0C}.Debug|x64.Deploy.0 = Debug|Any CPU
		{A38C5039-E7C5-409E-9EFA-69EA8F07FE0C}.Debug|x86.ActiveCfg = Debug|Any CPU
		{A38C5039-E7C5-409E-9EFA-69EA8F07FE0C}.Debug|x86.Build.0 = Debug|Any CPU
		{A38C5039-E7C5-409E-9EFA-69EA8F07FE0C}.Debug|x86.Deploy.0 = Debug|Any CPU
		{A38C5039-E7C5-409E-9EFA-69EA8F07FE0C}.Release|Any CPU.ActiveCfg = Release|Any CPU
		{A38C5039-E7C5-409E-9EFA-69EA8F07FE0C}.Release|Any CPU.Build.0 = Release|Any CPU
		{A38C5039-E7C5-409E-9EFA-69EA8F07FE0C}.Release|Any CPU.Deploy.0 = Release|Any CPU
		{A38C5039-E7C5-409E-9EFA-69EA8F07FE0C}.Release|ARM.ActiveCfg = Release|Any CPU
		{A38C5039-E7C5-409E-9EFA-69EA8F07FE0C}.Release|ARM.Build.0 = Release|Any CPU
		{A38C5039-E7C5-409E-9EFA-69EA8F07FE0C}.Release|ARM.Deploy.0 = Release|Any CPU
		{A38C5039-E7C5-409E-9EFA-69EA8F07FE0C}.Release|ARM64.ActiveCfg = Release|Any CPU
		{A38C5039-E7C5-409E-9EFA-69EA8F07FE0C}.Release|ARM64.Build.0 = Release|Any CPU
		{A38C5039-E7C5-409E-9EFA-69EA8F07FE0C}.Release|ARM64.Deploy.0 = Release|Any CPU
		{A38C5039-E7C5-409E-9EFA-69EA8F07FE0C}.Release|iPhone.ActiveCfg = Release|Any CPU
		{A38C5039-E7C5-409E-9EFA-69EA8F07FE0C}.Release|iPhone.Build.0 = Release|Any CPU
		{A38C5039-E7C5-409E-9EFA-69EA8F07FE0C}.Release|iPhone.Deploy.0 = Release|Any CPU
		{A38C5039-E7C5-409E-9EFA-69EA8F07FE0C}.Release|iPhoneSimulator.ActiveCfg = Release|Any CPU
		{A38C5039-E7C5-409E-9EFA-69EA8F07FE0C}.Release|iPhoneSimulator.Build.0 = Release|Any CPU
		{A38C5039-E7C5-409E-9EFA-69EA8F07FE0C}.Release|iPhoneSimulator.Deploy.0 = Release|Any CPU
		{A38C5039-E7C5-409E-9EFA-69EA8F07FE0C}.Release|x64.ActiveCfg = Release|Any CPU
		{A38C5039-E7C5-409E-9EFA-69EA8F07FE0C}.Release|x64.Build.0 = Release|Any CPU
		{A38C5039-E7C5-409E-9EFA-69EA8F07FE0C}.Release|x64.Deploy.0 = Release|Any CPU
		{A38C5039-E7C5-409E-9EFA-69EA8F07FE0C}.Release|x86.ActiveCfg = Release|Any CPU
		{A38C5039-E7C5-409E-9EFA-69EA8F07FE0C}.Release|x86.Build.0 = Release|Any CPU
		{A38C5039-E7C5-409E-9EFA-69EA8F07FE0C}.Release|x86.Deploy.0 = Release|Any CPU
		{4801F746-3247-45CE-8CEF-8F4E42E8B0E8}.Ad-Hoc|Any CPU.ActiveCfg = Ad-Hoc|iPhone
		{4801F746-3247-45CE-8CEF-8F4E42E8B0E8}.Ad-Hoc|ARM.ActiveCfg = Ad-Hoc|iPhone
		{4801F746-3247-45CE-8CEF-8F4E42E8B0E8}.Ad-Hoc|ARM64.ActiveCfg = Ad-Hoc|iPhone
		{4801F746-3247-45CE-8CEF-8F4E42E8B0E8}.Ad-Hoc|iPhone.ActiveCfg = Ad-Hoc|iPhone
		{4801F746-3247-45CE-8CEF-8F4E42E8B0E8}.Ad-Hoc|iPhone.Build.0 = Ad-Hoc|iPhone
		{4801F746-3247-45CE-8CEF-8F4E42E8B0E8}.Ad-Hoc|iPhoneSimulator.ActiveCfg = Ad-Hoc|iPhoneSimulator
		{4801F746-3247-45CE-8CEF-8F4E42E8B0E8}.Ad-Hoc|iPhoneSimulator.Build.0 = Ad-Hoc|iPhoneSimulator
		{4801F746-3247-45CE-8CEF-8F4E42E8B0E8}.Ad-Hoc|x64.ActiveCfg = Ad-Hoc|iPhone
		{4801F746-3247-45CE-8CEF-8F4E42E8B0E8}.Ad-Hoc|x86.ActiveCfg = Ad-Hoc|iPhone
		{4801F746-3247-45CE-8CEF-8F4E42E8B0E8}.AppStore|Any CPU.ActiveCfg = AppStore|iPhone
		{4801F746-3247-45CE-8CEF-8F4E42E8B0E8}.AppStore|ARM.ActiveCfg = AppStore|iPhone
		{4801F746-3247-45CE-8CEF-8F4E42E8B0E8}.AppStore|ARM64.ActiveCfg = AppStore|iPhone
		{4801F746-3247-45CE-8CEF-8F4E42E8B0E8}.AppStore|iPhone.ActiveCfg = AppStore|iPhone
		{4801F746-3247-45CE-8CEF-8F4E42E8B0E8}.AppStore|iPhone.Build.0 = AppStore|iPhone
		{4801F746-3247-45CE-8CEF-8F4E42E8B0E8}.AppStore|iPhoneSimulator.ActiveCfg = AppStore|iPhoneSimulator
		{4801F746-3247-45CE-8CEF-8F4E42E8B0E8}.AppStore|iPhoneSimulator.Build.0 = AppStore|iPhoneSimulator
		{4801F746-3247-45CE-8CEF-8F4E42E8B0E8}.AppStore|x64.ActiveCfg = AppStore|iPhone
		{4801F746-3247-45CE-8CEF-8F4E42E8B0E8}.AppStore|x86.ActiveCfg = AppStore|iPhone
		{4801F746-3247-45CE-8CEF-8F4E42E8B0E8}.Debug|Any CPU.ActiveCfg = Debug|iPhone
		{4801F746-3247-45CE-8CEF-8F4E42E8B0E8}.Debug|ARM.ActiveCfg = Debug|iPhone
		{4801F746-3247-45CE-8CEF-8F4E42E8B0E8}.Debug|ARM64.ActiveCfg = Debug|iPhone
		{4801F746-3247-45CE-8CEF-8F4E42E8B0E8}.Debug|iPhone.ActiveCfg = Debug|iPhone
		{4801F746-3247-45CE-8CEF-8F4E42E8B0E8}.Debug|iPhone.Build.0 = Debug|iPhone
		{4801F746-3247-45CE-8CEF-8F4E42E8B0E8}.Debug|iPhoneSimulator.ActiveCfg = Debug|iPhoneSimulator
		{4801F746-3247-45CE-8CEF-8F4E42E8B0E8}.Debug|iPhoneSimulator.Build.0 = Debug|iPhoneSimulator
		{4801F746-3247-45CE-8CEF-8F4E42E8B0E8}.Debug|x64.ActiveCfg = Debug|iPhone
		{4801F746-3247-45CE-8CEF-8F4E42E8B0E8}.Debug|x86.ActiveCfg = Debug|iPhone
		{4801F746-3247-45CE-8CEF-8F4E42E8B0E8}.Release|Any CPU.ActiveCfg = Release|iPhone
		{4801F746-3247-45CE-8CEF-8F4E42E8B0E8}.Release|ARM.ActiveCfg = Release|iPhone
		{4801F746-3247-45CE-8CEF-8F4E42E8B0E8}.Release|ARM64.ActiveCfg = Release|iPhone
		{4801F746-3247-45CE-8CEF-8F4E42E8B0E8}.Release|iPhone.ActiveCfg = Release|iPhone
		{4801F746-3247-45CE-8CEF-8F4E42E8B0E8}.Release|iPhone.Build.0 = Release|iPhone
		{4801F746-3247-45CE-8CEF-8F4E42E8B0E8}.Release|iPhoneSimulator.ActiveCfg = Release|iPhoneSimulator
		{4801F746-3247-45CE-8CEF-8F4E42E8B0E8}.Release|iPhoneSimulator.Build.0 = Release|iPhoneSimulator
		{4801F746-3247-45CE-8CEF-8F4E42E8B0E8}.Release|x64.ActiveCfg = Release|iPhone
		{4801F746-3247-45CE-8CEF-8F4E42E8B0E8}.Release|x86.ActiveCfg = Release|iPhone
		{0E936EB0-6BF8-43D5-8037-9DC3FECA57A3}.Ad-Hoc|Any CPU.ActiveCfg = Release|x64
		{0E936EB0-6BF8-43D5-8037-9DC3FECA57A3}.Ad-Hoc|Any CPU.Build.0 = Release|x64
		{0E936EB0-6BF8-43D5-8037-9DC3FECA57A3}.Ad-Hoc|Any CPU.Deploy.0 = Release|x64
		{0E936EB0-6BF8-43D5-8037-9DC3FECA57A3}.Ad-Hoc|ARM.ActiveCfg = Release|ARM
		{0E936EB0-6BF8-43D5-8037-9DC3FECA57A3}.Ad-Hoc|ARM.Build.0 = Release|ARM
		{0E936EB0-6BF8-43D5-8037-9DC3FECA57A3}.Ad-Hoc|ARM.Deploy.0 = Release|ARM
		{0E936EB0-6BF8-43D5-8037-9DC3FECA57A3}.Ad-Hoc|ARM64.ActiveCfg = Release|ARM64
		{0E936EB0-6BF8-43D5-8037-9DC3FECA57A3}.Ad-Hoc|ARM64.Build.0 = Release|ARM64
		{0E936EB0-6BF8-43D5-8037-9DC3FECA57A3}.Ad-Hoc|ARM64.Deploy.0 = Release|ARM64
		{0E936EB0-6BF8-43D5-8037-9DC3FECA57A3}.Ad-Hoc|iPhone.ActiveCfg = Release|x64
		{0E936EB0-6BF8-43D5-8037-9DC3FECA57A3}.Ad-Hoc|iPhone.Build.0 = Release|x64
		{0E936EB0-6BF8-43D5-8037-9DC3FECA57A3}.Ad-Hoc|iPhone.Deploy.0 = Release|x64
		{0E936EB0-6BF8-43D5-8037-9DC3FECA57A3}.Ad-Hoc|iPhoneSimulator.ActiveCfg = Release|x64
		{0E936EB0-6BF8-43D5-8037-9DC3FECA57A3}.Ad-Hoc|iPhoneSimulator.Build.0 = Release|x64
		{0E936EB0-6BF8-43D5-8037-9DC3FECA57A3}.Ad-Hoc|iPhoneSimulator.Deploy.0 = Release|x64
		{0E936EB0-6BF8-43D5-8037-9DC3FECA57A3}.Ad-Hoc|x64.ActiveCfg = Release|x64
		{0E936EB0-6BF8-43D5-8037-9DC3FECA57A3}.Ad-Hoc|x64.Build.0 = Release|x64
		{0E936EB0-6BF8-43D5-8037-9DC3FECA57A3}.Ad-Hoc|x64.Deploy.0 = Release|x64
		{0E936EB0-6BF8-43D5-8037-9DC3FECA57A3}.Ad-Hoc|x86.ActiveCfg = Release|x86
		{0E936EB0-6BF8-43D5-8037-9DC3FECA57A3}.Ad-Hoc|x86.Build.0 = Release|x86
		{0E936EB0-6BF8-43D5-8037-9DC3FECA57A3}.Ad-Hoc|x86.Deploy.0 = Release|x86
		{0E936EB0-6BF8-43D5-8037-9DC3FECA57A3}.AppStore|Any CPU.ActiveCfg = Release|x64
		{0E936EB0-6BF8-43D5-8037-9DC3FECA57A3}.AppStore|Any CPU.Build.0 = Release|x64
		{0E936EB0-6BF8-43D5-8037-9DC3FECA57A3}.AppStore|Any CPU.Deploy.0 = Release|x64
		{0E936EB0-6BF8-43D5-8037-9DC3FECA57A3}.AppStore|ARM.ActiveCfg = Release|ARM
		{0E936EB0-6BF8-43D5-8037-9DC3FECA57A3}.AppStore|ARM.Build.0 = Release|ARM
		{0E936EB0-6BF8-43D5-8037-9DC3FECA57A3}.AppStore|ARM.Deploy.0 = Release|ARM
		{0E936EB0-6BF8-43D5-8037-9DC3FECA57A3}.AppStore|ARM64.ActiveCfg = Release|ARM64
		{0E936EB0-6BF8-43D5-8037-9DC3FECA57A3}.AppStore|ARM64.Build.0 = Release|ARM64
		{0E936EB0-6BF8-43D5-8037-9DC3FECA57A3}.AppStore|ARM64.Deploy.0 = Release|ARM64
		{0E936EB0-6BF8-43D5-8037-9DC3FECA57A3}.AppStore|iPhone.ActiveCfg = Release|x64
		{0E936EB0-6BF8-43D5-8037-9DC3FECA57A3}.AppStore|iPhone.Build.0 = Release|x64
		{0E936EB0-6BF8-43D5-8037-9DC3FECA57A3}.AppStore|iPhone.Deploy.0 = Release|x64
		{0E936EB0-6BF8-43D5-8037-9DC3FECA57A3}.AppStore|iPhoneSimulator.ActiveCfg = Release|x64
		{0E936EB0-6BF8-43D5-8037-9DC3FECA57A3}.AppStore|iPhoneSimulator.Build.0 = Release|x64
		{0E936EB0-6BF8-43D5-8037-9DC3FECA57A3}.AppStore|iPhoneSimulator.Deploy.0 = Release|x64
		{0E936EB0-6BF8-43D5-8037-9DC3FECA57A3}.AppStore|x64.ActiveCfg = Release|x64
		{0E936EB0-6BF8-43D5-8037-9DC3FECA57A3}.AppStore|x64.Build.0 = Release|x64
		{0E936EB0-6BF8-43D5-8037-9DC3FECA57A3}.AppStore|x64.Deploy.0 = Release|x64
		{0E936EB0-6BF8-43D5-8037-9DC3FECA57A3}.AppStore|x86.ActiveCfg = Release|x86
		{0E936EB0-6BF8-43D5-8037-9DC3FECA57A3}.AppStore|x86.Build.0 = Release|x86
		{0E936EB0-6BF8-43D5-8037-9DC3FECA57A3}.AppStore|x86.Deploy.0 = Release|x86
		{0E936EB0-6BF8-43D5-8037-9DC3FECA57A3}.Debug|Any CPU.ActiveCfg = Debug|x86
		{0E936EB0-6BF8-43D5-8037-9DC3FECA57A3}.Debug|ARM.ActiveCfg = Debug|ARM
		{0E936EB0-6BF8-43D5-8037-9DC3FECA57A3}.Debug|ARM.Build.0 = Debug|ARM
		{0E936EB0-6BF8-43D5-8037-9DC3FECA57A3}.Debug|ARM.Deploy.0 = Debug|ARM
		{0E936EB0-6BF8-43D5-8037-9DC3FECA57A3}.Debug|ARM64.ActiveCfg = Debug|ARM64
		{0E936EB0-6BF8-43D5-8037-9DC3FECA57A3}.Debug|ARM64.Build.0 = Debug|ARM64
		{0E936EB0-6BF8-43D5-8037-9DC3FECA57A3}.Debug|ARM64.Deploy.0 = Debug|ARM64
		{0E936EB0-6BF8-43D5-8037-9DC3FECA57A3}.Debug|iPhone.ActiveCfg = Debug|x86
		{0E936EB0-6BF8-43D5-8037-9DC3FECA57A3}.Debug|iPhoneSimulator.ActiveCfg = Debug|x86
		{0E936EB0-6BF8-43D5-8037-9DC3FECA57A3}.Debug|x64.ActiveCfg = Debug|x64
		{0E936EB0-6BF8-43D5-8037-9DC3FECA57A3}.Debug|x64.Build.0 = Debug|x64
		{0E936EB0-6BF8-43D5-8037-9DC3FECA57A3}.Debug|x64.Deploy.0 = Debug|x64
		{0E936EB0-6BF8-43D5-8037-9DC3FECA57A3}.Debug|x86.ActiveCfg = Debug|x86
		{0E936EB0-6BF8-43D5-8037-9DC3FECA57A3}.Debug|x86.Build.0 = Debug|x86
		{0E936EB0-6BF8-43D5-8037-9DC3FECA57A3}.Debug|x86.Deploy.0 = Debug|x86
		{0E936EB0-6BF8-43D5-8037-9DC3FECA57A3}.Release|Any CPU.ActiveCfg = Release|x86
		{0E936EB0-6BF8-43D5-8037-9DC3FECA57A3}.Release|ARM.ActiveCfg = Release|ARM
		{0E936EB0-6BF8-43D5-8037-9DC3FECA57A3}.Release|ARM.Build.0 = Release|ARM
		{0E936EB0-6BF8-43D5-8037-9DC3FECA57A3}.Release|ARM.Deploy.0 = Release|ARM
		{0E936EB0-6BF8-43D5-8037-9DC3FECA57A3}.Release|ARM64.ActiveCfg = Release|ARM64
		{0E936EB0-6BF8-43D5-8037-9DC3FECA57A3}.Release|ARM64.Build.0 = Release|ARM64
		{0E936EB0-6BF8-43D5-8037-9DC3FECA57A3}.Release|ARM64.Deploy.0 = Release|ARM64
		{0E936EB0-6BF8-43D5-8037-9DC3FECA57A3}.Release|iPhone.ActiveCfg = Release|x86
		{0E936EB0-6BF8-43D5-8037-9DC3FECA57A3}.Release|iPhoneSimulator.ActiveCfg = Release|x86
		{0E936EB0-6BF8-43D5-8037-9DC3FECA57A3}.Release|x64.ActiveCfg = Release|x64
		{0E936EB0-6BF8-43D5-8037-9DC3FECA57A3}.Release|x64.Build.0 = Release|x64
		{0E936EB0-6BF8-43D5-8037-9DC3FECA57A3}.Release|x64.Deploy.0 = Release|x64
		{0E936EB0-6BF8-43D5-8037-9DC3FECA57A3}.Release|x86.ActiveCfg = Release|x86
		{0E936EB0-6BF8-43D5-8037-9DC3FECA57A3}.Release|x86.Build.0 = Release|x86
		{0E936EB0-6BF8-43D5-8037-9DC3FECA57A3}.Release|x86.Deploy.0 = Release|x86
		{6059697B-BAF2-4F7C-969A-C4917890B198}.Ad-Hoc|Any CPU.ActiveCfg = Debug|Any CPU
		{6059697B-BAF2-4F7C-969A-C4917890B198}.Ad-Hoc|Any CPU.Build.0 = Debug|Any CPU
		{6059697B-BAF2-4F7C-969A-C4917890B198}.Ad-Hoc|ARM.ActiveCfg = Debug|Any CPU
		{6059697B-BAF2-4F7C-969A-C4917890B198}.Ad-Hoc|ARM.Build.0 = Debug|Any CPU
		{6059697B-BAF2-4F7C-969A-C4917890B198}.Ad-Hoc|ARM64.ActiveCfg = Debug|Any CPU
		{6059697B-BAF2-4F7C-969A-C4917890B198}.Ad-Hoc|ARM64.Build.0 = Debug|Any CPU
		{6059697B-BAF2-4F7C-969A-C4917890B198}.Ad-Hoc|iPhone.ActiveCfg = Debug|Any CPU
		{6059697B-BAF2-4F7C-969A-C4917890B198}.Ad-Hoc|iPhone.Build.0 = Debug|Any CPU
		{6059697B-BAF2-4F7C-969A-C4917890B198}.Ad-Hoc|iPhoneSimulator.ActiveCfg = Debug|Any CPU
		{6059697B-BAF2-4F7C-969A-C4917890B198}.Ad-Hoc|iPhoneSimulator.Build.0 = Debug|Any CPU
		{6059697B-BAF2-4F7C-969A-C4917890B198}.Ad-Hoc|x64.ActiveCfg = Debug|Any CPU
		{6059697B-BAF2-4F7C-969A-C4917890B198}.Ad-Hoc|x64.Build.0 = Debug|Any CPU
		{6059697B-BAF2-4F7C-969A-C4917890B198}.Ad-Hoc|x86.ActiveCfg = Debug|Any CPU
		{6059697B-BAF2-4F7C-969A-C4917890B198}.Ad-Hoc|x86.Build.0 = Debug|Any CPU
		{6059697B-BAF2-4F7C-969A-C4917890B198}.AppStore|Any CPU.ActiveCfg = Debug|Any CPU
		{6059697B-BAF2-4F7C-969A-C4917890B198}.AppStore|Any CPU.Build.0 = Debug|Any CPU
		{6059697B-BAF2-4F7C-969A-C4917890B198}.AppStore|ARM.ActiveCfg = Debug|Any CPU
		{6059697B-BAF2-4F7C-969A-C4917890B198}.AppStore|ARM.Build.0 = Debug|Any CPU
		{6059697B-BAF2-4F7C-969A-C4917890B198}.AppStore|ARM64.ActiveCfg = Debug|Any CPU
		{6059697B-BAF2-4F7C-969A-C4917890B198}.AppStore|ARM64.Build.0 = Debug|Any CPU
		{6059697B-BAF2-4F7C-969A-C4917890B198}.AppStore|iPhone.ActiveCfg = Debug|Any CPU
		{6059697B-BAF2-4F7C-969A-C4917890B198}.AppStore|iPhone.Build.0 = Debug|Any CPU
		{6059697B-BAF2-4F7C-969A-C4917890B198}.AppStore|iPhoneSimulator.ActiveCfg = Debug|Any CPU
		{6059697B-BAF2-4F7C-969A-C4917890B198}.AppStore|iPhoneSimulator.Build.0 = Debug|Any CPU
		{6059697B-BAF2-4F7C-969A-C4917890B198}.AppStore|x64.ActiveCfg = Debug|Any CPU
		{6059697B-BAF2-4F7C-969A-C4917890B198}.AppStore|x64.Build.0 = Debug|Any CPU
		{6059697B-BAF2-4F7C-969A-C4917890B198}.AppStore|x86.ActiveCfg = Debug|Any CPU
		{6059697B-BAF2-4F7C-969A-C4917890B198}.AppStore|x86.Build.0 = Debug|Any CPU
		{6059697B-BAF2-4F7C-969A-C4917890B198}.Debug|Any CPU.ActiveCfg = Debug|Any CPU
		{6059697B-BAF2-4F7C-969A-C4917890B198}.Debug|Any CPU.Build.0 = Debug|Any CPU
		{6059697B-BAF2-4F7C-969A-C4917890B198}.Debug|ARM.ActiveCfg = Debug|Any CPU
		{6059697B-BAF2-4F7C-969A-C4917890B198}.Debug|ARM.Build.0 = Debug|Any CPU
		{6059697B-BAF2-4F7C-969A-C4917890B198}.Debug|ARM64.ActiveCfg = Debug|Any CPU
		{6059697B-BAF2-4F7C-969A-C4917890B198}.Debug|ARM64.Build.0 = Debug|Any CPU
		{6059697B-BAF2-4F7C-969A-C4917890B198}.Debug|iPhone.ActiveCfg = Debug|Any CPU
		{6059697B-BAF2-4F7C-969A-C4917890B198}.Debug|iPhone.Build.0 = Debug|Any CPU
		{6059697B-BAF2-4F7C-969A-C4917890B198}.Debug|iPhoneSimulator.ActiveCfg = Debug|Any CPU
		{6059697B-BAF2-4F7C-969A-C4917890B198}.Debug|iPhoneSimulator.Build.0 = Debug|Any CPU
		{6059697B-BAF2-4F7C-969A-C4917890B198}.Debug|x64.ActiveCfg = Debug|Any CPU
		{6059697B-BAF2-4F7C-969A-C4917890B198}.Debug|x64.Build.0 = Debug|Any CPU
		{6059697B-BAF2-4F7C-969A-C4917890B198}.Debug|x86.ActiveCfg = Debug|Any CPU
		{6059697B-BAF2-4F7C-969A-C4917890B198}.Debug|x86.Build.0 = Debug|Any CPU
		{6059697B-BAF2-4F7C-969A-C4917890B198}.Release|Any CPU.ActiveCfg = Release|Any CPU
		{6059697B-BAF2-4F7C-969A-C4917890B198}.Release|Any CPU.Build.0 = Release|Any CPU
		{6059697B-BAF2-4F7C-969A-C4917890B198}.Release|ARM.ActiveCfg = Release|Any CPU
		{6059697B-BAF2-4F7C-969A-C4917890B198}.Release|ARM.Build.0 = Release|Any CPU
		{6059697B-BAF2-4F7C-969A-C4917890B198}.Release|ARM64.ActiveCfg = Release|Any CPU
		{6059697B-BAF2-4F7C-969A-C4917890B198}.Release|ARM64.Build.0 = Release|Any CPU
		{6059697B-BAF2-4F7C-969A-C4917890B198}.Release|iPhone.ActiveCfg = Release|Any CPU
		{6059697B-BAF2-4F7C-969A-C4917890B198}.Release|iPhone.Build.0 = Release|Any CPU
		{6059697B-BAF2-4F7C-969A-C4917890B198}.Release|iPhoneSimulator.ActiveCfg = Release|Any CPU
		{6059697B-BAF2-4F7C-969A-C4917890B198}.Release|iPhoneSimulator.Build.0 = Release|Any CPU
		{6059697B-BAF2-4F7C-969A-C4917890B198}.Release|x64.ActiveCfg = Release|Any CPU
		{6059697B-BAF2-4F7C-969A-C4917890B198}.Release|x64.Build.0 = Release|Any CPU
		{6059697B-BAF2-4F7C-969A-C4917890B198}.Release|x86.ActiveCfg = Release|Any CPU
		{6059697B-BAF2-4F7C-969A-C4917890B198}.Release|x86.Build.0 = Release|Any CPU
	EndGlobalSection
	GlobalSection(SolutionProperties) = preSolution
		HideSolutionNode = FALSE
	EndGlobalSection
	GlobalSection(ExtensibilityGlobals) = postSolution
		SolutionGuid = {286D2C62-63D2-4F9D-8A84-738A36031597}
	EndGlobalSection
EndGlobal
