
Microsoft Visual Studio Solution File, Format Version 12.00
# Visual Studio Version 16
VisualStudioVersion = 16.0.29728.190
MinimumVisualStudioVersion = 10.0.40219.1
Project("{D954291E-2A0B-460D-934E-DC6B0785DB48}") = "CommandBarSample.Shared", "CommandBarSample.Shared\CommandBarSample.Shared.shproj", "{6279C845-92F8-4333-AB99-3D213163593C}"
EndProject
Project("{FAE04EC0-301F-11D3-BF4B-00C04F79EFBC}") = "CommandBarSample.Droid", "CommandBarSample.Droid\CommandBarSample.Droid.csproj", "{CFF1E81F-8936-487F-AC37-D5944D061707}"
EndProject
Project("{FAE04EC0-301F-11D3-BF4B-00C04F79EFBC}") = "CommandBarSample.iOS", "CommandBarSample.iOS\CommandBarSample.iOS.csproj", "{626DEF29-F43B-4421-9144-AF27F7E288DD}"
EndProject
Project("{FAE04EC0-301F-11D3-BF4B-00C04F79EFBC}") = "CommandBarSample.UWP", "CommandBarSample.UWP\CommandBarSample.UWP.csproj", "{3E60D347-9F62-42A0-91BD-524A384A4228}"
EndProject
Project("{FAE04EC0-301F-11D3-BF4B-00C04F79EFBC}") = "CommandBarSample.Wasm", "CommandBarSample.Wasm\CommandBarSample.Wasm.csproj", "{325143BD-DFC4-42FC-B425-0BE3D5B9B564}"
EndProject
Global
	GlobalSection(SharedMSBuildProjectFiles) = preSolution
		CommandBarSample.Shared\CommandBarSample.Shared.projitems*{3e60d347-9f62-42a0-91bd-524a384a4228}*SharedItemsImports = 4
		CommandBarSample.Shared\CommandBarSample.Shared.projitems*{626def29-f43b-4421-9144-af27f7e288dd}*SharedItemsImports = 4
		CommandBarSample.Shared\CommandBarSample.Shared.projitems*{6279c845-92f8-4333-ab99-3d213163593c}*SharedItemsImports = 13
		CommandBarSample.Shared\CommandBarSample.Shared.projitems*{cff1e81f-8936-487f-ac37-d5944d061707}*SharedItemsImports = 4
	EndGlobalSection
	GlobalSection(SolutionConfigurationPlatforms) = preSolution
		Ad-Hoc|Any CPU = Ad-Hoc|Any CPU
		Ad-Hoc|ARM = Ad-Hoc|ARM
		Ad-Hoc|iPhone = Ad-Hoc|iPhone
		Ad-Hoc|iPhoneSimulator = Ad-Hoc|iPhoneSimulator
		Ad-Hoc|x64 = Ad-Hoc|x64
		Ad-Hoc|x86 = Ad-Hoc|x86
		AppStore|Any CPU = AppStore|Any CPU
		AppStore|ARM = AppStore|ARM
		AppStore|iPhone = AppStore|iPhone
		AppStore|iPhoneSimulator = AppStore|iPhoneSimulator
		AppStore|x64 = AppStore|x64
		AppStore|x86 = AppStore|x86
		Debug|Any CPU = Debug|Any CPU
		Debug|ARM = Debug|ARM
		Debug|iPhone = Debug|iPhone
		Debug|iPhoneSimulator = Debug|iPhoneSimulator
		Debug|x64 = Debug|x64
		Debug|x86 = Debug|x86
		Release|Any CPU = Release|Any CPU
		Release|ARM = Release|ARM
		Release|iPhone = Release|iPhone
		Release|iPhoneSimulator = Release|iPhoneSimulator
		Release|x64 = Release|x64
		Release|x86 = Release|x86
	EndGlobalSection
	GlobalSection(ProjectConfigurationPlatforms) = postSolution
		{CFF1E81F-8936-487F-AC37-D5944D061707}.Ad-Hoc|Any CPU.ActiveCfg = Release|Any CPU
		{CFF1E81F-8936-487F-AC37-D5944D061707}.Ad-Hoc|Any CPU.Build.0 = Release|Any CPU
		{CFF1E81F-8936-487F-AC37-D5944D061707}.Ad-Hoc|Any CPU.Deploy.0 = Release|Any CPU
		{CFF1E81F-8936-487F-AC37-D5944D061707}.Ad-Hoc|ARM.ActiveCfg = Release|Any CPU
		{CFF1E81F-8936-487F-AC37-D5944D061707}.Ad-Hoc|ARM.Build.0 = Release|Any CPU
		{CFF1E81F-8936-487F-AC37-D5944D061707}.Ad-Hoc|ARM.Deploy.0 = Release|Any CPU
		{CFF1E81F-8936-487F-AC37-D5944D061707}.Ad-Hoc|iPhone.ActiveCfg = Release|Any CPU
		{CFF1E81F-8936-487F-AC37-D5944D061707}.Ad-Hoc|iPhone.Build.0 = Release|Any CPU
		{CFF1E81F-8936-487F-AC37-D5944D061707}.Ad-Hoc|iPhone.Deploy.0 = Release|Any CPU
		{CFF1E81F-8936-487F-AC37-D5944D061707}.Ad-Hoc|iPhoneSimulator.ActiveCfg = Release|Any CPU
		{CFF1E81F-8936-487F-AC37-D5944D061707}.Ad-Hoc|iPhoneSimulator.Build.0 = Release|Any CPU
		{CFF1E81F-8936-487F-AC37-D5944D061707}.Ad-Hoc|iPhoneSimulator.Deploy.0 = Release|Any CPU
		{CFF1E81F-8936-487F-AC37-D5944D061707}.Ad-Hoc|x64.ActiveCfg = Release|Any CPU
		{CFF1E81F-8936-487F-AC37-D5944D061707}.Ad-Hoc|x64.Build.0 = Release|Any CPU
		{CFF1E81F-8936-487F-AC37-D5944D061707}.Ad-Hoc|x64.Deploy.0 = Release|Any CPU
		{CFF1E81F-8936-487F-AC37-D5944D061707}.Ad-Hoc|x86.ActiveCfg = Release|Any CPU
		{CFF1E81F-8936-487F-AC37-D5944D061707}.Ad-Hoc|x86.Build.0 = Release|Any CPU
		{CFF1E81F-8936-487F-AC37-D5944D061707}.Ad-Hoc|x86.Deploy.0 = Release|Any CPU
		{CFF1E81F-8936-487F-AC37-D5944D061707}.AppStore|Any CPU.ActiveCfg = Release|Any CPU
		{CFF1E81F-8936-487F-AC37-D5944D061707}.AppStore|Any CPU.Build.0 = Release|Any CPU
		{CFF1E81F-8936-487F-AC37-D5944D061707}.AppStore|Any CPU.Deploy.0 = Release|Any CPU
		{CFF1E81F-8936-487F-AC37-D5944D061707}.AppStore|ARM.ActiveCfg = Release|Any CPU
		{CFF1E81F-8936-487F-AC37-D5944D061707}.AppStore|ARM.Build.0 = Release|Any CPU
		{CFF1E81F-8936-487F-AC37-D5944D061707}.AppStore|ARM.Deploy.0 = Release|Any CPU
		{CFF1E81F-8936-487F-AC37-D5944D061707}.AppStore|iPhone.ActiveCfg = Release|Any CPU
		{CFF1E81F-8936-487F-AC37-D5944D061707}.AppStore|iPhone.Build.0 = Release|Any CPU
		{CFF1E81F-8936-487F-AC37-D5944D061707}.AppStore|iPhone.Deploy.0 = Release|Any CPU
		{CFF1E81F-8936-487F-AC37-D5944D061707}.AppStore|iPhoneSimulator.ActiveCfg = Release|Any CPU
		{CFF1E81F-8936-487F-AC37-D5944D061707}.AppStore|iPhoneSimulator.Build.0 = Release|Any CPU
		{CFF1E81F-8936-487F-AC37-D5944D061707}.AppStore|iPhoneSimulator.Deploy.0 = Release|Any CPU
		{CFF1E81F-8936-487F-AC37-D5944D061707}.AppStore|x64.ActiveCfg = Release|Any CPU
		{CFF1E81F-8936-487F-AC37-D5944D061707}.AppStore|x64.Build.0 = Release|Any CPU
		{CFF1E81F-8936-487F-AC37-D5944D061707}.AppStore|x64.Deploy.0 = Release|Any CPU
		{CFF1E81F-8936-487F-AC37-D5944D061707}.AppStore|x86.ActiveCfg = Release|Any CPU
		{CFF1E81F-8936-487F-AC37-D5944D061707}.AppStore|x86.Build.0 = Release|Any CPU
		{CFF1E81F-8936-487F-AC37-D5944D061707}.AppStore|x86.Deploy.0 = Release|Any CPU
		{CFF1E81F-8936-487F-AC37-D5944D061707}.Debug|Any CPU.ActiveCfg = Debug|Any CPU
		{CFF1E81F-8936-487F-AC37-D5944D061707}.Debug|Any CPU.Build.0 = Debug|Any CPU
		{CFF1E81F-8936-487F-AC37-D5944D061707}.Debug|Any CPU.Deploy.0 = Debug|Any CPU
		{CFF1E81F-8936-487F-AC37-D5944D061707}.Debug|ARM.ActiveCfg = Debug|Any CPU
		{CFF1E81F-8936-487F-AC37-D5944D061707}.Debug|ARM.Build.0 = Debug|Any CPU
		{CFF1E81F-8936-487F-AC37-D5944D061707}.Debug|ARM.Deploy.0 = Debug|Any CPU
		{CFF1E81F-8936-487F-AC37-D5944D061707}.Debug|iPhone.ActiveCfg = Debug|Any CPU
		{CFF1E81F-8936-487F-AC37-D5944D061707}.Debug|iPhone.Build.0 = Debug|Any CPU
		{CFF1E81F-8936-487F-AC37-D5944D061707}.Debug|iPhone.Deploy.0 = Debug|Any CPU
		{CFF1E81F-8936-487F-AC37-D5944D061707}.Debug|iPhoneSimulator.ActiveCfg = Debug|Any CPU
		{CFF1E81F-8936-487F-AC37-D5944D061707}.Debug|iPhoneSimulator.Build.0 = Debug|Any CPU
		{CFF1E81F-8936-487F-AC37-D5944D061707}.Debug|iPhoneSimulator.Deploy.0 = Debug|Any CPU
		{CFF1E81F-8936-487F-AC37-D5944D061707}.Debug|x64.ActiveCfg = Debug|Any CPU
		{CFF1E81F-8936-487F-AC37-D5944D061707}.Debug|x64.Build.0 = Debug|Any CPU
		{CFF1E81F-8936-487F-AC37-D5944D061707}.Debug|x64.Deploy.0 = Debug|Any CPU
		{CFF1E81F-8936-487F-AC37-D5944D061707}.Debug|x86.ActiveCfg = Debug|Any CPU
		{CFF1E81F-8936-487F-AC37-D5944D061707}.Debug|x86.Build.0 = Debug|Any CPU
		{CFF1E81F-8936-487F-AC37-D5944D061707}.Debug|x86.Deploy.0 = Debug|Any CPU
		{CFF1E81F-8936-487F-AC37-D5944D061707}.Release|Any CPU.ActiveCfg = Release|Any CPU
		{CFF1E81F-8936-487F-AC37-D5944D061707}.Release|Any CPU.Build.0 = Release|Any CPU
		{CFF1E81F-8936-487F-AC37-D5944D061707}.Release|Any CPU.Deploy.0 = Release|Any CPU
		{CFF1E81F-8936-487F-AC37-D5944D061707}.Release|ARM.ActiveCfg = Release|Any CPU
		{CFF1E81F-8936-487F-AC37-D5944D061707}.Release|ARM.Build.0 = Release|Any CPU
		{CFF1E81F-8936-487F-AC37-D5944D061707}.Release|ARM.Deploy.0 = Release|Any CPU
		{CFF1E81F-8936-487F-AC37-D5944D061707}.Release|iPhone.ActiveCfg = Release|Any CPU
		{CFF1E81F-8936-487F-AC37-D5944D061707}.Release|iPhone.Build.0 = Release|Any CPU
		{CFF1E81F-8936-487F-AC37-D5944D061707}.Release|iPhone.Deploy.0 = Release|Any CPU
		{CFF1E81F-8936-487F-AC37-D5944D061707}.Release|iPhoneSimulator.ActiveCfg = Release|Any CPU
		{CFF1E81F-8936-487F-AC37-D5944D061707}.Release|iPhoneSimulator.Build.0 = Release|Any CPU
		{CFF1E81F-8936-487F-AC37-D5944D061707}.Release|iPhoneSimulator.Deploy.0 = Release|Any CPU
		{CFF1E81F-8936-487F-AC37-D5944D061707}.Release|x64.ActiveCfg = Release|Any CPU
		{CFF1E81F-8936-487F-AC37-D5944D061707}.Release|x64.Build.0 = Release|Any CPU
		{CFF1E81F-8936-487F-AC37-D5944D061707}.Release|x64.Deploy.0 = Release|Any CPU
		{CFF1E81F-8936-487F-AC37-D5944D061707}.Release|x86.ActiveCfg = Release|Any CPU
		{CFF1E81F-8936-487F-AC37-D5944D061707}.Release|x86.Build.0 = Release|Any CPU
		{CFF1E81F-8936-487F-AC37-D5944D061707}.Release|x86.Deploy.0 = Release|Any CPU
		{626DEF29-F43B-4421-9144-AF27F7E288DD}.Ad-Hoc|Any CPU.ActiveCfg = Ad-Hoc|iPhone
		{626DEF29-F43B-4421-9144-AF27F7E288DD}.Ad-Hoc|ARM.ActiveCfg = Ad-Hoc|iPhone
		{626DEF29-F43B-4421-9144-AF27F7E288DD}.Ad-Hoc|iPhone.ActiveCfg = Ad-Hoc|iPhone
		{626DEF29-F43B-4421-9144-AF27F7E288DD}.Ad-Hoc|iPhone.Build.0 = Ad-Hoc|iPhone
		{626DEF29-F43B-4421-9144-AF27F7E288DD}.Ad-Hoc|iPhoneSimulator.ActiveCfg = Ad-Hoc|iPhoneSimulator
		{626DEF29-F43B-4421-9144-AF27F7E288DD}.Ad-Hoc|iPhoneSimulator.Build.0 = Ad-Hoc|iPhoneSimulator
		{626DEF29-F43B-4421-9144-AF27F7E288DD}.Ad-Hoc|x64.ActiveCfg = Ad-Hoc|iPhone
		{626DEF29-F43B-4421-9144-AF27F7E288DD}.Ad-Hoc|x86.ActiveCfg = Ad-Hoc|iPhone
		{626DEF29-F43B-4421-9144-AF27F7E288DD}.AppStore|Any CPU.ActiveCfg = AppStore|iPhone
		{626DEF29-F43B-4421-9144-AF27F7E288DD}.AppStore|ARM.ActiveCfg = AppStore|iPhone
		{626DEF29-F43B-4421-9144-AF27F7E288DD}.AppStore|iPhone.ActiveCfg = AppStore|iPhone
		{626DEF29-F43B-4421-9144-AF27F7E288DD}.AppStore|iPhone.Build.0 = AppStore|iPhone
		{626DEF29-F43B-4421-9144-AF27F7E288DD}.AppStore|iPhoneSimulator.ActiveCfg = AppStore|iPhoneSimulator
		{626DEF29-F43B-4421-9144-AF27F7E288DD}.AppStore|iPhoneSimulator.Build.0 = AppStore|iPhoneSimulator
		{626DEF29-F43B-4421-9144-AF27F7E288DD}.AppStore|x64.ActiveCfg = AppStore|iPhone
		{626DEF29-F43B-4421-9144-AF27F7E288DD}.AppStore|x86.ActiveCfg = AppStore|iPhone
		{626DEF29-F43B-4421-9144-AF27F7E288DD}.Debug|Any CPU.ActiveCfg = Debug|iPhone
		{626DEF29-F43B-4421-9144-AF27F7E288DD}.Debug|ARM.ActiveCfg = Debug|iPhone
		{626DEF29-F43B-4421-9144-AF27F7E288DD}.Debug|iPhone.ActiveCfg = Debug|iPhone
		{626DEF29-F43B-4421-9144-AF27F7E288DD}.Debug|iPhone.Build.0 = Debug|iPhone
		{626DEF29-F43B-4421-9144-AF27F7E288DD}.Debug|iPhoneSimulator.ActiveCfg = Debug|iPhoneSimulator
		{626DEF29-F43B-4421-9144-AF27F7E288DD}.Debug|iPhoneSimulator.Build.0 = Debug|iPhoneSimulator
		{626DEF29-F43B-4421-9144-AF27F7E288DD}.Debug|x64.ActiveCfg = Debug|iPhone
		{626DEF29-F43B-4421-9144-AF27F7E288DD}.Debug|x86.ActiveCfg = Debug|iPhone
		{626DEF29-F43B-4421-9144-AF27F7E288DD}.Release|Any CPU.ActiveCfg = Release|iPhone
		{626DEF29-F43B-4421-9144-AF27F7E288DD}.Release|ARM.ActiveCfg = Release|iPhone
		{626DEF29-F43B-4421-9144-AF27F7E288DD}.Release|iPhone.ActiveCfg = Release|iPhone
		{626DEF29-F43B-4421-9144-AF27F7E288DD}.Release|iPhone.Build.0 = Release|iPhone
		{626DEF29-F43B-4421-9144-AF27F7E288DD}.Release|iPhoneSimulator.ActiveCfg = Release|iPhoneSimulator
		{626DEF29-F43B-4421-9144-AF27F7E288DD}.Release|iPhoneSimulator.Build.0 = Release|iPhoneSimulator
		{626DEF29-F43B-4421-9144-AF27F7E288DD}.Release|x64.ActiveCfg = Release|iPhone
		{626DEF29-F43B-4421-9144-AF27F7E288DD}.Release|x86.ActiveCfg = Release|iPhone
		{3E60D347-9F62-42A0-91BD-524A384A4228}.Ad-Hoc|Any CPU.ActiveCfg = Release|x64
		{3E60D347-9F62-42A0-91BD-524A384A4228}.Ad-Hoc|Any CPU.Build.0 = Release|x64
		{3E60D347-9F62-42A0-91BD-524A384A4228}.Ad-Hoc|Any CPU.Deploy.0 = Release|x64
		{3E60D347-9F62-42A0-91BD-524A384A4228}.Ad-Hoc|ARM.ActiveCfg = Release|ARM
		{3E60D347-9F62-42A0-91BD-524A384A4228}.Ad-Hoc|ARM.Build.0 = Release|ARM
		{3E60D347-9F62-42A0-91BD-524A384A4228}.Ad-Hoc|ARM.Deploy.0 = Release|ARM
		{3E60D347-9F62-42A0-91BD-524A384A4228}.Ad-Hoc|iPhone.ActiveCfg = Release|x64
		{3E60D347-9F62-42A0-91BD-524A384A4228}.Ad-Hoc|iPhone.Build.0 = Release|x64
		{3E60D347-9F62-42A0-91BD-524A384A4228}.Ad-Hoc|iPhone.Deploy.0 = Release|x64
		{3E60D347-9F62-42A0-91BD-524A384A4228}.Ad-Hoc|iPhoneSimulator.ActiveCfg = Release|x64
		{3E60D347-9F62-42A0-91BD-524A384A4228}.Ad-Hoc|iPhoneSimulator.Build.0 = Release|x64
		{3E60D347-9F62-42A0-91BD-524A384A4228}.Ad-Hoc|iPhoneSimulator.Deploy.0 = Release|x64
		{3E60D347-9F62-42A0-91BD-524A384A4228}.Ad-Hoc|x64.ActiveCfg = Release|x64
		{3E60D347-9F62-42A0-91BD-524A384A4228}.Ad-Hoc|x64.Build.0 = Release|x64
		{3E60D347-9F62-42A0-91BD-524A384A4228}.Ad-Hoc|x64.Deploy.0 = Release|x64
		{3E60D347-9F62-42A0-91BD-524A384A4228}.Ad-Hoc|x86.ActiveCfg = Release|x86
		{3E60D347-9F62-42A0-91BD-524A384A4228}.Ad-Hoc|x86.Build.0 = Release|x86
		{3E60D347-9F62-42A0-91BD-524A384A4228}.Ad-Hoc|x86.Deploy.0 = Release|x86
		{3E60D347-9F62-42A0-91BD-524A384A4228}.AppStore|Any CPU.ActiveCfg = Release|x64
		{3E60D347-9F62-42A0-91BD-524A384A4228}.AppStore|Any CPU.Build.0 = Release|x64
		{3E60D347-9F62-42A0-91BD-524A384A4228}.AppStore|Any CPU.Deploy.0 = Release|x64
		{3E60D347-9F62-42A0-91BD-524A384A4228}.AppStore|ARM.ActiveCfg = Release|ARM
		{3E60D347-9F62-42A0-91BD-524A384A4228}.AppStore|ARM.Build.0 = Release|ARM
		{3E60D347-9F62-42A0-91BD-524A384A4228}.AppStore|ARM.Deploy.0 = Release|ARM
		{3E60D347-9F62-42A0-91BD-524A384A4228}.AppStore|iPhone.ActiveCfg = Release|x64
		{3E60D347-9F62-42A0-91BD-524A384A4228}.AppStore|iPhone.Build.0 = Release|x64
		{3E60D347-9F62-42A0-91BD-524A384A4228}.AppStore|iPhone.Deploy.0 = Release|x64
		{3E60D347-9F62-42A0-91BD-524A384A4228}.AppStore|iPhoneSimulator.ActiveCfg = Release|x64
		{3E60D347-9F62-42A0-91BD-524A384A4228}.AppStore|iPhoneSimulator.Build.0 = Release|x64
		{3E60D347-9F62-42A0-91BD-524A384A4228}.AppStore|iPhoneSimulator.Deploy.0 = Release|x64
		{3E60D347-9F62-42A0-91BD-524A384A4228}.AppStore|x64.ActiveCfg = Release|x64
		{3E60D347-9F62-42A0-91BD-524A384A4228}.AppStore|x64.Build.0 = Release|x64
		{3E60D347-9F62-42A0-91BD-524A384A4228}.AppStore|x64.Deploy.0 = Release|x64
		{3E60D347-9F62-42A0-91BD-524A384A4228}.AppStore|x86.ActiveCfg = Release|x86
		{3E60D347-9F62-42A0-91BD-524A384A4228}.AppStore|x86.Build.0 = Release|x86
		{3E60D347-9F62-42A0-91BD-524A384A4228}.AppStore|x86.Deploy.0 = Release|x86
		{3E60D347-9F62-42A0-91BD-524A384A4228}.Debug|Any CPU.ActiveCfg = Debug|x86
		{3E60D347-9F62-42A0-91BD-524A384A4228}.Debug|ARM.ActiveCfg = Debug|ARM
		{3E60D347-9F62-42A0-91BD-524A384A4228}.Debug|ARM.Build.0 = Debug|ARM
		{3E60D347-9F62-42A0-91BD-524A384A4228}.Debug|ARM.Deploy.0 = Debug|ARM
		{3E60D347-9F62-42A0-91BD-524A384A4228}.Debug|iPhone.ActiveCfg = Debug|x86
		{3E60D347-9F62-42A0-91BD-524A384A4228}.Debug|iPhoneSimulator.ActiveCfg = Debug|x86
		{3E60D347-9F62-42A0-91BD-524A384A4228}.Debug|x64.ActiveCfg = Debug|x64
		{3E60D347-9F62-42A0-91BD-524A384A4228}.Debug|x64.Build.0 = Debug|x64
		{3E60D347-9F62-42A0-91BD-524A384A4228}.Debug|x64.Deploy.0 = Debug|x64
		{3E60D347-9F62-42A0-91BD-524A384A4228}.Debug|x86.ActiveCfg = Debug|x86
		{3E60D347-9F62-42A0-91BD-524A384A4228}.Debug|x86.Build.0 = Debug|x86
		{3E60D347-9F62-42A0-91BD-524A384A4228}.Debug|x86.Deploy.0 = Debug|x86
		{3E60D347-9F62-42A0-91BD-524A384A4228}.Release|Any CPU.ActiveCfg = Release|x86
		{3E60D347-9F62-42A0-91BD-524A384A4228}.Release|ARM.ActiveCfg = Release|ARM
		{3E60D347-9F62-42A0-91BD-524A384A4228}.Release|ARM.Build.0 = Release|ARM
		{3E60D347-9F62-42A0-91BD-524A384A4228}.Release|ARM.Deploy.0 = Release|ARM
		{3E60D347-9F62-42A0-91BD-524A384A4228}.Release|iPhone.ActiveCfg = Release|x86
		{3E60D347-9F62-42A0-91BD-524A384A4228}.Release|iPhoneSimulator.ActiveCfg = Release|x86
		{3E60D347-9F62-42A0-91BD-524A384A4228}.Release|x64.ActiveCfg = Release|x64
		{3E60D347-9F62-42A0-91BD-524A384A4228}.Release|x64.Build.0 = Release|x64
		{3E60D347-9F62-42A0-91BD-524A384A4228}.Release|x64.Deploy.0 = Release|x64
		{3E60D347-9F62-42A0-91BD-524A384A4228}.Release|x86.ActiveCfg = Release|x86
		{3E60D347-9F62-42A0-91BD-524A384A4228}.Release|x86.Build.0 = Release|x86
		{3E60D347-9F62-42A0-91BD-524A384A4228}.Release|x86.Deploy.0 = Release|x86
		{325143BD-DFC4-42FC-B425-0BE3D5B9B564}.Ad-Hoc|Any CPU.ActiveCfg = Debug|Any CPU
		{325143BD-DFC4-42FC-B425-0BE3D5B9B564}.Ad-Hoc|Any CPU.Build.0 = Debug|Any CPU
		{325143BD-DFC4-42FC-B425-0BE3D5B9B564}.Ad-Hoc|ARM.ActiveCfg = Debug|Any CPU
		{325143BD-DFC4-42FC-B425-0BE3D5B9B564}.Ad-Hoc|ARM.Build.0 = Debug|Any CPU
		{325143BD-DFC4-42FC-B425-0BE3D5B9B564}.Ad-Hoc|iPhone.ActiveCfg = Debug|Any CPU
		{325143BD-DFC4-42FC-B425-0BE3D5B9B564}.Ad-Hoc|iPhone.Build.0 = Debug|Any CPU
		{325143BD-DFC4-42FC-B425-0BE3D5B9B564}.Ad-Hoc|iPhoneSimulator.ActiveCfg = Debug|Any CPU
		{325143BD-DFC4-42FC-B425-0BE3D5B9B564}.Ad-Hoc|iPhoneSimulator.Build.0 = Debug|Any CPU
		{325143BD-DFC4-42FC-B425-0BE3D5B9B564}.Ad-Hoc|x64.ActiveCfg = Debug|Any CPU
		{325143BD-DFC4-42FC-B425-0BE3D5B9B564}.Ad-Hoc|x64.Build.0 = Debug|Any CPU
		{325143BD-DFC4-42FC-B425-0BE3D5B9B564}.Ad-Hoc|x86.ActiveCfg = Debug|Any CPU
		{325143BD-DFC4-42FC-B425-0BE3D5B9B564}.Ad-Hoc|x86.Build.0 = Debug|Any CPU
		{325143BD-DFC4-42FC-B425-0BE3D5B9B564}.AppStore|Any CPU.ActiveCfg = Debug|Any CPU
		{325143BD-DFC4-42FC-B425-0BE3D5B9B564}.AppStore|Any CPU.Build.0 = Debug|Any CPU
		{325143BD-DFC4-42FC-B425-0BE3D5B9B564}.AppStore|ARM.ActiveCfg = Debug|Any CPU
		{325143BD-DFC4-42FC-B425-0BE3D5B9B564}.AppStore|ARM.Build.0 = Debug|Any CPU
		{325143BD-DFC4-42FC-B425-0BE3D5B9B564}.AppStore|iPhone.ActiveCfg = Debug|Any CPU
		{325143BD-DFC4-42FC-B425-0BE3D5B9B564}.AppStore|iPhone.Build.0 = Debug|Any CPU
		{325143BD-DFC4-42FC-B425-0BE3D5B9B564}.AppStore|iPhoneSimulator.ActiveCfg = Debug|Any CPU
		{325143BD-DFC4-42FC-B425-0BE3D5B9B564}.AppStore|iPhoneSimulator.Build.0 = Debug|Any CPU
		{325143BD-DFC4-42FC-B425-0BE3D5B9B564}.AppStore|x64.ActiveCfg = Debug|Any CPU
		{325143BD-DFC4-42FC-B425-0BE3D5B9B564}.AppStore|x64.Build.0 = Debug|Any CPU
		{325143BD-DFC4-42FC-B425-0BE3D5B9B564}.AppStore|x86.ActiveCfg = Debug|Any CPU
		{325143BD-DFC4-42FC-B425-0BE3D5B9B564}.AppStore|x86.Build.0 = Debug|Any CPU
		{325143BD-DFC4-42FC-B425-0BE3D5B9B564}.Debug|Any CPU.ActiveCfg = Debug|Any CPU
		{325143BD-DFC4-42FC-B425-0BE3D5B9B564}.Debug|Any CPU.Build.0 = Debug|Any CPU
		{325143BD-DFC4-42FC-B425-0BE3D5B9B564}.Debug|ARM.ActiveCfg = Debug|Any CPU
		{325143BD-DFC4-42FC-B425-0BE3D5B9B564}.Debug|ARM.Build.0 = Debug|Any CPU
		{325143BD-DFC4-42FC-B425-0BE3D5B9B564}.Debug|iPhone.ActiveCfg = Debug|Any CPU
		{325143BD-DFC4-42FC-B425-0BE3D5B9B564}.Debug|iPhone.Build.0 = Debug|Any CPU
		{325143BD-DFC4-42FC-B425-0BE3D5B9B564}.Debug|iPhoneSimulator.ActiveCfg = Debug|Any CPU
		{325143BD-DFC4-42FC-B425-0BE3D5B9B564}.Debug|iPhoneSimulator.Build.0 = Debug|Any CPU
		{325143BD-DFC4-42FC-B425-0BE3D5B9B564}.Debug|x64.ActiveCfg = Debug|Any CPU
		{325143BD-DFC4-42FC-B425-0BE3D5B9B564}.Debug|x64.Build.0 = Debug|Any CPU
		{325143BD-DFC4-42FC-B425-0BE3D5B9B564}.Debug|x86.ActiveCfg = Debug|Any CPU
		{325143BD-DFC4-42FC-B425-0BE3D5B9B564}.Debug|x86.Build.0 = Debug|Any CPU
		{325143BD-DFC4-42FC-B425-0BE3D5B9B564}.Release|Any CPU.ActiveCfg = Release|Any CPU
		{325143BD-DFC4-42FC-B425-0BE3D5B9B564}.Release|Any CPU.Build.0 = Release|Any CPU
		{325143BD-DFC4-42FC-B425-0BE3D5B9B564}.Release|ARM.ActiveCfg = Release|Any CPU
		{325143BD-DFC4-42FC-B425-0BE3D5B9B564}.Release|ARM.Build.0 = Release|Any CPU
		{325143BD-DFC4-42FC-B425-0BE3D5B9B564}.Release|iPhone.ActiveCfg = Release|Any CPU
		{325143BD-DFC4-42FC-B425-0BE3D5B9B564}.Release|iPhone.Build.0 = Release|Any CPU
		{325143BD-DFC4-42FC-B425-0BE3D5B9B564}.Release|iPhoneSimulator.ActiveCfg = Release|Any CPU
		{325143BD-DFC4-42FC-B425-0BE3D5B9B564}.Release|iPhoneSimulator.Build.0 = Release|Any CPU
		{325143BD-DFC4-42FC-B425-0BE3D5B9B564}.Release|x64.ActiveCfg = Release|Any CPU
		{325143BD-DFC4-42FC-B425-0BE3D5B9B564}.Release|x64.Build.0 = Release|Any CPU
		{325143BD-DFC4-42FC-B425-0BE3D5B9B564}.Release|x86.ActiveCfg = Release|Any CPU
		{325143BD-DFC4-42FC-B425-0BE3D5B9B564}.Release|x86.Build.0 = Release|Any CPU
	EndGlobalSection
	GlobalSection(SolutionProperties) = preSolution
		HideSolutionNode = FALSE
	EndGlobalSection
	GlobalSection(ExtensibilityGlobals) = postSolution
		SolutionGuid = {347233E5-6183-4A47-879E-8F3ADF9D3D8E}
	EndGlobalSection
EndGlobal
