
Microsoft Visual Studio Solution File, Format Version 12.00
# Visual Studio Version 16
VisualStudioVersion = 16.0.30413.136
MinimumVisualStudioVersion = 10.0.40219.1
Project("{D954291E-2A0B-460D-934E-DC6B0785DB48}") = "CommandBarSample.Shared", "CommandBarSample.Shared\CommandBarSample.Shared.shproj", "{6279C845-92F8-4333-AB99-3D213163593C}"
EndProject
Project("{FAE04EC0-301F-11D3-BF4B-00C04F79EFBC}") = "CommandBarSample.Droid", "CommandBarSample.Droid\CommandBarSample.Droid.csproj", "{59D7D0DC-91AF-4261-B402-FAF3199A6895}"
EndProject
Project("{FAE04EC0-301F-11D3-BF4B-00C04F79EFBC}") = "CommandBarSample.iOS", "CommandBarSample.iOS\CommandBarSample.iOS.csproj", "{369177D2-E9C8-4B87-AC2E-D843FA6E1A34}"
EndProject
Project("{FAE04EC0-301F-11D3-BF4B-00C04F79EFBC}") = "CommandBarSample.UWP", "CommandBarSample.UWP\CommandBarSample.UWP.csproj", "{3F34B3D1-C69A-43DD-A424-43067CA2F7E3}"
EndProject
Project("{FAE04EC0-301F-11D3-BF4B-00C04F79EFBC}") = "CommandBarSample.Wasm", "CommandBarSample.Wasm\CommandBarSample.Wasm.csproj", "{BFD9F409-94C8-44B7-A3E4-D73CD92A8CAF}"
EndProject
Project("{FAE04EC0-301F-11D3-BF4B-00C04F79EFBC}") = "CommandBarSample.macOS", "CommandBarSample.macOS\CommandBarSample.macOS.csproj", "{B61787B0-9D6D-4201-881D-0B7202C92AAC}"
EndProject
Global
	GlobalSection(SharedMSBuildProjectFiles) = preSolution
		CommandBarSample.Shared\CommandBarSample.Shared.projitems*{369177d2-e9c8-4b87-ac2e-d843fa6e1a34}*SharedItemsImports = 4
		CommandBarSample.Shared\CommandBarSample.Shared.projitems*{3f34b3d1-c69a-43dd-a424-43067ca2f7e3}*SharedItemsImports = 4
		CommandBarSample.Shared\CommandBarSample.Shared.projitems*{59d7d0dc-91af-4261-b402-faf3199a6895}*SharedItemsImports = 4
		CommandBarSample.Shared\CommandBarSample.Shared.projitems*{6279c845-92f8-4333-ab99-3d213163593c}*SharedItemsImports = 13
		CommandBarSample.Shared\CommandBarSample.Shared.projitems*{b61787b0-9d6d-4201-881d-0b7202c92aac}*SharedItemsImports = 4
		CommandBarSample.Shared\CommandBarSample.Shared.projitems*{bfd9f409-94c8-44b7-a3e4-d73cd92a8caf}*SharedItemsImports = 5
	EndGlobalSection
	GlobalSection(SolutionConfigurationPlatforms) = preSolution
		Ad-Hoc|Any CPU = Ad-Hoc|Any CPU
		Ad-Hoc|ARM = Ad-Hoc|ARM
		Ad-Hoc|ARM64 = Ad-Hoc|ARM64
		Ad-Hoc|iPhone = Ad-Hoc|iPhone
		Ad-Hoc|iPhoneSimulator = Ad-Hoc|iPhoneSimulator
		Ad-Hoc|x64 = Ad-Hoc|x64
		Ad-Hoc|x86 = Ad-Hoc|x86
		AppStore|Any CPU = AppStore|Any CPU
		AppStore|ARM = AppStore|ARM
		AppStore|ARM64 = AppStore|ARM64
		AppStore|iPhone = AppStore|iPhone
		AppStore|iPhoneSimulator = AppStore|iPhoneSimulator
		AppStore|x64 = AppStore|x64
		AppStore|x86 = AppStore|x86
		Debug|Any CPU = Debug|Any CPU
		Debug|ARM = Debug|ARM
		Debug|ARM64 = Debug|ARM64
		Debug|iPhone = Debug|iPhone
		Debug|iPhoneSimulator = Debug|iPhoneSimulator
		Debug|x64 = Debug|x64
		Debug|x86 = Debug|x86
		Release|Any CPU = Release|Any CPU
		Release|ARM = Release|ARM
		Release|ARM64 = Release|ARM64
		Release|iPhone = Release|iPhone
		Release|iPhoneSimulator = Release|iPhoneSimulator
		Release|x64 = Release|x64
		Release|x86 = Release|x86
	EndGlobalSection
	GlobalSection(ProjectConfigurationPlatforms) = postSolution
		{59D7D0DC-91AF-4261-B402-FAF3199A6895}.Ad-Hoc|Any CPU.ActiveCfg = Release|Any CPU
		{59D7D0DC-91AF-4261-B402-FAF3199A6895}.Ad-Hoc|Any CPU.Build.0 = Release|Any CPU
		{59D7D0DC-91AF-4261-B402-FAF3199A6895}.Ad-Hoc|Any CPU.Deploy.0 = Release|Any CPU
		{59D7D0DC-91AF-4261-B402-FAF3199A6895}.Ad-Hoc|ARM.ActiveCfg = Release|Any CPU
		{59D7D0DC-91AF-4261-B402-FAF3199A6895}.Ad-Hoc|ARM.Build.0 = Release|Any CPU
		{59D7D0DC-91AF-4261-B402-FAF3199A6895}.Ad-Hoc|ARM.Deploy.0 = Release|Any CPU
		{59D7D0DC-91AF-4261-B402-FAF3199A6895}.Ad-Hoc|ARM64.ActiveCfg = Release|Any CPU
		{59D7D0DC-91AF-4261-B402-FAF3199A6895}.Ad-Hoc|ARM64.Build.0 = Release|Any CPU
		{59D7D0DC-91AF-4261-B402-FAF3199A6895}.Ad-Hoc|ARM64.Deploy.0 = Release|Any CPU
		{59D7D0DC-91AF-4261-B402-FAF3199A6895}.Ad-Hoc|iPhone.ActiveCfg = Release|Any CPU
		{59D7D0DC-91AF-4261-B402-FAF3199A6895}.Ad-Hoc|iPhone.Build.0 = Release|Any CPU
		{59D7D0DC-91AF-4261-B402-FAF3199A6895}.Ad-Hoc|iPhone.Deploy.0 = Release|Any CPU
		{59D7D0DC-91AF-4261-B402-FAF3199A6895}.Ad-Hoc|iPhoneSimulator.ActiveCfg = Release|Any CPU
		{59D7D0DC-91AF-4261-B402-FAF3199A6895}.Ad-Hoc|iPhoneSimulator.Build.0 = Release|Any CPU
		{59D7D0DC-91AF-4261-B402-FAF3199A6895}.Ad-Hoc|iPhoneSimulator.Deploy.0 = Release|Any CPU
		{59D7D0DC-91AF-4261-B402-FAF3199A6895}.Ad-Hoc|x64.ActiveCfg = Release|Any CPU
		{59D7D0DC-91AF-4261-B402-FAF3199A6895}.Ad-Hoc|x64.Build.0 = Release|Any CPU
		{59D7D0DC-91AF-4261-B402-FAF3199A6895}.Ad-Hoc|x64.Deploy.0 = Release|Any CPU
		{59D7D0DC-91AF-4261-B402-FAF3199A6895}.Ad-Hoc|x86.ActiveCfg = Release|Any CPU
		{59D7D0DC-91AF-4261-B402-FAF3199A6895}.Ad-Hoc|x86.Build.0 = Release|Any CPU
		{59D7D0DC-91AF-4261-B402-FAF3199A6895}.Ad-Hoc|x86.Deploy.0 = Release|Any CPU
		{59D7D0DC-91AF-4261-B402-FAF3199A6895}.AppStore|Any CPU.ActiveCfg = Release|Any CPU
		{59D7D0DC-91AF-4261-B402-FAF3199A6895}.AppStore|Any CPU.Build.0 = Release|Any CPU
		{59D7D0DC-91AF-4261-B402-FAF3199A6895}.AppStore|Any CPU.Deploy.0 = Release|Any CPU
		{59D7D0DC-91AF-4261-B402-FAF3199A6895}.AppStore|ARM.ActiveCfg = Release|Any CPU
		{59D7D0DC-91AF-4261-B402-FAF3199A6895}.AppStore|ARM.Build.0 = Release|Any CPU
		{59D7D0DC-91AF-4261-B402-FAF3199A6895}.AppStore|ARM.Deploy.0 = Release|Any CPU
		{59D7D0DC-91AF-4261-B402-FAF3199A6895}.AppStore|ARM64.ActiveCfg = Release|Any CPU
		{59D7D0DC-91AF-4261-B402-FAF3199A6895}.AppStore|ARM64.Build.0 = Release|Any CPU
		{59D7D0DC-91AF-4261-B402-FAF3199A6895}.AppStore|ARM64.Deploy.0 = Release|Any CPU
		{59D7D0DC-91AF-4261-B402-FAF3199A6895}.AppStore|iPhone.ActiveCfg = Release|Any CPU
		{59D7D0DC-91AF-4261-B402-FAF3199A6895}.AppStore|iPhone.Build.0 = Release|Any CPU
		{59D7D0DC-91AF-4261-B402-FAF3199A6895}.AppStore|iPhone.Deploy.0 = Release|Any CPU
		{59D7D0DC-91AF-4261-B402-FAF3199A6895}.AppStore|iPhoneSimulator.ActiveCfg = Release|Any CPU
		{59D7D0DC-91AF-4261-B402-FAF3199A6895}.AppStore|iPhoneSimulator.Build.0 = Release|Any CPU
		{59D7D0DC-91AF-4261-B402-FAF3199A6895}.AppStore|iPhoneSimulator.Deploy.0 = Release|Any CPU
		{59D7D0DC-91AF-4261-B402-FAF3199A6895}.AppStore|x64.ActiveCfg = Release|Any CPU
		{59D7D0DC-91AF-4261-B402-FAF3199A6895}.AppStore|x64.Build.0 = Release|Any CPU
		{59D7D0DC-91AF-4261-B402-FAF3199A6895}.AppStore|x64.Deploy.0 = Release|Any CPU
		{59D7D0DC-91AF-4261-B402-FAF3199A6895}.AppStore|x86.ActiveCfg = Release|Any CPU
		{59D7D0DC-91AF-4261-B402-FAF3199A6895}.AppStore|x86.Build.0 = Release|Any CPU
		{59D7D0DC-91AF-4261-B402-FAF3199A6895}.AppStore|x86.Deploy.0 = Release|Any CPU
		{59D7D0DC-91AF-4261-B402-FAF3199A6895}.Debug|Any CPU.ActiveCfg = Debug|Any CPU
		{59D7D0DC-91AF-4261-B402-FAF3199A6895}.Debug|Any CPU.Build.0 = Debug|Any CPU
		{59D7D0DC-91AF-4261-B402-FAF3199A6895}.Debug|Any CPU.Deploy.0 = Debug|Any CPU
		{59D7D0DC-91AF-4261-B402-FAF3199A6895}.Debug|ARM.ActiveCfg = Debug|Any CPU
		{59D7D0DC-91AF-4261-B402-FAF3199A6895}.Debug|ARM.Build.0 = Debug|Any CPU
		{59D7D0DC-91AF-4261-B402-FAF3199A6895}.Debug|ARM.Deploy.0 = Debug|Any CPU
		{59D7D0DC-91AF-4261-B402-FAF3199A6895}.Debug|ARM64.ActiveCfg = Debug|Any CPU
		{59D7D0DC-91AF-4261-B402-FAF3199A6895}.Debug|ARM64.Build.0 = Debug|Any CPU
		{59D7D0DC-91AF-4261-B402-FAF3199A6895}.Debug|ARM64.Deploy.0 = Debug|Any CPU
		{59D7D0DC-91AF-4261-B402-FAF3199A6895}.Debug|iPhone.ActiveCfg = Debug|Any CPU
		{59D7D0DC-91AF-4261-B402-FAF3199A6895}.Debug|iPhone.Build.0 = Debug|Any CPU
		{59D7D0DC-91AF-4261-B402-FAF3199A6895}.Debug|iPhone.Deploy.0 = Debug|Any CPU
		{59D7D0DC-91AF-4261-B402-FAF3199A6895}.Debug|iPhoneSimulator.ActiveCfg = Debug|Any CPU
		{59D7D0DC-91AF-4261-B402-FAF3199A6895}.Debug|iPhoneSimulator.Build.0 = Debug|Any CPU
		{59D7D0DC-91AF-4261-B402-FAF3199A6895}.Debug|iPhoneSimulator.Deploy.0 = Debug|Any CPU
		{59D7D0DC-91AF-4261-B402-FAF3199A6895}.Debug|x64.ActiveCfg = Debug|Any CPU
		{59D7D0DC-91AF-4261-B402-FAF3199A6895}.Debug|x64.Build.0 = Debug|Any CPU
		{59D7D0DC-91AF-4261-B402-FAF3199A6895}.Debug|x64.Deploy.0 = Debug|Any CPU
		{59D7D0DC-91AF-4261-B402-FAF3199A6895}.Debug|x86.ActiveCfg = Debug|Any CPU
		{59D7D0DC-91AF-4261-B402-FAF3199A6895}.Debug|x86.Build.0 = Debug|Any CPU
		{59D7D0DC-91AF-4261-B402-FAF3199A6895}.Debug|x86.Deploy.0 = Debug|Any CPU
		{59D7D0DC-91AF-4261-B402-FAF3199A6895}.Release|Any CPU.ActiveCfg = Release|Any CPU
		{59D7D0DC-91AF-4261-B402-FAF3199A6895}.Release|Any CPU.Build.0 = Release|Any CPU
		{59D7D0DC-91AF-4261-B402-FAF3199A6895}.Release|Any CPU.Deploy.0 = Release|Any CPU
		{59D7D0DC-91AF-4261-B402-FAF3199A6895}.Release|ARM.ActiveCfg = Release|Any CPU
		{59D7D0DC-91AF-4261-B402-FAF3199A6895}.Release|ARM.Build.0 = Release|Any CPU
		{59D7D0DC-91AF-4261-B402-FAF3199A6895}.Release|ARM.Deploy.0 = Release|Any CPU
		{59D7D0DC-91AF-4261-B402-FAF3199A6895}.Release|ARM64.ActiveCfg = Release|Any CPU
		{59D7D0DC-91AF-4261-B402-FAF3199A6895}.Release|ARM64.Build.0 = Release|Any CPU
		{59D7D0DC-91AF-4261-B402-FAF3199A6895}.Release|ARM64.Deploy.0 = Release|Any CPU
		{59D7D0DC-91AF-4261-B402-FAF3199A6895}.Release|iPhone.ActiveCfg = Release|Any CPU
		{59D7D0DC-91AF-4261-B402-FAF3199A6895}.Release|iPhone.Build.0 = Release|Any CPU
		{59D7D0DC-91AF-4261-B402-FAF3199A6895}.Release|iPhone.Deploy.0 = Release|Any CPU
		{59D7D0DC-91AF-4261-B402-FAF3199A6895}.Release|iPhoneSimulator.ActiveCfg = Release|Any CPU
		{59D7D0DC-91AF-4261-B402-FAF3199A6895}.Release|iPhoneSimulator.Build.0 = Release|Any CPU
		{59D7D0DC-91AF-4261-B402-FAF3199A6895}.Release|iPhoneSimulator.Deploy.0 = Release|Any CPU
		{59D7D0DC-91AF-4261-B402-FAF3199A6895}.Release|x64.ActiveCfg = Release|Any CPU
		{59D7D0DC-91AF-4261-B402-FAF3199A6895}.Release|x64.Build.0 = Release|Any CPU
		{59D7D0DC-91AF-4261-B402-FAF3199A6895}.Release|x64.Deploy.0 = Release|Any CPU
		{59D7D0DC-91AF-4261-B402-FAF3199A6895}.Release|x86.ActiveCfg = Release|Any CPU
		{59D7D0DC-91AF-4261-B402-FAF3199A6895}.Release|x86.Build.0 = Release|Any CPU
		{59D7D0DC-91AF-4261-B402-FAF3199A6895}.Release|x86.Deploy.0 = Release|Any CPU
		{369177D2-E9C8-4B87-AC2E-D843FA6E1A34}.Ad-Hoc|Any CPU.ActiveCfg = Ad-Hoc|iPhone
		{369177D2-E9C8-4B87-AC2E-D843FA6E1A34}.Ad-Hoc|ARM.ActiveCfg = Ad-Hoc|iPhone
		{369177D2-E9C8-4B87-AC2E-D843FA6E1A34}.Ad-Hoc|ARM64.ActiveCfg = Ad-Hoc|iPhone
		{369177D2-E9C8-4B87-AC2E-D843FA6E1A34}.Ad-Hoc|iPhone.ActiveCfg = Ad-Hoc|iPhone
		{369177D2-E9C8-4B87-AC2E-D843FA6E1A34}.Ad-Hoc|iPhone.Build.0 = Ad-Hoc|iPhone
		{369177D2-E9C8-4B87-AC2E-D843FA6E1A34}.Ad-Hoc|iPhoneSimulator.ActiveCfg = Ad-Hoc|iPhoneSimulator
		{369177D2-E9C8-4B87-AC2E-D843FA6E1A34}.Ad-Hoc|iPhoneSimulator.Build.0 = Ad-Hoc|iPhoneSimulator
		{369177D2-E9C8-4B87-AC2E-D843FA6E1A34}.Ad-Hoc|x64.ActiveCfg = Ad-Hoc|iPhone
		{369177D2-E9C8-4B87-AC2E-D843FA6E1A34}.Ad-Hoc|x86.ActiveCfg = Ad-Hoc|iPhone
		{369177D2-E9C8-4B87-AC2E-D843FA6E1A34}.AppStore|Any CPU.ActiveCfg = AppStore|iPhone
		{369177D2-E9C8-4B87-AC2E-D843FA6E1A34}.AppStore|ARM.ActiveCfg = AppStore|iPhone
		{369177D2-E9C8-4B87-AC2E-D843FA6E1A34}.AppStore|ARM64.ActiveCfg = AppStore|iPhone
		{369177D2-E9C8-4B87-AC2E-D843FA6E1A34}.AppStore|iPhone.ActiveCfg = AppStore|iPhone
		{369177D2-E9C8-4B87-AC2E-D843FA6E1A34}.AppStore|iPhone.Build.0 = AppStore|iPhone
		{369177D2-E9C8-4B87-AC2E-D843FA6E1A34}.AppStore|iPhoneSimulator.ActiveCfg = AppStore|iPhoneSimulator
		{369177D2-E9C8-4B87-AC2E-D843FA6E1A34}.AppStore|iPhoneSimulator.Build.0 = AppStore|iPhoneSimulator
		{369177D2-E9C8-4B87-AC2E-D843FA6E1A34}.AppStore|x64.ActiveCfg = AppStore|iPhone
		{369177D2-E9C8-4B87-AC2E-D843FA6E1A34}.AppStore|x86.ActiveCfg = AppStore|iPhone
		{369177D2-E9C8-4B87-AC2E-D843FA6E1A34}.Debug|Any CPU.ActiveCfg = Debug|iPhone
		{369177D2-E9C8-4B87-AC2E-D843FA6E1A34}.Debug|ARM.ActiveCfg = Debug|iPhone
		{369177D2-E9C8-4B87-AC2E-D843FA6E1A34}.Debug|ARM64.ActiveCfg = Debug|iPhone
		{369177D2-E9C8-4B87-AC2E-D843FA6E1A34}.Debug|iPhone.ActiveCfg = Debug|iPhone
		{369177D2-E9C8-4B87-AC2E-D843FA6E1A34}.Debug|iPhone.Build.0 = Debug|iPhone
		{369177D2-E9C8-4B87-AC2E-D843FA6E1A34}.Debug|iPhoneSimulator.ActiveCfg = Debug|iPhoneSimulator
		{369177D2-E9C8-4B87-AC2E-D843FA6E1A34}.Debug|iPhoneSimulator.Build.0 = Debug|iPhoneSimulator
		{369177D2-E9C8-4B87-AC2E-D843FA6E1A34}.Debug|x64.ActiveCfg = Debug|iPhone
		{369177D2-E9C8-4B87-AC2E-D843FA6E1A34}.Debug|x86.ActiveCfg = Debug|iPhone
		{369177D2-E9C8-4B87-AC2E-D843FA6E1A34}.Release|Any CPU.ActiveCfg = Release|iPhone
		{369177D2-E9C8-4B87-AC2E-D843FA6E1A34}.Release|ARM.ActiveCfg = Release|iPhone
		{369177D2-E9C8-4B87-AC2E-D843FA6E1A34}.Release|ARM64.ActiveCfg = Release|iPhone
		{369177D2-E9C8-4B87-AC2E-D843FA6E1A34}.Release|iPhone.ActiveCfg = Release|iPhone
		{369177D2-E9C8-4B87-AC2E-D843FA6E1A34}.Release|iPhone.Build.0 = Release|iPhone
		{369177D2-E9C8-4B87-AC2E-D843FA6E1A34}.Release|iPhoneSimulator.ActiveCfg = Release|iPhoneSimulator
		{369177D2-E9C8-4B87-AC2E-D843FA6E1A34}.Release|iPhoneSimulator.Build.0 = Release|iPhoneSimulator
		{369177D2-E9C8-4B87-AC2E-D843FA6E1A34}.Release|x64.ActiveCfg = Release|iPhone
		{369177D2-E9C8-4B87-AC2E-D843FA6E1A34}.Release|x86.ActiveCfg = Release|iPhone
		{3F34B3D1-C69A-43DD-A424-43067CA2F7E3}.Ad-Hoc|Any CPU.ActiveCfg = Release|x64
		{3F34B3D1-C69A-43DD-A424-43067CA2F7E3}.Ad-Hoc|Any CPU.Build.0 = Release|x64
		{3F34B3D1-C69A-43DD-A424-43067CA2F7E3}.Ad-Hoc|Any CPU.Deploy.0 = Release|x64
		{3F34B3D1-C69A-43DD-A424-43067CA2F7E3}.Ad-Hoc|ARM.ActiveCfg = Release|ARM
		{3F34B3D1-C69A-43DD-A424-43067CA2F7E3}.Ad-Hoc|ARM.Build.0 = Release|ARM
		{3F34B3D1-C69A-43DD-A424-43067CA2F7E3}.Ad-Hoc|ARM.Deploy.0 = Release|ARM
		{3F34B3D1-C69A-43DD-A424-43067CA2F7E3}.Ad-Hoc|ARM64.ActiveCfg = Release|ARM64
		{3F34B3D1-C69A-43DD-A424-43067CA2F7E3}.Ad-Hoc|ARM64.Build.0 = Release|ARM64
		{3F34B3D1-C69A-43DD-A424-43067CA2F7E3}.Ad-Hoc|ARM64.Deploy.0 = Release|ARM64
		{3F34B3D1-C69A-43DD-A424-43067CA2F7E3}.Ad-Hoc|iPhone.ActiveCfg = Release|x64
		{3F34B3D1-C69A-43DD-A424-43067CA2F7E3}.Ad-Hoc|iPhone.Build.0 = Release|x64
		{3F34B3D1-C69A-43DD-A424-43067CA2F7E3}.Ad-Hoc|iPhone.Deploy.0 = Release|x64
		{3F34B3D1-C69A-43DD-A424-43067CA2F7E3}.Ad-Hoc|iPhoneSimulator.ActiveCfg = Release|x64
		{3F34B3D1-C69A-43DD-A424-43067CA2F7E3}.Ad-Hoc|iPhoneSimulator.Build.0 = Release|x64
		{3F34B3D1-C69A-43DD-A424-43067CA2F7E3}.Ad-Hoc|iPhoneSimulator.Deploy.0 = Release|x64
		{3F34B3D1-C69A-43DD-A424-43067CA2F7E3}.Ad-Hoc|x64.ActiveCfg = Release|x64
		{3F34B3D1-C69A-43DD-A424-43067CA2F7E3}.Ad-Hoc|x64.Build.0 = Release|x64
		{3F34B3D1-C69A-43DD-A424-43067CA2F7E3}.Ad-Hoc|x64.Deploy.0 = Release|x64
		{3F34B3D1-C69A-43DD-A424-43067CA2F7E3}.Ad-Hoc|x86.ActiveCfg = Release|x86
		{3F34B3D1-C69A-43DD-A424-43067CA2F7E3}.Ad-Hoc|x86.Build.0 = Release|x86
		{3F34B3D1-C69A-43DD-A424-43067CA2F7E3}.Ad-Hoc|x86.Deploy.0 = Release|x86
		{3F34B3D1-C69A-43DD-A424-43067CA2F7E3}.AppStore|Any CPU.ActiveCfg = Release|x64
		{3F34B3D1-C69A-43DD-A424-43067CA2F7E3}.AppStore|Any CPU.Build.0 = Release|x64
		{3F34B3D1-C69A-43DD-A424-43067CA2F7E3}.AppStore|Any CPU.Deploy.0 = Release|x64
		{3F34B3D1-C69A-43DD-A424-43067CA2F7E3}.AppStore|ARM.ActiveCfg = Release|ARM
		{3F34B3D1-C69A-43DD-A424-43067CA2F7E3}.AppStore|ARM.Build.0 = Release|ARM
		{3F34B3D1-C69A-43DD-A424-43067CA2F7E3}.AppStore|ARM.Deploy.0 = Release|ARM
		{3F34B3D1-C69A-43DD-A424-43067CA2F7E3}.AppStore|ARM64.ActiveCfg = Release|ARM64
		{3F34B3D1-C69A-43DD-A424-43067CA2F7E3}.AppStore|ARM64.Build.0 = Release|ARM64
		{3F34B3D1-C69A-43DD-A424-43067CA2F7E3}.AppStore|ARM64.Deploy.0 = Release|ARM64
		{3F34B3D1-C69A-43DD-A424-43067CA2F7E3}.AppStore|iPhone.ActiveCfg = Release|x64
		{3F34B3D1-C69A-43DD-A424-43067CA2F7E3}.AppStore|iPhone.Build.0 = Release|x64
		{3F34B3D1-C69A-43DD-A424-43067CA2F7E3}.AppStore|iPhone.Deploy.0 = Release|x64
		{3F34B3D1-C69A-43DD-A424-43067CA2F7E3}.AppStore|iPhoneSimulator.ActiveCfg = Release|x64
		{3F34B3D1-C69A-43DD-A424-43067CA2F7E3}.AppStore|iPhoneSimulator.Build.0 = Release|x64
		{3F34B3D1-C69A-43DD-A424-43067CA2F7E3}.AppStore|iPhoneSimulator.Deploy.0 = Release|x64
		{3F34B3D1-C69A-43DD-A424-43067CA2F7E3}.AppStore|x64.ActiveCfg = Release|x64
		{3F34B3D1-C69A-43DD-A424-43067CA2F7E3}.AppStore|x64.Build.0 = Release|x64
		{3F34B3D1-C69A-43DD-A424-43067CA2F7E3}.AppStore|x64.Deploy.0 = Release|x64
		{3F34B3D1-C69A-43DD-A424-43067CA2F7E3}.AppStore|x86.ActiveCfg = Release|x86
		{3F34B3D1-C69A-43DD-A424-43067CA2F7E3}.AppStore|x86.Build.0 = Release|x86
		{3F34B3D1-C69A-43DD-A424-43067CA2F7E3}.AppStore|x86.Deploy.0 = Release|x86
		{3F34B3D1-C69A-43DD-A424-43067CA2F7E3}.Debug|Any CPU.ActiveCfg = Debug|x86
		{3F34B3D1-C69A-43DD-A424-43067CA2F7E3}.Debug|ARM.ActiveCfg = Debug|ARM
		{3F34B3D1-C69A-43DD-A424-43067CA2F7E3}.Debug|ARM.Build.0 = Debug|ARM
		{3F34B3D1-C69A-43DD-A424-43067CA2F7E3}.Debug|ARM.Deploy.0 = Debug|ARM
		{3F34B3D1-C69A-43DD-A424-43067CA2F7E3}.Debug|ARM64.ActiveCfg = Debug|ARM64
		{3F34B3D1-C69A-43DD-A424-43067CA2F7E3}.Debug|ARM64.Build.0 = Debug|ARM64
		{3F34B3D1-C69A-43DD-A424-43067CA2F7E3}.Debug|ARM64.Deploy.0 = Debug|ARM64
		{3F34B3D1-C69A-43DD-A424-43067CA2F7E3}.Debug|iPhone.ActiveCfg = Debug|x86
		{3F34B3D1-C69A-43DD-A424-43067CA2F7E3}.Debug|iPhoneSimulator.ActiveCfg = Debug|x86
		{3F34B3D1-C69A-43DD-A424-43067CA2F7E3}.Debug|x64.ActiveCfg = Debug|x64
		{3F34B3D1-C69A-43DD-A424-43067CA2F7E3}.Debug|x64.Build.0 = Debug|x64
		{3F34B3D1-C69A-43DD-A424-43067CA2F7E3}.Debug|x64.Deploy.0 = Debug|x64
		{3F34B3D1-C69A-43DD-A424-43067CA2F7E3}.Debug|x86.ActiveCfg = Debug|x86
		{3F34B3D1-C69A-43DD-A424-43067CA2F7E3}.Debug|x86.Build.0 = Debug|x86
		{3F34B3D1-C69A-43DD-A424-43067CA2F7E3}.Debug|x86.Deploy.0 = Debug|x86
		{3F34B3D1-C69A-43DD-A424-43067CA2F7E3}.Release|Any CPU.ActiveCfg = Release|x86
		{3F34B3D1-C69A-43DD-A424-43067CA2F7E3}.Release|ARM.ActiveCfg = Release|ARM
		{3F34B3D1-C69A-43DD-A424-43067CA2F7E3}.Release|ARM.Build.0 = Release|ARM
		{3F34B3D1-C69A-43DD-A424-43067CA2F7E3}.Release|ARM.Deploy.0 = Release|ARM
		{3F34B3D1-C69A-43DD-A424-43067CA2F7E3}.Release|ARM64.ActiveCfg = Release|ARM64
		{3F34B3D1-C69A-43DD-A424-43067CA2F7E3}.Release|ARM64.Build.0 = Release|ARM64
		{3F34B3D1-C69A-43DD-A424-43067CA2F7E3}.Release|ARM64.Deploy.0 = Release|ARM64
		{3F34B3D1-C69A-43DD-A424-43067CA2F7E3}.Release|iPhone.ActiveCfg = Release|x86
		{3F34B3D1-C69A-43DD-A424-43067CA2F7E3}.Release|iPhoneSimulator.ActiveCfg = Release|x86
		{3F34B3D1-C69A-43DD-A424-43067CA2F7E3}.Release|x64.ActiveCfg = Release|x64
		{3F34B3D1-C69A-43DD-A424-43067CA2F7E3}.Release|x64.Build.0 = Release|x64
		{3F34B3D1-C69A-43DD-A424-43067CA2F7E3}.Release|x64.Deploy.0 = Release|x64
		{3F34B3D1-C69A-43DD-A424-43067CA2F7E3}.Release|x86.ActiveCfg = Release|x86
		{3F34B3D1-C69A-43DD-A424-43067CA2F7E3}.Release|x86.Build.0 = Release|x86
		{3F34B3D1-C69A-43DD-A424-43067CA2F7E3}.Release|x86.Deploy.0 = Release|x86
		{BFD9F409-94C8-44B7-A3E4-D73CD92A8CAF}.Ad-Hoc|Any CPU.ActiveCfg = Debug|Any CPU
		{BFD9F409-94C8-44B7-A3E4-D73CD92A8CAF}.Ad-Hoc|Any CPU.Build.0 = Debug|Any CPU
		{BFD9F409-94C8-44B7-A3E4-D73CD92A8CAF}.Ad-Hoc|ARM.ActiveCfg = Debug|Any CPU
		{BFD9F409-94C8-44B7-A3E4-D73CD92A8CAF}.Ad-Hoc|ARM.Build.0 = Debug|Any CPU
		{BFD9F409-94C8-44B7-A3E4-D73CD92A8CAF}.Ad-Hoc|ARM64.ActiveCfg = Debug|Any CPU
		{BFD9F409-94C8-44B7-A3E4-D73CD92A8CAF}.Ad-Hoc|ARM64.Build.0 = Debug|Any CPU
		{BFD9F409-94C8-44B7-A3E4-D73CD92A8CAF}.Ad-Hoc|iPhone.ActiveCfg = Debug|Any CPU
		{BFD9F409-94C8-44B7-A3E4-D73CD92A8CAF}.Ad-Hoc|iPhone.Build.0 = Debug|Any CPU
		{BFD9F409-94C8-44B7-A3E4-D73CD92A8CAF}.Ad-Hoc|iPhoneSimulator.ActiveCfg = Debug|Any CPU
		{BFD9F409-94C8-44B7-A3E4-D73CD92A8CAF}.Ad-Hoc|iPhoneSimulator.Build.0 = Debug|Any CPU
		{BFD9F409-94C8-44B7-A3E4-D73CD92A8CAF}.Ad-Hoc|x64.ActiveCfg = Debug|Any CPU
		{BFD9F409-94C8-44B7-A3E4-D73CD92A8CAF}.Ad-Hoc|x64.Build.0 = Debug|Any CPU
		{BFD9F409-94C8-44B7-A3E4-D73CD92A8CAF}.Ad-Hoc|x86.ActiveCfg = Debug|Any CPU
		{BFD9F409-94C8-44B7-A3E4-D73CD92A8CAF}.Ad-Hoc|x86.Build.0 = Debug|Any CPU
		{BFD9F409-94C8-44B7-A3E4-D73CD92A8CAF}.AppStore|Any CPU.ActiveCfg = Debug|Any CPU
		{BFD9F409-94C8-44B7-A3E4-D73CD92A8CAF}.AppStore|Any CPU.Build.0 = Debug|Any CPU
		{BFD9F409-94C8-44B7-A3E4-D73CD92A8CAF}.AppStore|ARM.ActiveCfg = Debug|Any CPU
		{BFD9F409-94C8-44B7-A3E4-D73CD92A8CAF}.AppStore|ARM.Build.0 = Debug|Any CPU
		{BFD9F409-94C8-44B7-A3E4-D73CD92A8CAF}.AppStore|ARM64.ActiveCfg = Debug|Any CPU
		{BFD9F409-94C8-44B7-A3E4-D73CD92A8CAF}.AppStore|ARM64.Build.0 = Debug|Any CPU
		{BFD9F409-94C8-44B7-A3E4-D73CD92A8CAF}.AppStore|iPhone.ActiveCfg = Debug|Any CPU
		{BFD9F409-94C8-44B7-A3E4-D73CD92A8CAF}.AppStore|iPhone.Build.0 = Debug|Any CPU
		{BFD9F409-94C8-44B7-A3E4-D73CD92A8CAF}.AppStore|iPhoneSimulator.ActiveCfg = Debug|Any CPU
		{BFD9F409-94C8-44B7-A3E4-D73CD92A8CAF}.AppStore|iPhoneSimulator.Build.0 = Debug|Any CPU
		{BFD9F409-94C8-44B7-A3E4-D73CD92A8CAF}.AppStore|x64.ActiveCfg = Debug|Any CPU
		{BFD9F409-94C8-44B7-A3E4-D73CD92A8CAF}.AppStore|x64.Build.0 = Debug|Any CPU
		{BFD9F409-94C8-44B7-A3E4-D73CD92A8CAF}.AppStore|x86.ActiveCfg = Debug|Any CPU
		{BFD9F409-94C8-44B7-A3E4-D73CD92A8CAF}.AppStore|x86.Build.0 = Debug|Any CPU
		{BFD9F409-94C8-44B7-A3E4-D73CD92A8CAF}.Debug|Any CPU.ActiveCfg = Debug|Any CPU
		{BFD9F409-94C8-44B7-A3E4-D73CD92A8CAF}.Debug|Any CPU.Build.0 = Debug|Any CPU
		{BFD9F409-94C8-44B7-A3E4-D73CD92A8CAF}.Debug|ARM.ActiveCfg = Debug|Any CPU
		{BFD9F409-94C8-44B7-A3E4-D73CD92A8CAF}.Debug|ARM.Build.0 = Debug|Any CPU
		{BFD9F409-94C8-44B7-A3E4-D73CD92A8CAF}.Debug|ARM64.ActiveCfg = Debug|Any CPU
		{BFD9F409-94C8-44B7-A3E4-D73CD92A8CAF}.Debug|ARM64.Build.0 = Debug|Any CPU
		{BFD9F409-94C8-44B7-A3E4-D73CD92A8CAF}.Debug|iPhone.ActiveCfg = Debug|Any CPU
		{BFD9F409-94C8-44B7-A3E4-D73CD92A8CAF}.Debug|iPhone.Build.0 = Debug|Any CPU
		{BFD9F409-94C8-44B7-A3E4-D73CD92A8CAF}.Debug|iPhoneSimulator.ActiveCfg = Debug|Any CPU
		{BFD9F409-94C8-44B7-A3E4-D73CD92A8CAF}.Debug|iPhoneSimulator.Build.0 = Debug|Any CPU
		{BFD9F409-94C8-44B7-A3E4-D73CD92A8CAF}.Debug|x64.ActiveCfg = Debug|Any CPU
		{BFD9F409-94C8-44B7-A3E4-D73CD92A8CAF}.Debug|x64.Build.0 = Debug|Any CPU
		{BFD9F409-94C8-44B7-A3E4-D73CD92A8CAF}.Debug|x86.ActiveCfg = Debug|Any CPU
		{BFD9F409-94C8-44B7-A3E4-D73CD92A8CAF}.Debug|x86.Build.0 = Debug|Any CPU
		{BFD9F409-94C8-44B7-A3E4-D73CD92A8CAF}.Release|Any CPU.ActiveCfg = Release|Any CPU
		{BFD9F409-94C8-44B7-A3E4-D73CD92A8CAF}.Release|Any CPU.Build.0 = Release|Any CPU
		{BFD9F409-94C8-44B7-A3E4-D73CD92A8CAF}.Release|ARM.ActiveCfg = Release|Any CPU
		{BFD9F409-94C8-44B7-A3E4-D73CD92A8CAF}.Release|ARM.Build.0 = Release|Any CPU
		{BFD9F409-94C8-44B7-A3E4-D73CD92A8CAF}.Release|ARM64.ActiveCfg = Release|Any CPU
		{BFD9F409-94C8-44B7-A3E4-D73CD92A8CAF}.Release|ARM64.Build.0 = Release|Any CPU
		{BFD9F409-94C8-44B7-A3E4-D73CD92A8CAF}.Release|iPhone.ActiveCfg = Release|Any CPU
		{BFD9F409-94C8-44B7-A3E4-D73CD92A8CAF}.Release|iPhone.Build.0 = Release|Any CPU
		{BFD9F409-94C8-44B7-A3E4-D73CD92A8CAF}.Release|iPhoneSimulator.ActiveCfg = Release|Any CPU
		{BFD9F409-94C8-44B7-A3E4-D73CD92A8CAF}.Release|iPhoneSimulator.Build.0 = Release|Any CPU
		{BFD9F409-94C8-44B7-A3E4-D73CD92A8CAF}.Release|x64.ActiveCfg = Release|Any CPU
		{BFD9F409-94C8-44B7-A3E4-D73CD92A8CAF}.Release|x64.Build.0 = Release|Any CPU
		{BFD9F409-94C8-44B7-A3E4-D73CD92A8CAF}.Release|x86.ActiveCfg = Release|Any CPU
		{BFD9F409-94C8-44B7-A3E4-D73CD92A8CAF}.Release|x86.Build.0 = Release|Any CPU
		{B61787B0-9D6D-4201-881D-0B7202C92AAC}.Ad-Hoc|Any CPU.ActiveCfg = Release|iPhoneSimulator
		{B61787B0-9D6D-4201-881D-0B7202C92AAC}.Ad-Hoc|Any CPU.Build.0 = Release|iPhoneSimulator
		{B61787B0-9D6D-4201-881D-0B7202C92AAC}.Ad-Hoc|ARM.ActiveCfg = Release|iPhoneSimulator
		{B61787B0-9D6D-4201-881D-0B7202C92AAC}.Ad-Hoc|ARM.Build.0 = Release|iPhoneSimulator
		{B61787B0-9D6D-4201-881D-0B7202C92AAC}.Ad-Hoc|ARM64.ActiveCfg = Release|iPhoneSimulator
		{B61787B0-9D6D-4201-881D-0B7202C92AAC}.Ad-Hoc|ARM64.Build.0 = Release|iPhoneSimulator
		{B61787B0-9D6D-4201-881D-0B7202C92AAC}.Ad-Hoc|iPhone.ActiveCfg = Release|iPhoneSimulator
		{B61787B0-9D6D-4201-881D-0B7202C92AAC}.Ad-Hoc|iPhone.Build.0 = Release|iPhoneSimulator
		{B61787B0-9D6D-4201-881D-0B7202C92AAC}.Ad-Hoc|iPhoneSimulator.ActiveCfg = Release|iPhoneSimulator
		{B61787B0-9D6D-4201-881D-0B7202C92AAC}.Ad-Hoc|iPhoneSimulator.Build.0 = Release|iPhoneSimulator
		{B61787B0-9D6D-4201-881D-0B7202C92AAC}.Ad-Hoc|x64.ActiveCfg = Release|iPhoneSimulator
		{B61787B0-9D6D-4201-881D-0B7202C92AAC}.Ad-Hoc|x64.Build.0 = Release|iPhoneSimulator
		{B61787B0-9D6D-4201-881D-0B7202C92AAC}.Ad-Hoc|x86.ActiveCfg = Release|iPhoneSimulator
		{B61787B0-9D6D-4201-881D-0B7202C92AAC}.Ad-Hoc|x86.Build.0 = Release|iPhoneSimulator
		{B61787B0-9D6D-4201-881D-0B7202C92AAC}.AppStore|Any CPU.ActiveCfg = Release|iPhoneSimulator
		{B61787B0-9D6D-4201-881D-0B7202C92AAC}.AppStore|Any CPU.Build.0 = Release|iPhoneSimulator
		{B61787B0-9D6D-4201-881D-0B7202C92AAC}.AppStore|ARM.ActiveCfg = Release|iPhoneSimulator
		{B61787B0-9D6D-4201-881D-0B7202C92AAC}.AppStore|ARM.Build.0 = Release|iPhoneSimulator
		{B61787B0-9D6D-4201-881D-0B7202C92AAC}.AppStore|ARM64.ActiveCfg = Release|iPhoneSimulator
		{B61787B0-9D6D-4201-881D-0B7202C92AAC}.AppStore|ARM64.Build.0 = Release|iPhoneSimulator
		{B61787B0-9D6D-4201-881D-0B7202C92AAC}.AppStore|iPhone.ActiveCfg = Release|iPhoneSimulator
		{B61787B0-9D6D-4201-881D-0B7202C92AAC}.AppStore|iPhone.Build.0 = Release|iPhoneSimulator
		{B61787B0-9D6D-4201-881D-0B7202C92AAC}.AppStore|iPhoneSimulator.ActiveCfg = Release|iPhoneSimulator
		{B61787B0-9D6D-4201-881D-0B7202C92AAC}.AppStore|iPhoneSimulator.Build.0 = Release|iPhoneSimulator
		{B61787B0-9D6D-4201-881D-0B7202C92AAC}.AppStore|x64.ActiveCfg = Release|iPhoneSimulator
		{B61787B0-9D6D-4201-881D-0B7202C92AAC}.AppStore|x64.Build.0 = Release|iPhoneSimulator
		{B61787B0-9D6D-4201-881D-0B7202C92AAC}.AppStore|x86.ActiveCfg = Release|iPhoneSimulator
		{B61787B0-9D6D-4201-881D-0B7202C92AAC}.AppStore|x86.Build.0 = Release|iPhoneSimulator
		{B61787B0-9D6D-4201-881D-0B7202C92AAC}.Debug|Any CPU.ActiveCfg = Debug|iPhoneSimulator
		{B61787B0-9D6D-4201-881D-0B7202C92AAC}.Debug|ARM.ActiveCfg = Debug|iPhoneSimulator
		{B61787B0-9D6D-4201-881D-0B7202C92AAC}.Debug|ARM64.ActiveCfg = Debug|iPhoneSimulator
		{B61787B0-9D6D-4201-881D-0B7202C92AAC}.Debug|iPhone.ActiveCfg = Debug|iPhoneSimulator
		{B61787B0-9D6D-4201-881D-0B7202C92AAC}.Debug|iPhoneSimulator.ActiveCfg = Debug|iPhoneSimulator
		{B61787B0-9D6D-4201-881D-0B7202C92AAC}.Debug|iPhoneSimulator.Build.0 = Debug|iPhoneSimulator
		{B61787B0-9D6D-4201-881D-0B7202C92AAC}.Debug|x64.ActiveCfg = Debug|iPhoneSimulator
		{B61787B0-9D6D-4201-881D-0B7202C92AAC}.Debug|x86.ActiveCfg = Debug|iPhoneSimulator
		{B61787B0-9D6D-4201-881D-0B7202C92AAC}.Release|Any CPU.ActiveCfg = Release|iPhoneSimulator
		{B61787B0-9D6D-4201-881D-0B7202C92AAC}.Release|ARM.ActiveCfg = Release|iPhoneSimulator
		{B61787B0-9D6D-4201-881D-0B7202C92AAC}.Release|ARM64.ActiveCfg = Release|iPhoneSimulator
		{B61787B0-9D6D-4201-881D-0B7202C92AAC}.Release|iPhone.ActiveCfg = Release|iPhoneSimulator
		{B61787B0-9D6D-4201-881D-0B7202C92AAC}.Release|iPhoneSimulator.ActiveCfg = Release|iPhoneSimulator
		{B61787B0-9D6D-4201-881D-0B7202C92AAC}.Release|iPhoneSimulator.Build.0 = Release|iPhoneSimulator
		{B61787B0-9D6D-4201-881D-0B7202C92AAC}.Release|x64.ActiveCfg = Release|iPhoneSimulator
		{B61787B0-9D6D-4201-881D-0B7202C92AAC}.Release|x86.ActiveCfg = Release|iPhoneSimulator
	EndGlobalSection
	GlobalSection(SolutionProperties) = preSolution
		HideSolutionNode = FALSE
	EndGlobalSection
	GlobalSection(ExtensibilityGlobals) = postSolution
		SolutionGuid = {4D4CD169-C8E7-444F-9BE7-6EE5A7B1947F}
	EndGlobalSection
EndGlobal
