
Microsoft Visual Studio Solution File, Format Version 12.00
# Visual Studio Version 16
VisualStudioVersion = 16.0.29728.190
MinimumVisualStudioVersion = 10.0.40219.1
Project("{D954291E-2A0B-460D-934E-DC6B0785DB48}") = "Uno.Samples.Navigation.Shared", "src\Uno.Samples.Navigation.Shared\Uno.Samples.Navigation.Shared.shproj", "{6279C845-92F8-4333-AB99-3D213163593C}"
EndProject
Project("{FAE04EC0-301F-11D3-BF4B-00C04F79EFBC}") = "Uno.Samples.Navigation.Droid", "src\Uno.Samples.Navigation.Droid\Uno.Samples.Navigation.Droid.csproj", "{AC1AA38C-CA3D-41AC-962F-4C873F19EACD}"
EndProject
Project("{FAE04EC0-301F-11D3-BF4B-00C04F79EFBC}") = "Uno.Samples.Navigation.iOS", "src\Uno.Samples.Navigation.iOS\Uno.Samples.Navigation.iOS.csproj", "{55FD738A-0F69-466C-9A3F-4E9F623D39B9}"
EndProject
Project("{FAE04EC0-301F-11D3-BF4B-00C04F79EFBC}") = "Uno.Samples.Navigation.UWP", "src\Uno.Samples.Navigation.UWP\Uno.Samples.Navigation.UWP.csproj", "{0A5FD03D-806B-4F3A-B993-4B6A8CBB92BA}"
EndProject
Project("{9A19103F-16F7-4668-BE54-9A1E7A4F7556}") = "Uno.Samples.Navigation.Wasm", "src\Uno.Samples.Navigation.Wasm\Uno.Samples.Navigation.Wasm.csproj", "{410EF3F0-F4E2-4C23-99A4-3CF0B8BF5BC2}"
EndProject
Global
	GlobalSection(SharedMSBuildProjectFiles) = preSolution
		src\Uno.Samples.Navigation.Shared\Uno.Samples.Navigation.Shared.projitems*{0a5fd03d-806b-4f3a-b993-4b6a8cbb92ba}*SharedItemsImports = 4
		src\Uno.Samples.Navigation.Shared\Uno.Samples.Navigation.Shared.projitems*{55fd738a-0f69-466c-9a3f-4e9f623d39b9}*SharedItemsImports = 4
		src\Uno.Samples.Navigation.Shared\Uno.Samples.Navigation.Shared.projitems*{6279c845-92f8-4333-ab99-3d213163593c}*SharedItemsImports = 13
		src\Uno.Samples.Navigation.Shared\Uno.Samples.Navigation.Shared.projitems*{ac1aa38c-ca3d-41ac-962f-4c873f19eacd}*SharedItemsImports = 4
	EndGlobalSection
	GlobalSection(SolutionConfigurationPlatforms) = preSolution
		Ad-Hoc|Any CPU = Ad-Hoc|Any CPU
		Ad-Hoc|ARM = Ad-Hoc|ARM
		Ad-Hoc|iPhone = Ad-Hoc|iPhone
		Ad-Hoc|iPhoneSimulator = Ad-Hoc|iPhoneSimulator
		Ad-Hoc|x64 = Ad-Hoc|x64
		Ad-Hoc|x86 = Ad-Hoc|x86
		AppStore|Any CPU = AppStore|Any CPU
		AppStore|ARM = AppStore|ARM
		AppStore|iPhone = AppStore|iPhone
		AppStore|iPhoneSimulator = AppStore|iPhoneSimulator
		AppStore|x64 = AppStore|x64
		AppStore|x86 = AppStore|x86
		Debug|Any CPU = Debug|Any CPU
		Debug|ARM = Debug|ARM
		Debug|iPhone = Debug|iPhone
		Debug|iPhoneSimulator = Debug|iPhoneSimulator
		Debug|x64 = Debug|x64
		Debug|x86 = Debug|x86
		Release|Any CPU = Release|Any CPU
		Release|ARM = Release|ARM
		Release|iPhone = Release|iPhone
		Release|iPhoneSimulator = Release|iPhoneSimulator
		Release|x64 = Release|x64
		Release|x86 = Release|x86
	EndGlobalSection
	GlobalSection(ProjectConfigurationPlatforms) = postSolution
		{AC1AA38C-CA3D-41AC-962F-4C873F19EACD}.Ad-Hoc|Any CPU.ActiveCfg = Release|Any CPU
		{AC1AA38C-CA3D-41AC-962F-4C873F19EACD}.Ad-Hoc|Any CPU.Build.0 = Release|Any CPU
		{AC1AA38C-CA3D-41AC-962F-4C873F19EACD}.Ad-Hoc|Any CPU.Deploy.0 = Release|Any CPU
		{AC1AA38C-CA3D-41AC-962F-4C873F19EACD}.Ad-Hoc|ARM.ActiveCfg = Release|Any CPU
		{AC1AA38C-CA3D-41AC-962F-4C873F19EACD}.Ad-Hoc|ARM.Build.0 = Release|Any CPU
		{AC1AA38C-CA3D-41AC-962F-4C873F19EACD}.Ad-Hoc|ARM.Deploy.0 = Release|Any CPU
		{AC1AA38C-CA3D-41AC-962F-4C873F19EACD}.Ad-Hoc|iPhone.ActiveCfg = Release|Any CPU
		{AC1AA38C-CA3D-41AC-962F-4C873F19EACD}.Ad-Hoc|iPhone.Build.0 = Release|Any CPU
		{AC1AA38C-CA3D-41AC-962F-4C873F19EACD}.Ad-Hoc|iPhone.Deploy.0 = Release|Any CPU
		{AC1AA38C-CA3D-41AC-962F-4C873F19EACD}.Ad-Hoc|iPhoneSimulator.ActiveCfg = Release|Any CPU
		{AC1AA38C-CA3D-41AC-962F-4C873F19EACD}.Ad-Hoc|iPhoneSimulator.Build.0 = Release|Any CPU
		{AC1AA38C-CA3D-41AC-962F-4C873F19EACD}.Ad-Hoc|iPhoneSimulator.Deploy.0 = Release|Any CPU
		{AC1AA38C-CA3D-41AC-962F-4C873F19EACD}.Ad-Hoc|x64.ActiveCfg = Release|Any CPU
		{AC1AA38C-CA3D-41AC-962F-4C873F19EACD}.Ad-Hoc|x64.Build.0 = Release|Any CPU
		{AC1AA38C-CA3D-41AC-962F-4C873F19EACD}.Ad-Hoc|x64.Deploy.0 = Release|Any CPU
		{AC1AA38C-CA3D-41AC-962F-4C873F19EACD}.Ad-Hoc|x86.ActiveCfg = Release|Any CPU
		{AC1AA38C-CA3D-41AC-962F-4C873F19EACD}.Ad-Hoc|x86.Build.0 = Release|Any CPU
		{AC1AA38C-CA3D-41AC-962F-4C873F19EACD}.Ad-Hoc|x86.Deploy.0 = Release|Any CPU
		{AC1AA38C-CA3D-41AC-962F-4C873F19EACD}.AppStore|Any CPU.ActiveCfg = Release|Any CPU
		{AC1AA38C-CA3D-41AC-962F-4C873F19EACD}.AppStore|Any CPU.Build.0 = Release|Any CPU
		{AC1AA38C-CA3D-41AC-962F-4C873F19EACD}.AppStore|Any CPU.Deploy.0 = Release|Any CPU
		{AC1AA38C-CA3D-41AC-962F-4C873F19EACD}.AppStore|ARM.ActiveCfg = Release|Any CPU
		{AC1AA38C-CA3D-41AC-962F-4C873F19EACD}.AppStore|ARM.Build.0 = Release|Any CPU
		{AC1AA38C-CA3D-41AC-962F-4C873F19EACD}.AppStore|ARM.Deploy.0 = Release|Any CPU
		{AC1AA38C-CA3D-41AC-962F-4C873F19EACD}.AppStore|iPhone.ActiveCfg = Release|Any CPU
		{AC1AA38C-CA3D-41AC-962F-4C873F19EACD}.AppStore|iPhone.Build.0 = Release|Any CPU
		{AC1AA38C-CA3D-41AC-962F-4C873F19EACD}.AppStore|iPhone.Deploy.0 = Release|Any CPU
		{AC1AA38C-CA3D-41AC-962F-4C873F19EACD}.AppStore|iPhoneSimulator.ActiveCfg = Release|Any CPU
		{AC1AA38C-CA3D-41AC-962F-4C873F19EACD}.AppStore|iPhoneSimulator.Build.0 = Release|Any CPU
		{AC1AA38C-CA3D-41AC-962F-4C873F19EACD}.AppStore|iPhoneSimulator.Deploy.0 = Release|Any CPU
		{AC1AA38C-CA3D-41AC-962F-4C873F19EACD}.AppStore|x64.ActiveCfg = Release|Any CPU
		{AC1AA38C-CA3D-41AC-962F-4C873F19EACD}.AppStore|x64.Build.0 = Release|Any CPU
		{AC1AA38C-CA3D-41AC-962F-4C873F19EACD}.AppStore|x64.Deploy.0 = Release|Any CPU
		{AC1AA38C-CA3D-41AC-962F-4C873F19EACD}.AppStore|x86.ActiveCfg = Release|Any CPU
		{AC1AA38C-CA3D-41AC-962F-4C873F19EACD}.AppStore|x86.Build.0 = Release|Any CPU
		{AC1AA38C-CA3D-41AC-962F-4C873F19EACD}.AppStore|x86.Deploy.0 = Release|Any CPU
		{AC1AA38C-CA3D-41AC-962F-4C873F19EACD}.Debug|Any CPU.ActiveCfg = Debug|Any CPU
		{AC1AA38C-CA3D-41AC-962F-4C873F19EACD}.Debug|Any CPU.Build.0 = Debug|Any CPU
		{AC1AA38C-CA3D-41AC-962F-4C873F19EACD}.Debug|Any CPU.Deploy.0 = Debug|Any CPU
		{AC1AA38C-CA3D-41AC-962F-4C873F19EACD}.Debug|ARM.ActiveCfg = Debug|Any CPU
		{AC1AA38C-CA3D-41AC-962F-4C873F19EACD}.Debug|ARM.Build.0 = Debug|Any CPU
		{AC1AA38C-CA3D-41AC-962F-4C873F19EACD}.Debug|ARM.Deploy.0 = Debug|Any CPU
		{AC1AA38C-CA3D-41AC-962F-4C873F19EACD}.Debug|iPhone.ActiveCfg = Debug|Any CPU
		{AC1AA38C-CA3D-41AC-962F-4C873F19EACD}.Debug|iPhone.Build.0 = Debug|Any CPU
		{AC1AA38C-CA3D-41AC-962F-4C873F19EACD}.Debug|iPhone.Deploy.0 = Debug|Any CPU
		{AC1AA38C-CA3D-41AC-962F-4C873F19EACD}.Debug|iPhoneSimulator.ActiveCfg = Debug|Any CPU
		{AC1AA38C-CA3D-41AC-962F-4C873F19EACD}.Debug|iPhoneSimulator.Build.0 = Debug|Any CPU
		{AC1AA38C-CA3D-41AC-962F-4C873F19EACD}.Debug|iPhoneSimulator.Deploy.0 = Debug|Any CPU
		{AC1AA38C-CA3D-41AC-962F-4C873F19EACD}.Debug|x64.ActiveCfg = Debug|Any CPU
		{AC1AA38C-CA3D-41AC-962F-4C873F19EACD}.Debug|x64.Build.0 = Debug|Any CPU
		{AC1AA38C-CA3D-41AC-962F-4C873F19EACD}.Debug|x64.Deploy.0 = Debug|Any CPU
		{AC1AA38C-CA3D-41AC-962F-4C873F19EACD}.Debug|x86.ActiveCfg = Debug|Any CPU
		{AC1AA38C-CA3D-41AC-962F-4C873F19EACD}.Debug|x86.Build.0 = Debug|Any CPU
		{AC1AA38C-CA3D-41AC-962F-4C873F19EACD}.Debug|x86.Deploy.0 = Debug|Any CPU
		{AC1AA38C-CA3D-41AC-962F-4C873F19EACD}.Release|Any CPU.ActiveCfg = Release|Any CPU
		{AC1AA38C-CA3D-41AC-962F-4C873F19EACD}.Release|Any CPU.Build.0 = Release|Any CPU
		{AC1AA38C-CA3D-41AC-962F-4C873F19EACD}.Release|Any CPU.Deploy.0 = Release|Any CPU
		{AC1AA38C-CA3D-41AC-962F-4C873F19EACD}.Release|ARM.ActiveCfg = Release|Any CPU
		{AC1AA38C-CA3D-41AC-962F-4C873F19EACD}.Release|ARM.Build.0 = Release|Any CPU
		{AC1AA38C-CA3D-41AC-962F-4C873F19EACD}.Release|ARM.Deploy.0 = Release|Any CPU
		{AC1AA38C-CA3D-41AC-962F-4C873F19EACD}.Release|iPhone.ActiveCfg = Release|Any CPU
		{AC1AA38C-CA3D-41AC-962F-4C873F19EACD}.Release|iPhone.Build.0 = Release|Any CPU
		{AC1AA38C-CA3D-41AC-962F-4C873F19EACD}.Release|iPhone.Deploy.0 = Release|Any CPU
		{AC1AA38C-CA3D-41AC-962F-4C873F19EACD}.Release|iPhoneSimulator.ActiveCfg = Release|Any CPU
		{AC1AA38C-CA3D-41AC-962F-4C873F19EACD}.Release|iPhoneSimulator.Build.0 = Release|Any CPU
		{AC1AA38C-CA3D-41AC-962F-4C873F19EACD}.Release|iPhoneSimulator.Deploy.0 = Release|Any CPU
		{AC1AA38C-CA3D-41AC-962F-4C873F19EACD}.Release|x64.ActiveCfg = Release|Any CPU
		{AC1AA38C-CA3D-41AC-962F-4C873F19EACD}.Release|x64.Build.0 = Release|Any CPU
		{AC1AA38C-CA3D-41AC-962F-4C873F19EACD}.Release|x64.Deploy.0 = Release|Any CPU
		{AC1AA38C-CA3D-41AC-962F-4C873F19EACD}.Release|x86.ActiveCfg = Release|Any CPU
		{AC1AA38C-CA3D-41AC-962F-4C873F19EACD}.Release|x86.Build.0 = Release|Any CPU
		{AC1AA38C-CA3D-41AC-962F-4C873F19EACD}.Release|x86.Deploy.0 = Release|Any CPU
		{55FD738A-0F69-466C-9A3F-4E9F623D39B9}.Ad-Hoc|Any CPU.ActiveCfg = Ad-Hoc|iPhone
		{55FD738A-0F69-466C-9A3F-4E9F623D39B9}.Ad-Hoc|ARM.ActiveCfg = Ad-Hoc|iPhone
		{55FD738A-0F69-466C-9A3F-4E9F623D39B9}.Ad-Hoc|iPhone.ActiveCfg = Ad-Hoc|iPhone
		{55FD738A-0F69-466C-9A3F-4E9F623D39B9}.Ad-Hoc|iPhone.Build.0 = Ad-Hoc|iPhone
		{55FD738A-0F69-466C-9A3F-4E9F623D39B9}.Ad-Hoc|iPhoneSimulator.ActiveCfg = Ad-Hoc|iPhoneSimulator
		{55FD738A-0F69-466C-9A3F-4E9F623D39B9}.Ad-Hoc|iPhoneSimulator.Build.0 = Ad-Hoc|iPhoneSimulator
		{55FD738A-0F69-466C-9A3F-4E9F623D39B9}.Ad-Hoc|x64.ActiveCfg = Ad-Hoc|iPhone
		{55FD738A-0F69-466C-9A3F-4E9F623D39B9}.Ad-Hoc|x86.ActiveCfg = Ad-Hoc|iPhone
		{55FD738A-0F69-466C-9A3F-4E9F623D39B9}.AppStore|Any CPU.ActiveCfg = AppStore|iPhone
		{55FD738A-0F69-466C-9A3F-4E9F623D39B9}.AppStore|ARM.ActiveCfg = AppStore|iPhone
		{55FD738A-0F69-466C-9A3F-4E9F623D39B9}.AppStore|iPhone.ActiveCfg = AppStore|iPhone
		{55FD738A-0F69-466C-9A3F-4E9F623D39B9}.AppStore|iPhone.Build.0 = AppStore|iPhone
		{55FD738A-0F69-466C-9A3F-4E9F623D39B9}.AppStore|iPhoneSimulator.ActiveCfg = AppStore|iPhoneSimulator
		{55FD738A-0F69-466C-9A3F-4E9F623D39B9}.AppStore|iPhoneSimulator.Build.0 = AppStore|iPhoneSimulator
		{55FD738A-0F69-466C-9A3F-4E9F623D39B9}.AppStore|x64.ActiveCfg = AppStore|iPhone
		{55FD738A-0F69-466C-9A3F-4E9F623D39B9}.AppStore|x86.ActiveCfg = AppStore|iPhone
		{55FD738A-0F69-466C-9A3F-4E9F623D39B9}.Debug|Any CPU.ActiveCfg = Debug|iPhone
		{55FD738A-0F69-466C-9A3F-4E9F623D39B9}.Debug|ARM.ActiveCfg = Debug|iPhone
		{55FD738A-0F69-466C-9A3F-4E9F623D39B9}.Debug|iPhone.ActiveCfg = Debug|iPhone
		{55FD738A-0F69-466C-9A3F-4E9F623D39B9}.Debug|iPhone.Build.0 = Debug|iPhone
		{55FD738A-0F69-466C-9A3F-4E9F623D39B9}.Debug|iPhoneSimulator.ActiveCfg = Debug|iPhoneSimulator
		{55FD738A-0F69-466C-9A3F-4E9F623D39B9}.Debug|iPhoneSimulator.Build.0 = Debug|iPhoneSimulator
		{55FD738A-0F69-466C-9A3F-4E9F623D39B9}.Debug|x64.ActiveCfg = Debug|iPhone
		{55FD738A-0F69-466C-9A3F-4E9F623D39B9}.Debug|x86.ActiveCfg = Debug|iPhone
		{55FD738A-0F69-466C-9A3F-4E9F623D39B9}.Release|Any CPU.ActiveCfg = Release|iPhone
		{55FD738A-0F69-466C-9A3F-4E9F623D39B9}.Release|ARM.ActiveCfg = Release|iPhone
		{55FD738A-0F69-466C-9A3F-4E9F623D39B9}.Release|iPhone.ActiveCfg = Release|iPhone
		{55FD738A-0F69-466C-9A3F-4E9F623D39B9}.Release|iPhone.Build.0 = Release|iPhone
		{55FD738A-0F69-466C-9A3F-4E9F623D39B9}.Release|iPhoneSimulator.ActiveCfg = Release|iPhoneSimulator
		{55FD738A-0F69-466C-9A3F-4E9F623D39B9}.Release|iPhoneSimulator.Build.0 = Release|iPhoneSimulator
		{55FD738A-0F69-466C-9A3F-4E9F623D39B9}.Release|x64.ActiveCfg = Release|iPhone
		{55FD738A-0F69-466C-9A3F-4E9F623D39B9}.Release|x86.ActiveCfg = Release|iPhone
		{0A5FD03D-806B-4F3A-B993-4B6A8CBB92BA}.Ad-Hoc|Any CPU.ActiveCfg = Release|x64
		{0A5FD03D-806B-4F3A-B993-4B6A8CBB92BA}.Ad-Hoc|Any CPU.Build.0 = Release|x64
		{0A5FD03D-806B-4F3A-B993-4B6A8CBB92BA}.Ad-Hoc|Any CPU.Deploy.0 = Release|x64
		{0A5FD03D-806B-4F3A-B993-4B6A8CBB92BA}.Ad-Hoc|ARM.ActiveCfg = Release|ARM
		{0A5FD03D-806B-4F3A-B993-4B6A8CBB92BA}.Ad-Hoc|ARM.Build.0 = Release|ARM
		{0A5FD03D-806B-4F3A-B993-4B6A8CBB92BA}.Ad-Hoc|ARM.Deploy.0 = Release|ARM
		{0A5FD03D-806B-4F3A-B993-4B6A8CBB92BA}.Ad-Hoc|iPhone.ActiveCfg = Release|x64
		{0A5FD03D-806B-4F3A-B993-4B6A8CBB92BA}.Ad-Hoc|iPhone.Build.0 = Release|x64
		{0A5FD03D-806B-4F3A-B993-4B6A8CBB92BA}.Ad-Hoc|iPhone.Deploy.0 = Release|x64
		{0A5FD03D-806B-4F3A-B993-4B6A8CBB92BA}.Ad-Hoc|iPhoneSimulator.ActiveCfg = Release|x64
		{0A5FD03D-806B-4F3A-B993-4B6A8CBB92BA}.Ad-Hoc|iPhoneSimulator.Build.0 = Release|x64
		{0A5FD03D-806B-4F3A-B993-4B6A8CBB92BA}.Ad-Hoc|iPhoneSimulator.Deploy.0 = Release|x64
		{0A5FD03D-806B-4F3A-B993-4B6A8CBB92BA}.Ad-Hoc|x64.ActiveCfg = Release|x64
		{0A5FD03D-806B-4F3A-B993-4B6A8CBB92BA}.Ad-Hoc|x64.Build.0 = Release|x64
		{0A5FD03D-806B-4F3A-B993-4B6A8CBB92BA}.Ad-Hoc|x64.Deploy.0 = Release|x64
		{0A5FD03D-806B-4F3A-B993-4B6A8CBB92BA}.Ad-Hoc|x86.ActiveCfg = Release|x86
		{0A5FD03D-806B-4F3A-B993-4B6A8CBB92BA}.Ad-Hoc|x86.Build.0 = Release|x86
		{0A5FD03D-806B-4F3A-B993-4B6A8CBB92BA}.Ad-Hoc|x86.Deploy.0 = Release|x86
		{0A5FD03D-806B-4F3A-B993-4B6A8CBB92BA}.AppStore|Any CPU.ActiveCfg = Release|x64
		{0A5FD03D-806B-4F3A-B993-4B6A8CBB92BA}.AppStore|Any CPU.Build.0 = Release|x64
		{0A5FD03D-806B-4F3A-B993-4B6A8CBB92BA}.AppStore|Any CPU.Deploy.0 = Release|x64
		{0A5FD03D-806B-4F3A-B993-4B6A8CBB92BA}.AppStore|ARM.ActiveCfg = Release|ARM
		{0A5FD03D-806B-4F3A-B993-4B6A8CBB92BA}.AppStore|ARM.Build.0 = Release|ARM
		{0A5FD03D-806B-4F3A-B993-4B6A8CBB92BA}.AppStore|ARM.Deploy.0 = Release|ARM
		{0A5FD03D-806B-4F3A-B993-4B6A8CBB92BA}.AppStore|iPhone.ActiveCfg = Release|x64
		{0A5FD03D-806B-4F3A-B993-4B6A8CBB92BA}.AppStore|iPhone.Build.0 = Release|x64
		{0A5FD03D-806B-4F3A-B993-4B6A8CBB92BA}.AppStore|iPhone.Deploy.0 = Release|x64
		{0A5FD03D-806B-4F3A-B993-4B6A8CBB92BA}.AppStore|iPhoneSimulator.ActiveCfg = Release|x64
		{0A5FD03D-806B-4F3A-B993-4B6A8CBB92BA}.AppStore|iPhoneSimulator.Build.0 = Release|x64
		{0A5FD03D-806B-4F3A-B993-4B6A8CBB92BA}.AppStore|iPhoneSimulator.Deploy.0 = Release|x64
		{0A5FD03D-806B-4F3A-B993-4B6A8CBB92BA}.AppStore|x64.ActiveCfg = Release|x64
		{0A5FD03D-806B-4F3A-B993-4B6A8CBB92BA}.AppStore|x64.Build.0 = Release|x64
		{0A5FD03D-806B-4F3A-B993-4B6A8CBB92BA}.AppStore|x64.Deploy.0 = Release|x64
		{0A5FD03D-806B-4F3A-B993-4B6A8CBB92BA}.AppStore|x86.ActiveCfg = Release|x86
		{0A5FD03D-806B-4F3A-B993-4B6A8CBB92BA}.AppStore|x86.Build.0 = Release|x86
		{0A5FD03D-806B-4F3A-B993-4B6A8CBB92BA}.AppStore|x86.Deploy.0 = Release|x86
		{0A5FD03D-806B-4F3A-B993-4B6A8CBB92BA}.Debug|Any CPU.ActiveCfg = Debug|x86
		{0A5FD03D-806B-4F3A-B993-4B6A8CBB92BA}.Debug|ARM.ActiveCfg = Debug|ARM
		{0A5FD03D-806B-4F3A-B993-4B6A8CBB92BA}.Debug|ARM.Build.0 = Debug|ARM
		{0A5FD03D-806B-4F3A-B993-4B6A8CBB92BA}.Debug|ARM.Deploy.0 = Debug|ARM
		{0A5FD03D-806B-4F3A-B993-4B6A8CBB92BA}.Debug|iPhone.ActiveCfg = Debug|x86
		{0A5FD03D-806B-4F3A-B993-4B6A8CBB92BA}.Debug|iPhoneSimulator.ActiveCfg = Debug|x86
		{0A5FD03D-806B-4F3A-B993-4B6A8CBB92BA}.Debug|x64.ActiveCfg = Debug|x64
		{0A5FD03D-806B-4F3A-B993-4B6A8CBB92BA}.Debug|x64.Build.0 = Debug|x64
		{0A5FD03D-806B-4F3A-B993-4B6A8CBB92BA}.Debug|x64.Deploy.0 = Debug|x64
		{0A5FD03D-806B-4F3A-B993-4B6A8CBB92BA}.Debug|x86.ActiveCfg = Debug|x86
		{0A5FD03D-806B-4F3A-B993-4B6A8CBB92BA}.Debug|x86.Build.0 = Debug|x86
		{0A5FD03D-806B-4F3A-B993-4B6A8CBB92BA}.Debug|x86.Deploy.0 = Debug|x86
		{0A5FD03D-806B-4F3A-B993-4B6A8CBB92BA}.Release|Any CPU.ActiveCfg = Release|x86
		{0A5FD03D-806B-4F3A-B993-4B6A8CBB92BA}.Release|ARM.ActiveCfg = Release|ARM
		{0A5FD03D-806B-4F3A-B993-4B6A8CBB92BA}.Release|ARM.Build.0 = Release|ARM
		{0A5FD03D-806B-4F3A-B993-4B6A8CBB92BA}.Release|ARM.Deploy.0 = Release|ARM
		{0A5FD03D-806B-4F3A-B993-4B6A8CBB92BA}.Release|iPhone.ActiveCfg = Release|x86
		{0A5FD03D-806B-4F3A-B993-4B6A8CBB92BA}.Release|iPhoneSimulator.ActiveCfg = Release|x86
		{0A5FD03D-806B-4F3A-B993-4B6A8CBB92BA}.Release|x64.ActiveCfg = Release|x64
		{0A5FD03D-806B-4F3A-B993-4B6A8CBB92BA}.Release|x64.Build.0 = Release|x64
		{0A5FD03D-806B-4F3A-B993-4B6A8CBB92BA}.Release|x64.Deploy.0 = Release|x64
		{0A5FD03D-806B-4F3A-B993-4B6A8CBB92BA}.Release|x86.ActiveCfg = Release|x86
		{0A5FD03D-806B-4F3A-B993-4B6A8CBB92BA}.Release|x86.Build.0 = Release|x86
		{0A5FD03D-806B-4F3A-B993-4B6A8CBB92BA}.Release|x86.Deploy.0 = Release|x86
		{410EF3F0-F4E2-4C23-99A4-3CF0B8BF5BC2}.Ad-Hoc|Any CPU.ActiveCfg = Debug|Any CPU
		{410EF3F0-F4E2-4C23-99A4-3CF0B8BF5BC2}.Ad-Hoc|Any CPU.Build.0 = Debug|Any CPU
		{410EF3F0-F4E2-4C23-99A4-3CF0B8BF5BC2}.Ad-Hoc|ARM.ActiveCfg = Debug|Any CPU
		{410EF3F0-F4E2-4C23-99A4-3CF0B8BF5BC2}.Ad-Hoc|ARM.Build.0 = Debug|Any CPU
		{410EF3F0-F4E2-4C23-99A4-3CF0B8BF5BC2}.Ad-Hoc|iPhone.ActiveCfg = Debug|Any CPU
		{410EF3F0-F4E2-4C23-99A4-3CF0B8BF5BC2}.Ad-Hoc|iPhone.Build.0 = Debug|Any CPU
		{410EF3F0-F4E2-4C23-99A4-3CF0B8BF5BC2}.Ad-Hoc|iPhoneSimulator.ActiveCfg = Debug|Any CPU
		{410EF3F0-F4E2-4C23-99A4-3CF0B8BF5BC2}.Ad-Hoc|iPhoneSimulator.Build.0 = Debug|Any CPU
		{410EF3F0-F4E2-4C23-99A4-3CF0B8BF5BC2}.Ad-Hoc|x64.ActiveCfg = Debug|Any CPU
		{410EF3F0-F4E2-4C23-99A4-3CF0B8BF5BC2}.Ad-Hoc|x64.Build.0 = Debug|Any CPU
		{410EF3F0-F4E2-4C23-99A4-3CF0B8BF5BC2}.Ad-Hoc|x86.ActiveCfg = Debug|Any CPU
		{410EF3F0-F4E2-4C23-99A4-3CF0B8BF5BC2}.Ad-Hoc|x86.Build.0 = Debug|Any CPU
		{410EF3F0-F4E2-4C23-99A4-3CF0B8BF5BC2}.AppStore|Any CPU.ActiveCfg = Debug|Any CPU
		{410EF3F0-F4E2-4C23-99A4-3CF0B8BF5BC2}.AppStore|Any CPU.Build.0 = Debug|Any CPU
		{410EF3F0-F4E2-4C23-99A4-3CF0B8BF5BC2}.AppStore|ARM.ActiveCfg = Debug|Any CPU
		{410EF3F0-F4E2-4C23-99A4-3CF0B8BF5BC2}.AppStore|ARM.Build.0 = Debug|Any CPU
		{410EF3F0-F4E2-4C23-99A4-3CF0B8BF5BC2}.AppStore|iPhone.ActiveCfg = Debug|Any CPU
		{410EF3F0-F4E2-4C23-99A4-3CF0B8BF5BC2}.AppStore|iPhone.Build.0 = Debug|Any CPU
		{410EF3F0-F4E2-4C23-99A4-3CF0B8BF5BC2}.AppStore|iPhoneSimulator.ActiveCfg = Debug|Any CPU
		{410EF3F0-F4E2-4C23-99A4-3CF0B8BF5BC2}.AppStore|iPhoneSimulator.Build.0 = Debug|Any CPU
		{410EF3F0-F4E2-4C23-99A4-3CF0B8BF5BC2}.AppStore|x64.ActiveCfg = Debug|Any CPU
		{410EF3F0-F4E2-4C23-99A4-3CF0B8BF5BC2}.AppStore|x64.Build.0 = Debug|Any CPU
		{410EF3F0-F4E2-4C23-99A4-3CF0B8BF5BC2}.AppStore|x86.ActiveCfg = Debug|Any CPU
		{410EF3F0-F4E2-4C23-99A4-3CF0B8BF5BC2}.AppStore|x86.Build.0 = Debug|Any CPU
		{410EF3F0-F4E2-4C23-99A4-3CF0B8BF5BC2}.Debug|Any CPU.ActiveCfg = Debug|Any CPU
		{410EF3F0-F4E2-4C23-99A4-3CF0B8BF5BC2}.Debug|Any CPU.Build.0 = Debug|Any CPU
		{410EF3F0-F4E2-4C23-99A4-3CF0B8BF5BC2}.Debug|ARM.ActiveCfg = Debug|Any CPU
		{410EF3F0-F4E2-4C23-99A4-3CF0B8BF5BC2}.Debug|ARM.Build.0 = Debug|Any CPU
		{410EF3F0-F4E2-4C23-99A4-3CF0B8BF5BC2}.Debug|iPhone.ActiveCfg = Debug|Any CPU
		{410EF3F0-F4E2-4C23-99A4-3CF0B8BF5BC2}.Debug|iPhone.Build.0 = Debug|Any CPU
		{410EF3F0-F4E2-4C23-99A4-3CF0B8BF5BC2}.Debug|iPhoneSimulator.ActiveCfg = Debug|Any CPU
		{410EF3F0-F4E2-4C23-99A4-3CF0B8BF5BC2}.Debug|iPhoneSimulator.Build.0 = Debug|Any CPU
		{410EF3F0-F4E2-4C23-99A4-3CF0B8BF5BC2}.Debug|x64.ActiveCfg = Debug|Any CPU
		{410EF3F0-F4E2-4C23-99A4-3CF0B8BF5BC2}.Debug|x64.Build.0 = Debug|Any CPU
		{410EF3F0-F4E2-4C23-99A4-3CF0B8BF5BC2}.Debug|x86.ActiveCfg = Debug|Any CPU
		{410EF3F0-F4E2-4C23-99A4-3CF0B8BF5BC2}.Debug|x86.Build.0 = Debug|Any CPU
		{410EF3F0-F4E2-4C23-99A4-3CF0B8BF5BC2}.Release|Any CPU.ActiveCfg = Release|Any CPU
		{410EF3F0-F4E2-4C23-99A4-3CF0B8BF5BC2}.Release|Any CPU.Build.0 = Release|Any CPU
		{410EF3F0-F4E2-4C23-99A4-3CF0B8BF5BC2}.Release|ARM.ActiveCfg = Release|Any CPU
		{410EF3F0-F4E2-4C23-99A4-3CF0B8BF5BC2}.Release|ARM.Build.0 = Release|Any CPU
		{410EF3F0-F4E2-4C23-99A4-3CF0B8BF5BC2}.Release|iPhone.ActiveCfg = Release|Any CPU
		{410EF3F0-F4E2-4C23-99A4-3CF0B8BF5BC2}.Release|iPhone.Build.0 = Release|Any CPU
		{410EF3F0-F4E2-4C23-99A4-3CF0B8BF5BC2}.Release|iPhoneSimulator.ActiveCfg = Release|Any CPU
		{410EF3F0-F4E2-4C23-99A4-3CF0B8BF5BC2}.Release|iPhoneSimulator.Build.0 = Release|Any CPU
		{410EF3F0-F4E2-4C23-99A4-3CF0B8BF5BC2}.Release|x64.ActiveCfg = Release|Any CPU
		{410EF3F0-F4E2-4C23-99A4-3CF0B8BF5BC2}.Release|x64.Build.0 = Release|Any CPU
		{410EF3F0-F4E2-4C23-99A4-3CF0B8BF5BC2}.Release|x86.ActiveCfg = Release|Any CPU
		{410EF3F0-F4E2-4C23-99A4-3CF0B8BF5BC2}.Release|x86.Build.0 = Release|Any CPU
	EndGlobalSection
	GlobalSection(SolutionProperties) = preSolution
		HideSolutionNode = FALSE
	EndGlobalSection
	GlobalSection(ExtensibilityGlobals) = postSolution
		SolutionGuid = {6FD8F18A-6F52-42E1-81C1-AF927A294485}
	EndGlobalSection
EndGlobal
