
Microsoft Visual Studio Solution File, Format Version 12.00
# Visual Studio Version 16
VisualStudioVersion = 16.0.29911.84
MinimumVisualStudioVersion = 10.0.40219.1
Project("{D954291E-2A0B-460D-934E-DC6B0785DB48}") = "Sample.MvvmAndDependencyInjection.Shared", "Sample.MvvmAndDependencyInjection.Shared\Sample.MvvmAndDependencyInjection.Shared.shproj", "{6279C845-92F8-4333-AB99-3D213163593C}"
EndProject
Project("{FAE04EC0-301F-11D3-BF4B-00C04F79EFBC}") = "Sample.MvvmAndDependencyInjection.Droid", "Sample.MvvmAndDependencyInjection.Droid\Sample.MvvmAndDependencyInjection.Droid.csproj", "{7E50F808-D40A-41C6-B76D-B5AF96B1F570}"
EndProject
Project("{FAE04EC0-301F-11D3-BF4B-00C04F79EFBC}") = "Sample.MvvmAndDependencyInjection.iOS", "Sample.MvvmAndDependencyInjection.iOS\Sample.MvvmAndDependencyInjection.iOS.csproj", "{DD9D79FC-2BE8-479F-B15A-4F277AEC127E}"
EndProject
Project("{FAE04EC0-301F-11D3-BF4B-00C04F79EFBC}") = "Sample.MvvmAndDependencyInjection.UWP", "Sample.MvvmAndDependencyInjection.UWP\Sample.MvvmAndDependencyInjection.UWP.csproj", "{B278BB3A-4DD4-4D2C-ACBE-5B49F63FAFCA}"
EndProject
Project("{FAE04EC0-301F-11D3-BF4B-00C04F79EFBC}") = "Sample.MvvmAndDependencyInjection.Wasm", "Sample.MvvmAndDependencyInjection.Wasm\Sample.MvvmAndDependencyInjection.Wasm.csproj", "{3E0C0038-3BCB-4F75-9673-5B5924746EEC}"
EndProject
Global
	GlobalSection(SharedMSBuildProjectFiles) = preSolution
		Sample.MvvmAndDependencyInjection.Shared\Sample.MvvmAndDependencyInjection.Shared.projitems*{3e0c0038-3bcb-4f75-9673-5b5924746eec}*SharedItemsImports = 5
		Sample.MvvmAndDependencyInjection.Shared\Sample.MvvmAndDependencyInjection.Shared.projitems*{6279c845-92f8-4333-ab99-3d213163593c}*SharedItemsImports = 13
		Sample.MvvmAndDependencyInjection.Shared\Sample.MvvmAndDependencyInjection.Shared.projitems*{7e50f808-d40a-41c6-b76d-b5af96b1f570}*SharedItemsImports = 4
		Sample.MvvmAndDependencyInjection.Shared\Sample.MvvmAndDependencyInjection.Shared.projitems*{b278bb3a-4dd4-4d2c-acbe-5b49f63fafca}*SharedItemsImports = 4
		Sample.MvvmAndDependencyInjection.Shared\Sample.MvvmAndDependencyInjection.Shared.projitems*{dd9d79fc-2be8-479f-b15a-4f277aec127e}*SharedItemsImports = 4
	EndGlobalSection
	GlobalSection(SolutionConfigurationPlatforms) = preSolution
		Ad-Hoc|Any CPU = Ad-Hoc|Any CPU
		Ad-Hoc|ARM = Ad-Hoc|ARM
		Ad-Hoc|ARM64 = Ad-Hoc|ARM64
		Ad-Hoc|iPhone = Ad-Hoc|iPhone
		Ad-Hoc|iPhoneSimulator = Ad-Hoc|iPhoneSimulator
		Ad-Hoc|x64 = Ad-Hoc|x64
		Ad-Hoc|x86 = Ad-Hoc|x86
		AppStore|Any CPU = AppStore|Any CPU
		AppStore|ARM = AppStore|ARM
		AppStore|ARM64 = AppStore|ARM64
		AppStore|iPhone = AppStore|iPhone
		AppStore|iPhoneSimulator = AppStore|iPhoneSimulator
		AppStore|x64 = AppStore|x64
		AppStore|x86 = AppStore|x86
		Debug|Any CPU = Debug|Any CPU
		Debug|ARM = Debug|ARM
		Debug|ARM64 = Debug|ARM64
		Debug|iPhone = Debug|iPhone
		Debug|iPhoneSimulator = Debug|iPhoneSimulator
		Debug|x64 = Debug|x64
		Debug|x86 = Debug|x86
		Release|Any CPU = Release|Any CPU
		Release|ARM = Release|ARM
		Release|ARM64 = Release|ARM64
		Release|iPhone = Release|iPhone
		Release|iPhoneSimulator = Release|iPhoneSimulator
		Release|x64 = Release|x64
		Release|x86 = Release|x86
	EndGlobalSection
	GlobalSection(ProjectConfigurationPlatforms) = postSolution
		{7E50F808-D40A-41C6-B76D-B5AF96B1F570}.Ad-Hoc|Any CPU.ActiveCfg = Release|Any CPU
		{7E50F808-D40A-41C6-B76D-B5AF96B1F570}.Ad-Hoc|Any CPU.Build.0 = Release|Any CPU
		{7E50F808-D40A-41C6-B76D-B5AF96B1F570}.Ad-Hoc|Any CPU.Deploy.0 = Release|Any CPU
		{7E50F808-D40A-41C6-B76D-B5AF96B1F570}.Ad-Hoc|ARM.ActiveCfg = Release|Any CPU
		{7E50F808-D40A-41C6-B76D-B5AF96B1F570}.Ad-Hoc|ARM.Build.0 = Release|Any CPU
		{7E50F808-D40A-41C6-B76D-B5AF96B1F570}.Ad-Hoc|ARM.Deploy.0 = Release|Any CPU
		{7E50F808-D40A-41C6-B76D-B5AF96B1F570}.Ad-Hoc|ARM64.ActiveCfg = Release|Any CPU
		{7E50F808-D40A-41C6-B76D-B5AF96B1F570}.Ad-Hoc|ARM64.Build.0 = Release|Any CPU
		{7E50F808-D40A-41C6-B76D-B5AF96B1F570}.Ad-Hoc|ARM64.Deploy.0 = Release|Any CPU
		{7E50F808-D40A-41C6-B76D-B5AF96B1F570}.Ad-Hoc|iPhone.ActiveCfg = Release|Any CPU
		{7E50F808-D40A-41C6-B76D-B5AF96B1F570}.Ad-Hoc|iPhone.Build.0 = Release|Any CPU
		{7E50F808-D40A-41C6-B76D-B5AF96B1F570}.Ad-Hoc|iPhone.Deploy.0 = Release|Any CPU
		{7E50F808-D40A-41C6-B76D-B5AF96B1F570}.Ad-Hoc|iPhoneSimulator.ActiveCfg = Release|Any CPU
		{7E50F808-D40A-41C6-B76D-B5AF96B1F570}.Ad-Hoc|iPhoneSimulator.Build.0 = Release|Any CPU
		{7E50F808-D40A-41C6-B76D-B5AF96B1F570}.Ad-Hoc|iPhoneSimulator.Deploy.0 = Release|Any CPU
		{7E50F808-D40A-41C6-B76D-B5AF96B1F570}.Ad-Hoc|x64.ActiveCfg = Release|Any CPU
		{7E50F808-D40A-41C6-B76D-B5AF96B1F570}.Ad-Hoc|x64.Build.0 = Release|Any CPU
		{7E50F808-D40A-41C6-B76D-B5AF96B1F570}.Ad-Hoc|x64.Deploy.0 = Release|Any CPU
		{7E50F808-D40A-41C6-B76D-B5AF96B1F570}.Ad-Hoc|x86.ActiveCfg = Release|Any CPU
		{7E50F808-D40A-41C6-B76D-B5AF96B1F570}.Ad-Hoc|x86.Build.0 = Release|Any CPU
		{7E50F808-D40A-41C6-B76D-B5AF96B1F570}.Ad-Hoc|x86.Deploy.0 = Release|Any CPU
		{7E50F808-D40A-41C6-B76D-B5AF96B1F570}.AppStore|Any CPU.ActiveCfg = Release|Any CPU
		{7E50F808-D40A-41C6-B76D-B5AF96B1F570}.AppStore|Any CPU.Build.0 = Release|Any CPU
		{7E50F808-D40A-41C6-B76D-B5AF96B1F570}.AppStore|Any CPU.Deploy.0 = Release|Any CPU
		{7E50F808-D40A-41C6-B76D-B5AF96B1F570}.AppStore|ARM.ActiveCfg = Release|Any CPU
		{7E50F808-D40A-41C6-B76D-B5AF96B1F570}.AppStore|ARM.Build.0 = Release|Any CPU
		{7E50F808-D40A-41C6-B76D-B5AF96B1F570}.AppStore|ARM.Deploy.0 = Release|Any CPU
		{7E50F808-D40A-41C6-B76D-B5AF96B1F570}.AppStore|ARM64.ActiveCfg = Release|Any CPU
		{7E50F808-D40A-41C6-B76D-B5AF96B1F570}.AppStore|ARM64.Build.0 = Release|Any CPU
		{7E50F808-D40A-41C6-B76D-B5AF96B1F570}.AppStore|ARM64.Deploy.0 = Release|Any CPU
		{7E50F808-D40A-41C6-B76D-B5AF96B1F570}.AppStore|iPhone.ActiveCfg = Release|Any CPU
		{7E50F808-D40A-41C6-B76D-B5AF96B1F570}.AppStore|iPhone.Build.0 = Release|Any CPU
		{7E50F808-D40A-41C6-B76D-B5AF96B1F570}.AppStore|iPhone.Deploy.0 = Release|Any CPU
		{7E50F808-D40A-41C6-B76D-B5AF96B1F570}.AppStore|iPhoneSimulator.ActiveCfg = Release|Any CPU
		{7E50F808-D40A-41C6-B76D-B5AF96B1F570}.AppStore|iPhoneSimulator.Build.0 = Release|Any CPU
		{7E50F808-D40A-41C6-B76D-B5AF96B1F570}.AppStore|iPhoneSimulator.Deploy.0 = Release|Any CPU
		{7E50F808-D40A-41C6-B76D-B5AF96B1F570}.AppStore|x64.ActiveCfg = Release|Any CPU
		{7E50F808-D40A-41C6-B76D-B5AF96B1F570}.AppStore|x64.Build.0 = Release|Any CPU
		{7E50F808-D40A-41C6-B76D-B5AF96B1F570}.AppStore|x64.Deploy.0 = Release|Any CPU
		{7E50F808-D40A-41C6-B76D-B5AF96B1F570}.AppStore|x86.ActiveCfg = Release|Any CPU
		{7E50F808-D40A-41C6-B76D-B5AF96B1F570}.AppStore|x86.Build.0 = Release|Any CPU
		{7E50F808-D40A-41C6-B76D-B5AF96B1F570}.AppStore|x86.Deploy.0 = Release|Any CPU
		{7E50F808-D40A-41C6-B76D-B5AF96B1F570}.Debug|Any CPU.ActiveCfg = Debug|Any CPU
		{7E50F808-D40A-41C6-B76D-B5AF96B1F570}.Debug|Any CPU.Build.0 = Debug|Any CPU
		{7E50F808-D40A-41C6-B76D-B5AF96B1F570}.Debug|Any CPU.Deploy.0 = Debug|Any CPU
		{7E50F808-D40A-41C6-B76D-B5AF96B1F570}.Debug|ARM.ActiveCfg = Debug|Any CPU
		{7E50F808-D40A-41C6-B76D-B5AF96B1F570}.Debug|ARM.Build.0 = Debug|Any CPU
		{7E50F808-D40A-41C6-B76D-B5AF96B1F570}.Debug|ARM.Deploy.0 = Debug|Any CPU
		{7E50F808-D40A-41C6-B76D-B5AF96B1F570}.Debug|ARM64.ActiveCfg = Debug|Any CPU
		{7E50F808-D40A-41C6-B76D-B5AF96B1F570}.Debug|ARM64.Build.0 = Debug|Any CPU
		{7E50F808-D40A-41C6-B76D-B5AF96B1F570}.Debug|ARM64.Deploy.0 = Debug|Any CPU
		{7E50F808-D40A-41C6-B76D-B5AF96B1F570}.Debug|iPhone.ActiveCfg = Debug|Any CPU
		{7E50F808-D40A-41C6-B76D-B5AF96B1F570}.Debug|iPhone.Build.0 = Debug|Any CPU
		{7E50F808-D40A-41C6-B76D-B5AF96B1F570}.Debug|iPhone.Deploy.0 = Debug|Any CPU
		{7E50F808-D40A-41C6-B76D-B5AF96B1F570}.Debug|iPhoneSimulator.ActiveCfg = Debug|Any CPU
		{7E50F808-D40A-41C6-B76D-B5AF96B1F570}.Debug|iPhoneSimulator.Build.0 = Debug|Any CPU
		{7E50F808-D40A-41C6-B76D-B5AF96B1F570}.Debug|iPhoneSimulator.Deploy.0 = Debug|Any CPU
		{7E50F808-D40A-41C6-B76D-B5AF96B1F570}.Debug|x64.ActiveCfg = Debug|Any CPU
		{7E50F808-D40A-41C6-B76D-B5AF96B1F570}.Debug|x64.Build.0 = Debug|Any CPU
		{7E50F808-D40A-41C6-B76D-B5AF96B1F570}.Debug|x64.Deploy.0 = Debug|Any CPU
		{7E50F808-D40A-41C6-B76D-B5AF96B1F570}.Debug|x86.ActiveCfg = Debug|Any CPU
		{7E50F808-D40A-41C6-B76D-B5AF96B1F570}.Debug|x86.Build.0 = Debug|Any CPU
		{7E50F808-D40A-41C6-B76D-B5AF96B1F570}.Debug|x86.Deploy.0 = Debug|Any CPU
		{7E50F808-D40A-41C6-B76D-B5AF96B1F570}.Release|Any CPU.ActiveCfg = Release|Any CPU
		{7E50F808-D40A-41C6-B76D-B5AF96B1F570}.Release|Any CPU.Build.0 = Release|Any CPU
		{7E50F808-D40A-41C6-B76D-B5AF96B1F570}.Release|Any CPU.Deploy.0 = Release|Any CPU
		{7E50F808-D40A-41C6-B76D-B5AF96B1F570}.Release|ARM.ActiveCfg = Release|Any CPU
		{7E50F808-D40A-41C6-B76D-B5AF96B1F570}.Release|ARM.Build.0 = Release|Any CPU
		{7E50F808-D40A-41C6-B76D-B5AF96B1F570}.Release|ARM.Deploy.0 = Release|Any CPU
		{7E50F808-D40A-41C6-B76D-B5AF96B1F570}.Release|ARM64.ActiveCfg = Release|Any CPU
		{7E50F808-D40A-41C6-B76D-B5AF96B1F570}.Release|ARM64.Build.0 = Release|Any CPU
		{7E50F808-D40A-41C6-B76D-B5AF96B1F570}.Release|ARM64.Deploy.0 = Release|Any CPU
		{7E50F808-D40A-41C6-B76D-B5AF96B1F570}.Release|iPhone.ActiveCfg = Release|Any CPU
		{7E50F808-D40A-41C6-B76D-B5AF96B1F570}.Release|iPhone.Build.0 = Release|Any CPU
		{7E50F808-D40A-41C6-B76D-B5AF96B1F570}.Release|iPhone.Deploy.0 = Release|Any CPU
		{7E50F808-D40A-41C6-B76D-B5AF96B1F570}.Release|iPhoneSimulator.ActiveCfg = Release|Any CPU
		{7E50F808-D40A-41C6-B76D-B5AF96B1F570}.Release|iPhoneSimulator.Build.0 = Release|Any CPU
		{7E50F808-D40A-41C6-B76D-B5AF96B1F570}.Release|iPhoneSimulator.Deploy.0 = Release|Any CPU
		{7E50F808-D40A-41C6-B76D-B5AF96B1F570}.Release|x64.ActiveCfg = Release|Any CPU
		{7E50F808-D40A-41C6-B76D-B5AF96B1F570}.Release|x64.Build.0 = Release|Any CPU
		{7E50F808-D40A-41C6-B76D-B5AF96B1F570}.Release|x64.Deploy.0 = Release|Any CPU
		{7E50F808-D40A-41C6-B76D-B5AF96B1F570}.Release|x86.ActiveCfg = Release|Any CPU
		{7E50F808-D40A-41C6-B76D-B5AF96B1F570}.Release|x86.Build.0 = Release|Any CPU
		{7E50F808-D40A-41C6-B76D-B5AF96B1F570}.Release|x86.Deploy.0 = Release|Any CPU
		{DD9D79FC-2BE8-479F-B15A-4F277AEC127E}.Ad-Hoc|Any CPU.ActiveCfg = Ad-Hoc|iPhone
		{DD9D79FC-2BE8-479F-B15A-4F277AEC127E}.Ad-Hoc|ARM.ActiveCfg = Ad-Hoc|iPhone
		{DD9D79FC-2BE8-479F-B15A-4F277AEC127E}.Ad-Hoc|ARM64.ActiveCfg = Ad-Hoc|iPhone
		{DD9D79FC-2BE8-479F-B15A-4F277AEC127E}.Ad-Hoc|iPhone.ActiveCfg = Ad-Hoc|iPhone
		{DD9D79FC-2BE8-479F-B15A-4F277AEC127E}.Ad-Hoc|iPhone.Build.0 = Ad-Hoc|iPhone
		{DD9D79FC-2BE8-479F-B15A-4F277AEC127E}.Ad-Hoc|iPhoneSimulator.ActiveCfg = Ad-Hoc|iPhoneSimulator
		{DD9D79FC-2BE8-479F-B15A-4F277AEC127E}.Ad-Hoc|iPhoneSimulator.Build.0 = Ad-Hoc|iPhoneSimulator
		{DD9D79FC-2BE8-479F-B15A-4F277AEC127E}.Ad-Hoc|x64.ActiveCfg = Ad-Hoc|iPhone
		{DD9D79FC-2BE8-479F-B15A-4F277AEC127E}.Ad-Hoc|x86.ActiveCfg = Ad-Hoc|iPhone
		{DD9D79FC-2BE8-479F-B15A-4F277AEC127E}.AppStore|Any CPU.ActiveCfg = AppStore|iPhone
		{DD9D79FC-2BE8-479F-B15A-4F277AEC127E}.AppStore|ARM.ActiveCfg = AppStore|iPhone
		{DD9D79FC-2BE8-479F-B15A-4F277AEC127E}.AppStore|ARM64.ActiveCfg = AppStore|iPhone
		{DD9D79FC-2BE8-479F-B15A-4F277AEC127E}.AppStore|iPhone.ActiveCfg = AppStore|iPhone
		{DD9D79FC-2BE8-479F-B15A-4F277AEC127E}.AppStore|iPhone.Build.0 = AppStore|iPhone
		{DD9D79FC-2BE8-479F-B15A-4F277AEC127E}.AppStore|iPhoneSimulator.ActiveCfg = AppStore|iPhoneSimulator
		{DD9D79FC-2BE8-479F-B15A-4F277AEC127E}.AppStore|iPhoneSimulator.Build.0 = AppStore|iPhoneSimulator
		{DD9D79FC-2BE8-479F-B15A-4F277AEC127E}.AppStore|x64.ActiveCfg = AppStore|iPhone
		{DD9D79FC-2BE8-479F-B15A-4F277AEC127E}.AppStore|x86.ActiveCfg = AppStore|iPhone
		{DD9D79FC-2BE8-479F-B15A-4F277AEC127E}.Debug|Any CPU.ActiveCfg = Debug|iPhone
		{DD9D79FC-2BE8-479F-B15A-4F277AEC127E}.Debug|ARM.ActiveCfg = Debug|iPhone
		{DD9D79FC-2BE8-479F-B15A-4F277AEC127E}.Debug|ARM64.ActiveCfg = Debug|iPhone
		{DD9D79FC-2BE8-479F-B15A-4F277AEC127E}.Debug|iPhone.ActiveCfg = Debug|iPhone
		{DD9D79FC-2BE8-479F-B15A-4F277AEC127E}.Debug|iPhone.Build.0 = Debug|iPhone
		{DD9D79FC-2BE8-479F-B15A-4F277AEC127E}.Debug|iPhoneSimulator.ActiveCfg = Debug|iPhoneSimulator
		{DD9D79FC-2BE8-479F-B15A-4F277AEC127E}.Debug|iPhoneSimulator.Build.0 = Debug|iPhoneSimulator
		{DD9D79FC-2BE8-479F-B15A-4F277AEC127E}.Debug|x64.ActiveCfg = Debug|iPhone
		{DD9D79FC-2BE8-479F-B15A-4F277AEC127E}.Debug|x86.ActiveCfg = Debug|iPhone
		{DD9D79FC-2BE8-479F-B15A-4F277AEC127E}.Release|Any CPU.ActiveCfg = Release|iPhone
		{DD9D79FC-2BE8-479F-B15A-4F277AEC127E}.Release|ARM.ActiveCfg = Release|iPhone
		{DD9D79FC-2BE8-479F-B15A-4F277AEC127E}.Release|ARM64.ActiveCfg = Release|iPhone
		{DD9D79FC-2BE8-479F-B15A-4F277AEC127E}.Release|iPhone.ActiveCfg = Release|iPhone
		{DD9D79FC-2BE8-479F-B15A-4F277AEC127E}.Release|iPhone.Build.0 = Release|iPhone
		{DD9D79FC-2BE8-479F-B15A-4F277AEC127E}.Release|iPhoneSimulator.ActiveCfg = Release|iPhoneSimulator
		{DD9D79FC-2BE8-479F-B15A-4F277AEC127E}.Release|iPhoneSimulator.Build.0 = Release|iPhoneSimulator
		{DD9D79FC-2BE8-479F-B15A-4F277AEC127E}.Release|x64.ActiveCfg = Release|iPhone
		{DD9D79FC-2BE8-479F-B15A-4F277AEC127E}.Release|x86.ActiveCfg = Release|iPhone
		{B278BB3A-4DD4-4D2C-ACBE-5B49F63FAFCA}.Ad-Hoc|Any CPU.ActiveCfg = Release|x64
		{B278BB3A-4DD4-4D2C-ACBE-5B49F63FAFCA}.Ad-Hoc|Any CPU.Build.0 = Release|x64
		{B278BB3A-4DD4-4D2C-ACBE-5B49F63FAFCA}.Ad-Hoc|Any CPU.Deploy.0 = Release|x64
		{B278BB3A-4DD4-4D2C-ACBE-5B49F63FAFCA}.Ad-Hoc|ARM.ActiveCfg = Release|ARM
		{B278BB3A-4DD4-4D2C-ACBE-5B49F63FAFCA}.Ad-Hoc|ARM.Build.0 = Release|ARM
		{B278BB3A-4DD4-4D2C-ACBE-5B49F63FAFCA}.Ad-Hoc|ARM.Deploy.0 = Release|ARM
		{B278BB3A-4DD4-4D2C-ACBE-5B49F63FAFCA}.Ad-Hoc|ARM64.ActiveCfg = Release|ARM64
		{B278BB3A-4DD4-4D2C-ACBE-5B49F63FAFCA}.Ad-Hoc|ARM64.Build.0 = Release|ARM64
		{B278BB3A-4DD4-4D2C-ACBE-5B49F63FAFCA}.Ad-Hoc|ARM64.Deploy.0 = Release|ARM64
		{B278BB3A-4DD4-4D2C-ACBE-5B49F63FAFCA}.Ad-Hoc|iPhone.ActiveCfg = Release|x64
		{B278BB3A-4DD4-4D2C-ACBE-5B49F63FAFCA}.Ad-Hoc|iPhone.Build.0 = Release|x64
		{B278BB3A-4DD4-4D2C-ACBE-5B49F63FAFCA}.Ad-Hoc|iPhone.Deploy.0 = Release|x64
		{B278BB3A-4DD4-4D2C-ACBE-5B49F63FAFCA}.Ad-Hoc|iPhoneSimulator.ActiveCfg = Release|x64
		{B278BB3A-4DD4-4D2C-ACBE-5B49F63FAFCA}.Ad-Hoc|iPhoneSimulator.Build.0 = Release|x64
		{B278BB3A-4DD4-4D2C-ACBE-5B49F63FAFCA}.Ad-Hoc|iPhoneSimulator.Deploy.0 = Release|x64
		{B278BB3A-4DD4-4D2C-ACBE-5B49F63FAFCA}.Ad-Hoc|x64.ActiveCfg = Release|x64
		{B278BB3A-4DD4-4D2C-ACBE-5B49F63FAFCA}.Ad-Hoc|x64.Build.0 = Release|x64
		{B278BB3A-4DD4-4D2C-ACBE-5B49F63FAFCA}.Ad-Hoc|x64.Deploy.0 = Release|x64
		{B278BB3A-4DD4-4D2C-ACBE-5B49F63FAFCA}.Ad-Hoc|x86.ActiveCfg = Release|x86
		{B278BB3A-4DD4-4D2C-ACBE-5B49F63FAFCA}.Ad-Hoc|x86.Build.0 = Release|x86
		{B278BB3A-4DD4-4D2C-ACBE-5B49F63FAFCA}.Ad-Hoc|x86.Deploy.0 = Release|x86
		{B278BB3A-4DD4-4D2C-ACBE-5B49F63FAFCA}.AppStore|Any CPU.ActiveCfg = Release|x64
		{B278BB3A-4DD4-4D2C-ACBE-5B49F63FAFCA}.AppStore|Any CPU.Build.0 = Release|x64
		{B278BB3A-4DD4-4D2C-ACBE-5B49F63FAFCA}.AppStore|Any CPU.Deploy.0 = Release|x64
		{B278BB3A-4DD4-4D2C-ACBE-5B49F63FAFCA}.AppStore|ARM.ActiveCfg = Release|ARM
		{B278BB3A-4DD4-4D2C-ACBE-5B49F63FAFCA}.AppStore|ARM.Build.0 = Release|ARM
		{B278BB3A-4DD4-4D2C-ACBE-5B49F63FAFCA}.AppStore|ARM.Deploy.0 = Release|ARM
		{B278BB3A-4DD4-4D2C-ACBE-5B49F63FAFCA}.AppStore|ARM64.ActiveCfg = Release|ARM64
		{B278BB3A-4DD4-4D2C-ACBE-5B49F63FAFCA}.AppStore|ARM64.Build.0 = Release|ARM64
		{B278BB3A-4DD4-4D2C-ACBE-5B49F63FAFCA}.AppStore|ARM64.Deploy.0 = Release|ARM64
		{B278BB3A-4DD4-4D2C-ACBE-5B49F63FAFCA}.AppStore|iPhone.ActiveCfg = Release|x64
		{B278BB3A-4DD4-4D2C-ACBE-5B49F63FAFCA}.AppStore|iPhone.Build.0 = Release|x64
		{B278BB3A-4DD4-4D2C-ACBE-5B49F63FAFCA}.AppStore|iPhone.Deploy.0 = Release|x64
		{B278BB3A-4DD4-4D2C-ACBE-5B49F63FAFCA}.AppStore|iPhoneSimulator.ActiveCfg = Release|x64
		{B278BB3A-4DD4-4D2C-ACBE-5B49F63FAFCA}.AppStore|iPhoneSimulator.Build.0 = Release|x64
		{B278BB3A-4DD4-4D2C-ACBE-5B49F63FAFCA}.AppStore|iPhoneSimulator.Deploy.0 = Release|x64
		{B278BB3A-4DD4-4D2C-ACBE-5B49F63FAFCA}.AppStore|x64.ActiveCfg = Release|x64
		{B278BB3A-4DD4-4D2C-ACBE-5B49F63FAFCA}.AppStore|x64.Build.0 = Release|x64
		{B278BB3A-4DD4-4D2C-ACBE-5B49F63FAFCA}.AppStore|x64.Deploy.0 = Release|x64
		{B278BB3A-4DD4-4D2C-ACBE-5B49F63FAFCA}.AppStore|x86.ActiveCfg = Release|x86
		{B278BB3A-4DD4-4D2C-ACBE-5B49F63FAFCA}.AppStore|x86.Build.0 = Release|x86
		{B278BB3A-4DD4-4D2C-ACBE-5B49F63FAFCA}.AppStore|x86.Deploy.0 = Release|x86
		{B278BB3A-4DD4-4D2C-ACBE-5B49F63FAFCA}.Debug|Any CPU.ActiveCfg = Debug|x86
		{B278BB3A-4DD4-4D2C-ACBE-5B49F63FAFCA}.Debug|ARM.ActiveCfg = Debug|ARM
		{B278BB3A-4DD4-4D2C-ACBE-5B49F63FAFCA}.Debug|ARM.Build.0 = Debug|ARM
		{B278BB3A-4DD4-4D2C-ACBE-5B49F63FAFCA}.Debug|ARM.Deploy.0 = Debug|ARM
		{B278BB3A-4DD4-4D2C-ACBE-5B49F63FAFCA}.Debug|ARM64.ActiveCfg = Debug|ARM64
		{B278BB3A-4DD4-4D2C-ACBE-5B49F63FAFCA}.Debug|ARM64.Build.0 = Debug|ARM64
		{B278BB3A-4DD4-4D2C-ACBE-5B49F63FAFCA}.Debug|ARM64.Deploy.0 = Debug|ARM64
		{B278BB3A-4DD4-4D2C-ACBE-5B49F63FAFCA}.Debug|iPhone.ActiveCfg = Debug|x86
		{B278BB3A-4DD4-4D2C-ACBE-5B49F63FAFCA}.Debug|iPhoneSimulator.ActiveCfg = Debug|x86
		{B278BB3A-4DD4-4D2C-ACBE-5B49F63FAFCA}.Debug|x64.ActiveCfg = Debug|x64
		{B278BB3A-4DD4-4D2C-ACBE-5B49F63FAFCA}.Debug|x64.Build.0 = Debug|x64
		{B278BB3A-4DD4-4D2C-ACBE-5B49F63FAFCA}.Debug|x64.Deploy.0 = Debug|x64
		{B278BB3A-4DD4-4D2C-ACBE-5B49F63FAFCA}.Debug|x86.ActiveCfg = Debug|x86
		{B278BB3A-4DD4-4D2C-ACBE-5B49F63FAFCA}.Debug|x86.Build.0 = Debug|x86
		{B278BB3A-4DD4-4D2C-ACBE-5B49F63FAFCA}.Debug|x86.Deploy.0 = Debug|x86
		{B278BB3A-4DD4-4D2C-ACBE-5B49F63FAFCA}.Release|Any CPU.ActiveCfg = Release|x86
		{B278BB3A-4DD4-4D2C-ACBE-5B49F63FAFCA}.Release|ARM.ActiveCfg = Release|ARM
		{B278BB3A-4DD4-4D2C-ACBE-5B49F63FAFCA}.Release|ARM.Build.0 = Release|ARM
		{B278BB3A-4DD4-4D2C-ACBE-5B49F63FAFCA}.Release|ARM.Deploy.0 = Release|ARM
		{B278BB3A-4DD4-4D2C-ACBE-5B49F63FAFCA}.Release|ARM64.ActiveCfg = Release|ARM64
		{B278BB3A-4DD4-4D2C-ACBE-5B49F63FAFCA}.Release|ARM64.Build.0 = Release|ARM64
		{B278BB3A-4DD4-4D2C-ACBE-5B49F63FAFCA}.Release|ARM64.Deploy.0 = Release|ARM64
		{B278BB3A-4DD4-4D2C-ACBE-5B49F63FAFCA}.Release|iPhone.ActiveCfg = Release|x86
		{B278BB3A-4DD4-4D2C-ACBE-5B49F63FAFCA}.Release|iPhoneSimulator.ActiveCfg = Release|x86
		{B278BB3A-4DD4-4D2C-ACBE-5B49F63FAFCA}.Release|x64.ActiveCfg = Release|x64
		{B278BB3A-4DD4-4D2C-ACBE-5B49F63FAFCA}.Release|x64.Build.0 = Release|x64
		{B278BB3A-4DD4-4D2C-ACBE-5B49F63FAFCA}.Release|x64.Deploy.0 = Release|x64
		{B278BB3A-4DD4-4D2C-ACBE-5B49F63FAFCA}.Release|x86.ActiveCfg = Release|x86
		{B278BB3A-4DD4-4D2C-ACBE-5B49F63FAFCA}.Release|x86.Build.0 = Release|x86
		{B278BB3A-4DD4-4D2C-ACBE-5B49F63FAFCA}.Release|x86.Deploy.0 = Release|x86
		{3E0C0038-3BCB-4F75-9673-5B5924746EEC}.Ad-Hoc|Any CPU.ActiveCfg = Debug|Any CPU
		{3E0C0038-3BCB-4F75-9673-5B5924746EEC}.Ad-Hoc|Any CPU.Build.0 = Debug|Any CPU
		{3E0C0038-3BCB-4F75-9673-5B5924746EEC}.Ad-Hoc|ARM.ActiveCfg = Debug|Any CPU
		{3E0C0038-3BCB-4F75-9673-5B5924746EEC}.Ad-Hoc|ARM.Build.0 = Debug|Any CPU
		{3E0C0038-3BCB-4F75-9673-5B5924746EEC}.Ad-Hoc|ARM64.ActiveCfg = Debug|Any CPU
		{3E0C0038-3BCB-4F75-9673-5B5924746EEC}.Ad-Hoc|ARM64.Build.0 = Debug|Any CPU
		{3E0C0038-3BCB-4F75-9673-5B5924746EEC}.Ad-Hoc|iPhone.ActiveCfg = Debug|Any CPU
		{3E0C0038-3BCB-4F75-9673-5B5924746EEC}.Ad-Hoc|iPhone.Build.0 = Debug|Any CPU
		{3E0C0038-3BCB-4F75-9673-5B5924746EEC}.Ad-Hoc|iPhoneSimulator.ActiveCfg = Debug|Any CPU
		{3E0C0038-3BCB-4F75-9673-5B5924746EEC}.Ad-Hoc|iPhoneSimulator.Build.0 = Debug|Any CPU
		{3E0C0038-3BCB-4F75-9673-5B5924746EEC}.Ad-Hoc|x64.ActiveCfg = Debug|Any CPU
		{3E0C0038-3BCB-4F75-9673-5B5924746EEC}.Ad-Hoc|x64.Build.0 = Debug|Any CPU
		{3E0C0038-3BCB-4F75-9673-5B5924746EEC}.Ad-Hoc|x86.ActiveCfg = Debug|Any CPU
		{3E0C0038-3BCB-4F75-9673-5B5924746EEC}.Ad-Hoc|x86.Build.0 = Debug|Any CPU
		{3E0C0038-3BCB-4F75-9673-5B5924746EEC}.AppStore|Any CPU.ActiveCfg = Debug|Any CPU
		{3E0C0038-3BCB-4F75-9673-5B5924746EEC}.AppStore|Any CPU.Build.0 = Debug|Any CPU
		{3E0C0038-3BCB-4F75-9673-5B5924746EEC}.AppStore|ARM.ActiveCfg = Debug|Any CPU
		{3E0C0038-3BCB-4F75-9673-5B5924746EEC}.AppStore|ARM.Build.0 = Debug|Any CPU
		{3E0C0038-3BCB-4F75-9673-5B5924746EEC}.AppStore|ARM64.ActiveCfg = Debug|Any CPU
		{3E0C0038-3BCB-4F75-9673-5B5924746EEC}.AppStore|ARM64.Build.0 = Debug|Any CPU
		{3E0C0038-3BCB-4F75-9673-5B5924746EEC}.AppStore|iPhone.ActiveCfg = Debug|Any CPU
		{3E0C0038-3BCB-4F75-9673-5B5924746EEC}.AppStore|iPhone.Build.0 = Debug|Any CPU
		{3E0C0038-3BCB-4F75-9673-5B5924746EEC}.AppStore|iPhoneSimulator.ActiveCfg = Debug|Any CPU
		{3E0C0038-3BCB-4F75-9673-5B5924746EEC}.AppStore|iPhoneSimulator.Build.0 = Debug|Any CPU
		{3E0C0038-3BCB-4F75-9673-5B5924746EEC}.AppStore|x64.ActiveCfg = Debug|Any CPU
		{3E0C0038-3BCB-4F75-9673-5B5924746EEC}.AppStore|x64.Build.0 = Debug|Any CPU
		{3E0C0038-3BCB-4F75-9673-5B5924746EEC}.AppStore|x86.ActiveCfg = Debug|Any CPU
		{3E0C0038-3BCB-4F75-9673-5B5924746EEC}.AppStore|x86.Build.0 = Debug|Any CPU
		{3E0C0038-3BCB-4F75-9673-5B5924746EEC}.Debug|Any CPU.ActiveCfg = Debug|Any CPU
		{3E0C0038-3BCB-4F75-9673-5B5924746EEC}.Debug|Any CPU.Build.0 = Debug|Any CPU
		{3E0C0038-3BCB-4F75-9673-5B5924746EEC}.Debug|ARM.ActiveCfg = Debug|Any CPU
		{3E0C0038-3BCB-4F75-9673-5B5924746EEC}.Debug|ARM.Build.0 = Debug|Any CPU
		{3E0C0038-3BCB-4F75-9673-5B5924746EEC}.Debug|ARM64.ActiveCfg = Debug|Any CPU
		{3E0C0038-3BCB-4F75-9673-5B5924746EEC}.Debug|ARM64.Build.0 = Debug|Any CPU
		{3E0C0038-3BCB-4F75-9673-5B5924746EEC}.Debug|iPhone.ActiveCfg = Debug|Any CPU
		{3E0C0038-3BCB-4F75-9673-5B5924746EEC}.Debug|iPhone.Build.0 = Debug|Any CPU
		{3E0C0038-3BCB-4F75-9673-5B5924746EEC}.Debug|iPhoneSimulator.ActiveCfg = Debug|Any CPU
		{3E0C0038-3BCB-4F75-9673-5B5924746EEC}.Debug|iPhoneSimulator.Build.0 = Debug|Any CPU
		{3E0C0038-3BCB-4F75-9673-5B5924746EEC}.Debug|x64.ActiveCfg = Debug|Any CPU
		{3E0C0038-3BCB-4F75-9673-5B5924746EEC}.Debug|x64.Build.0 = Debug|Any CPU
		{3E0C0038-3BCB-4F75-9673-5B5924746EEC}.Debug|x86.ActiveCfg = Debug|Any CPU
		{3E0C0038-3BCB-4F75-9673-5B5924746EEC}.Debug|x86.Build.0 = Debug|Any CPU
		{3E0C0038-3BCB-4F75-9673-5B5924746EEC}.Release|Any CPU.ActiveCfg = Release|Any CPU
		{3E0C0038-3BCB-4F75-9673-5B5924746EEC}.Release|Any CPU.Build.0 = Release|Any CPU
		{3E0C0038-3BCB-4F75-9673-5B5924746EEC}.Release|ARM.ActiveCfg = Release|Any CPU
		{3E0C0038-3BCB-4F75-9673-5B5924746EEC}.Release|ARM.Build.0 = Release|Any CPU
		{3E0C0038-3BCB-4F75-9673-5B5924746EEC}.Release|ARM64.ActiveCfg = Release|Any CPU
		{3E0C0038-3BCB-4F75-9673-5B5924746EEC}.Release|ARM64.Build.0 = Release|Any CPU
		{3E0C0038-3BCB-4F75-9673-5B5924746EEC}.Release|iPhone.ActiveCfg = Release|Any CPU
		{3E0C0038-3BCB-4F75-9673-5B5924746EEC}.Release|iPhone.Build.0 = Release|Any CPU
		{3E0C0038-3BCB-4F75-9673-5B5924746EEC}.Release|iPhoneSimulator.ActiveCfg = Release|Any CPU
		{3E0C0038-3BCB-4F75-9673-5B5924746EEC}.Release|iPhoneSimulator.Build.0 = Release|Any CPU
		{3E0C0038-3BCB-4F75-9673-5B5924746EEC}.Release|x64.ActiveCfg = Release|Any CPU
		{3E0C0038-3BCB-4F75-9673-5B5924746EEC}.Release|x64.Build.0 = Release|Any CPU
		{3E0C0038-3BCB-4F75-9673-5B5924746EEC}.Release|x86.ActiveCfg = Release|Any CPU
		{3E0C0038-3BCB-4F75-9673-5B5924746EEC}.Release|x86.Build.0 = Release|Any CPU
	EndGlobalSection
	GlobalSection(SolutionProperties) = preSolution
		HideSolutionNode = FALSE
	EndGlobalSection
	GlobalSection(ExtensibilityGlobals) = postSolution
		SolutionGuid = {F9909104-FEE9-4710-AC52-D1E51CE8AB61}
	EndGlobalSection
EndGlobal
