
Microsoft Visual Studio Solution File, Format Version 12.00
# Visual Studio Version 16
VisualStudioVersion = 16.0.30413.136
MinimumVisualStudioVersion = 10.0.40219.1
Project("{D954291E-2A0B-460D-934E-DC6B0785DB48}") = "InvokeJavascriptSample.Shared", "InvokeJavascriptSample.Shared\InvokeJavascriptSample.Shared.shproj", "{6279C845-92F8-4333-AB99-3D213163593C}"
EndProject
Project("{FAE04EC0-301F-11D3-BF4B-00C04F79EFBC}") = "InvokeJavascriptSample.Droid", "InvokeJavascriptSample.Droid\InvokeJavascriptSample.Droid.csproj", "{4F0F64A3-A600-4666-9236-1F52AD3C1A00}"
EndProject
Project("{FAE04EC0-301F-11D3-BF4B-00C04F79EFBC}") = "InvokeJavascriptSample.iOS", "InvokeJavascriptSample.iOS\InvokeJavascriptSample.iOS.csproj", "{EB6E051A-CF2B-40E3-AF4F-5F2495EB5F1D}"
EndProject
Project("{FAE04EC0-301F-11D3-BF4B-00C04F79EFBC}") = "InvokeJavascriptSample.UWP", "InvokeJavascriptSample.UWP\InvokeJavascriptSample.UWP.csproj", "{9C80C824-7377-4BED-AFAC-5F0C4AB13C80}"
EndProject
Project("{FAE04EC0-301F-11D3-BF4B-00C04F79EFBC}") = "InvokeJavascriptSample.Wasm", "InvokeJavascriptSample.Wasm\InvokeJavascriptSample.Wasm.csproj", "{7AACA883-7B26-4295-A90C-100CF1901266}"
EndProject
Project("{FAE04EC0-301F-11D3-BF4B-00C04F79EFBC}") = "InvokeJavascriptSample.macOS", "InvokeJavascriptSample.macOS\InvokeJavascriptSample.macOS.csproj", "{4B65B9E8-8E69-4676-B520-221170C40F5E}"
EndProject
Global
	GlobalSection(SharedMSBuildProjectFiles) = preSolution
		InvokeJavascriptSample.Shared\InvokeJavascriptSample.Shared.projitems*{4b65b9e8-8e69-4676-b520-221170c40f5e}*SharedItemsImports = 4
		InvokeJavascriptSample.Shared\InvokeJavascriptSample.Shared.projitems*{4f0f64a3-a600-4666-9236-1f52ad3c1a00}*SharedItemsImports = 4
		InvokeJavascriptSample.Shared\InvokeJavascriptSample.Shared.projitems*{6279c845-92f8-4333-ab99-3d213163593c}*SharedItemsImports = 13
		InvokeJavascriptSample.Shared\InvokeJavascriptSample.Shared.projitems*{7aaca883-7b26-4295-a90c-100cf1901266}*SharedItemsImports = 5
		InvokeJavascriptSample.Shared\InvokeJavascriptSample.Shared.projitems*{9c80c824-7377-4bed-afac-5f0c4ab13c80}*SharedItemsImports = 4
		InvokeJavascriptSample.Shared\InvokeJavascriptSample.Shared.projitems*{eb6e051a-cf2b-40e3-af4f-5f2495eb5f1d}*SharedItemsImports = 4
	EndGlobalSection
	GlobalSection(SolutionConfigurationPlatforms) = preSolution
		Ad-Hoc|Any CPU = Ad-Hoc|Any CPU
		Ad-Hoc|ARM = Ad-Hoc|ARM
		Ad-Hoc|ARM64 = Ad-Hoc|ARM64
		Ad-Hoc|iPhone = Ad-Hoc|iPhone
		Ad-Hoc|iPhoneSimulator = Ad-Hoc|iPhoneSimulator
		Ad-Hoc|x64 = Ad-Hoc|x64
		Ad-Hoc|x86 = Ad-Hoc|x86
		AppStore|Any CPU = AppStore|Any CPU
		AppStore|ARM = AppStore|ARM
		AppStore|ARM64 = AppStore|ARM64
		AppStore|iPhone = AppStore|iPhone
		AppStore|iPhoneSimulator = AppStore|iPhoneSimulator
		AppStore|x64 = AppStore|x64
		AppStore|x86 = AppStore|x86
		Debug|Any CPU = Debug|Any CPU
		Debug|ARM = Debug|ARM
		Debug|ARM64 = Debug|ARM64
		Debug|iPhone = Debug|iPhone
		Debug|iPhoneSimulator = Debug|iPhoneSimulator
		Debug|x64 = Debug|x64
		Debug|x86 = Debug|x86
		Release|Any CPU = Release|Any CPU
		Release|ARM = Release|ARM
		Release|ARM64 = Release|ARM64
		Release|iPhone = Release|iPhone
		Release|iPhoneSimulator = Release|iPhoneSimulator
		Release|x64 = Release|x64
		Release|x86 = Release|x86
	EndGlobalSection
	GlobalSection(ProjectConfigurationPlatforms) = postSolution
		{4F0F64A3-A600-4666-9236-1F52AD3C1A00}.Ad-Hoc|Any CPU.ActiveCfg = Release|Any CPU
		{4F0F64A3-A600-4666-9236-1F52AD3C1A00}.Ad-Hoc|Any CPU.Build.0 = Release|Any CPU
		{4F0F64A3-A600-4666-9236-1F52AD3C1A00}.Ad-Hoc|Any CPU.Deploy.0 = Release|Any CPU
		{4F0F64A3-A600-4666-9236-1F52AD3C1A00}.Ad-Hoc|ARM.ActiveCfg = Release|Any CPU
		{4F0F64A3-A600-4666-9236-1F52AD3C1A00}.Ad-Hoc|ARM.Build.0 = Release|Any CPU
		{4F0F64A3-A600-4666-9236-1F52AD3C1A00}.Ad-Hoc|ARM.Deploy.0 = Release|Any CPU
		{4F0F64A3-A600-4666-9236-1F52AD3C1A00}.Ad-Hoc|ARM64.ActiveCfg = Release|Any CPU
		{4F0F64A3-A600-4666-9236-1F52AD3C1A00}.Ad-Hoc|ARM64.Build.0 = Release|Any CPU
		{4F0F64A3-A600-4666-9236-1F52AD3C1A00}.Ad-Hoc|ARM64.Deploy.0 = Release|Any CPU
		{4F0F64A3-A600-4666-9236-1F52AD3C1A00}.Ad-Hoc|iPhone.ActiveCfg = Release|Any CPU
		{4F0F64A3-A600-4666-9236-1F52AD3C1A00}.Ad-Hoc|iPhone.Build.0 = Release|Any CPU
		{4F0F64A3-A600-4666-9236-1F52AD3C1A00}.Ad-Hoc|iPhone.Deploy.0 = Release|Any CPU
		{4F0F64A3-A600-4666-9236-1F52AD3C1A00}.Ad-Hoc|iPhoneSimulator.ActiveCfg = Release|Any CPU
		{4F0F64A3-A600-4666-9236-1F52AD3C1A00}.Ad-Hoc|iPhoneSimulator.Build.0 = Release|Any CPU
		{4F0F64A3-A600-4666-9236-1F52AD3C1A00}.Ad-Hoc|iPhoneSimulator.Deploy.0 = Release|Any CPU
		{4F0F64A3-A600-4666-9236-1F52AD3C1A00}.Ad-Hoc|x64.ActiveCfg = Release|Any CPU
		{4F0F64A3-A600-4666-9236-1F52AD3C1A00}.Ad-Hoc|x64.Build.0 = Release|Any CPU
		{4F0F64A3-A600-4666-9236-1F52AD3C1A00}.Ad-Hoc|x64.Deploy.0 = Release|Any CPU
		{4F0F64A3-A600-4666-9236-1F52AD3C1A00}.Ad-Hoc|x86.ActiveCfg = Release|Any CPU
		{4F0F64A3-A600-4666-9236-1F52AD3C1A00}.Ad-Hoc|x86.Build.0 = Release|Any CPU
		{4F0F64A3-A600-4666-9236-1F52AD3C1A00}.Ad-Hoc|x86.Deploy.0 = Release|Any CPU
		{4F0F64A3-A600-4666-9236-1F52AD3C1A00}.AppStore|Any CPU.ActiveCfg = Release|Any CPU
		{4F0F64A3-A600-4666-9236-1F52AD3C1A00}.AppStore|Any CPU.Build.0 = Release|Any CPU
		{4F0F64A3-A600-4666-9236-1F52AD3C1A00}.AppStore|Any CPU.Deploy.0 = Release|Any CPU
		{4F0F64A3-A600-4666-9236-1F52AD3C1A00}.AppStore|ARM.ActiveCfg = Release|Any CPU
		{4F0F64A3-A600-4666-9236-1F52AD3C1A00}.AppStore|ARM.Build.0 = Release|Any CPU
		{4F0F64A3-A600-4666-9236-1F52AD3C1A00}.AppStore|ARM.Deploy.0 = Release|Any CPU
		{4F0F64A3-A600-4666-9236-1F52AD3C1A00}.AppStore|ARM64.ActiveCfg = Release|Any CPU
		{4F0F64A3-A600-4666-9236-1F52AD3C1A00}.AppStore|ARM64.Build.0 = Release|Any CPU
		{4F0F64A3-A600-4666-9236-1F52AD3C1A00}.AppStore|ARM64.Deploy.0 = Release|Any CPU
		{4F0F64A3-A600-4666-9236-1F52AD3C1A00}.AppStore|iPhone.ActiveCfg = Release|Any CPU
		{4F0F64A3-A600-4666-9236-1F52AD3C1A00}.AppStore|iPhone.Build.0 = Release|Any CPU
		{4F0F64A3-A600-4666-9236-1F52AD3C1A00}.AppStore|iPhone.Deploy.0 = Release|Any CPU
		{4F0F64A3-A600-4666-9236-1F52AD3C1A00}.AppStore|iPhoneSimulator.ActiveCfg = Release|Any CPU
		{4F0F64A3-A600-4666-9236-1F52AD3C1A00}.AppStore|iPhoneSimulator.Build.0 = Release|Any CPU
		{4F0F64A3-A600-4666-9236-1F52AD3C1A00}.AppStore|iPhoneSimulator.Deploy.0 = Release|Any CPU
		{4F0F64A3-A600-4666-9236-1F52AD3C1A00}.AppStore|x64.ActiveCfg = Release|Any CPU
		{4F0F64A3-A600-4666-9236-1F52AD3C1A00}.AppStore|x64.Build.0 = Release|Any CPU
		{4F0F64A3-A600-4666-9236-1F52AD3C1A00}.AppStore|x64.Deploy.0 = Release|Any CPU
		{4F0F64A3-A600-4666-9236-1F52AD3C1A00}.AppStore|x86.ActiveCfg = Release|Any CPU
		{4F0F64A3-A600-4666-9236-1F52AD3C1A00}.AppStore|x86.Build.0 = Release|Any CPU
		{4F0F64A3-A600-4666-9236-1F52AD3C1A00}.AppStore|x86.Deploy.0 = Release|Any CPU
		{4F0F64A3-A600-4666-9236-1F52AD3C1A00}.Debug|Any CPU.ActiveCfg = Debug|Any CPU
		{4F0F64A3-A600-4666-9236-1F52AD3C1A00}.Debug|Any CPU.Build.0 = Debug|Any CPU
		{4F0F64A3-A600-4666-9236-1F52AD3C1A00}.Debug|Any CPU.Deploy.0 = Debug|Any CPU
		{4F0F64A3-A600-4666-9236-1F52AD3C1A00}.Debug|ARM.ActiveCfg = Debug|Any CPU
		{4F0F64A3-A600-4666-9236-1F52AD3C1A00}.Debug|ARM.Build.0 = Debug|Any CPU
		{4F0F64A3-A600-4666-9236-1F52AD3C1A00}.Debug|ARM.Deploy.0 = Debug|Any CPU
		{4F0F64A3-A600-4666-9236-1F52AD3C1A00}.Debug|ARM64.ActiveCfg = Debug|Any CPU
		{4F0F64A3-A600-4666-9236-1F52AD3C1A00}.Debug|ARM64.Build.0 = Debug|Any CPU
		{4F0F64A3-A600-4666-9236-1F52AD3C1A00}.Debug|ARM64.Deploy.0 = Debug|Any CPU
		{4F0F64A3-A600-4666-9236-1F52AD3C1A00}.Debug|iPhone.ActiveCfg = Debug|Any CPU
		{4F0F64A3-A600-4666-9236-1F52AD3C1A00}.Debug|iPhone.Build.0 = Debug|Any CPU
		{4F0F64A3-A600-4666-9236-1F52AD3C1A00}.Debug|iPhone.Deploy.0 = Debug|Any CPU
		{4F0F64A3-A600-4666-9236-1F52AD3C1A00}.Debug|iPhoneSimulator.ActiveCfg = Debug|Any CPU
		{4F0F64A3-A600-4666-9236-1F52AD3C1A00}.Debug|iPhoneSimulator.Build.0 = Debug|Any CPU
		{4F0F64A3-A600-4666-9236-1F52AD3C1A00}.Debug|iPhoneSimulator.Deploy.0 = Debug|Any CPU
		{4F0F64A3-A600-4666-9236-1F52AD3C1A00}.Debug|x64.ActiveCfg = Debug|Any CPU
		{4F0F64A3-A600-4666-9236-1F52AD3C1A00}.Debug|x64.Build.0 = Debug|Any CPU
		{4F0F64A3-A600-4666-9236-1F52AD3C1A00}.Debug|x64.Deploy.0 = Debug|Any CPU
		{4F0F64A3-A600-4666-9236-1F52AD3C1A00}.Debug|x86.ActiveCfg = Debug|Any CPU
		{4F0F64A3-A600-4666-9236-1F52AD3C1A00}.Debug|x86.Build.0 = Debug|Any CPU
		{4F0F64A3-A600-4666-9236-1F52AD3C1A00}.Debug|x86.Deploy.0 = Debug|Any CPU
		{4F0F64A3-A600-4666-9236-1F52AD3C1A00}.Release|Any CPU.ActiveCfg = Release|Any CPU
		{4F0F64A3-A600-4666-9236-1F52AD3C1A00}.Release|Any CPU.Build.0 = Release|Any CPU
		{4F0F64A3-A600-4666-9236-1F52AD3C1A00}.Release|Any CPU.Deploy.0 = Release|Any CPU
		{4F0F64A3-A600-4666-9236-1F52AD3C1A00}.Release|ARM.ActiveCfg = Release|Any CPU
		{4F0F64A3-A600-4666-9236-1F52AD3C1A00}.Release|ARM.Build.0 = Release|Any CPU
		{4F0F64A3-A600-4666-9236-1F52AD3C1A00}.Release|ARM.Deploy.0 = Release|Any CPU
		{4F0F64A3-A600-4666-9236-1F52AD3C1A00}.Release|ARM64.ActiveCfg = Release|Any CPU
		{4F0F64A3-A600-4666-9236-1F52AD3C1A00}.Release|ARM64.Build.0 = Release|Any CPU
		{4F0F64A3-A600-4666-9236-1F52AD3C1A00}.Release|ARM64.Deploy.0 = Release|Any CPU
		{4F0F64A3-A600-4666-9236-1F52AD3C1A00}.Release|iPhone.ActiveCfg = Release|Any CPU
		{4F0F64A3-A600-4666-9236-1F52AD3C1A00}.Release|iPhone.Build.0 = Release|Any CPU
		{4F0F64A3-A600-4666-9236-1F52AD3C1A00}.Release|iPhone.Deploy.0 = Release|Any CPU
		{4F0F64A3-A600-4666-9236-1F52AD3C1A00}.Release|iPhoneSimulator.ActiveCfg = Release|Any CPU
		{4F0F64A3-A600-4666-9236-1F52AD3C1A00}.Release|iPhoneSimulator.Build.0 = Release|Any CPU
		{4F0F64A3-A600-4666-9236-1F52AD3C1A00}.Release|iPhoneSimulator.Deploy.0 = Release|Any CPU
		{4F0F64A3-A600-4666-9236-1F52AD3C1A00}.Release|x64.ActiveCfg = Release|Any CPU
		{4F0F64A3-A600-4666-9236-1F52AD3C1A00}.Release|x64.Build.0 = Release|Any CPU
		{4F0F64A3-A600-4666-9236-1F52AD3C1A00}.Release|x64.Deploy.0 = Release|Any CPU
		{4F0F64A3-A600-4666-9236-1F52AD3C1A00}.Release|x86.ActiveCfg = Release|Any CPU
		{4F0F64A3-A600-4666-9236-1F52AD3C1A00}.Release|x86.Build.0 = Release|Any CPU
		{4F0F64A3-A600-4666-9236-1F52AD3C1A00}.Release|x86.Deploy.0 = Release|Any CPU
		{EB6E051A-CF2B-40E3-AF4F-5F2495EB5F1D}.Ad-Hoc|Any CPU.ActiveCfg = Ad-Hoc|iPhone
		{EB6E051A-CF2B-40E3-AF4F-5F2495EB5F1D}.Ad-Hoc|ARM.ActiveCfg = Ad-Hoc|iPhone
		{EB6E051A-CF2B-40E3-AF4F-5F2495EB5F1D}.Ad-Hoc|ARM64.ActiveCfg = Ad-Hoc|iPhone
		{EB6E051A-CF2B-40E3-AF4F-5F2495EB5F1D}.Ad-Hoc|iPhone.ActiveCfg = Ad-Hoc|iPhone
		{EB6E051A-CF2B-40E3-AF4F-5F2495EB5F1D}.Ad-Hoc|iPhone.Build.0 = Ad-Hoc|iPhone
		{EB6E051A-CF2B-40E3-AF4F-5F2495EB5F1D}.Ad-Hoc|iPhoneSimulator.ActiveCfg = Ad-Hoc|iPhoneSimulator
		{EB6E051A-CF2B-40E3-AF4F-5F2495EB5F1D}.Ad-Hoc|iPhoneSimulator.Build.0 = Ad-Hoc|iPhoneSimulator
		{EB6E051A-CF2B-40E3-AF4F-5F2495EB5F1D}.Ad-Hoc|x64.ActiveCfg = Ad-Hoc|iPhone
		{EB6E051A-CF2B-40E3-AF4F-5F2495EB5F1D}.Ad-Hoc|x86.ActiveCfg = Ad-Hoc|iPhone
		{EB6E051A-CF2B-40E3-AF4F-5F2495EB5F1D}.AppStore|Any CPU.ActiveCfg = AppStore|iPhone
		{EB6E051A-CF2B-40E3-AF4F-5F2495EB5F1D}.AppStore|ARM.ActiveCfg = AppStore|iPhone
		{EB6E051A-CF2B-40E3-AF4F-5F2495EB5F1D}.AppStore|ARM64.ActiveCfg = AppStore|iPhone
		{EB6E051A-CF2B-40E3-AF4F-5F2495EB5F1D}.AppStore|iPhone.ActiveCfg = AppStore|iPhone
		{EB6E051A-CF2B-40E3-AF4F-5F2495EB5F1D}.AppStore|iPhone.Build.0 = AppStore|iPhone
		{EB6E051A-CF2B-40E3-AF4F-5F2495EB5F1D}.AppStore|iPhoneSimulator.ActiveCfg = AppStore|iPhoneSimulator
		{EB6E051A-CF2B-40E3-AF4F-5F2495EB5F1D}.AppStore|iPhoneSimulator.Build.0 = AppStore|iPhoneSimulator
		{EB6E051A-CF2B-40E3-AF4F-5F2495EB5F1D}.AppStore|x64.ActiveCfg = AppStore|iPhone
		{EB6E051A-CF2B-40E3-AF4F-5F2495EB5F1D}.AppStore|x86.ActiveCfg = AppStore|iPhone
		{EB6E051A-CF2B-40E3-AF4F-5F2495EB5F1D}.Debug|Any CPU.ActiveCfg = Debug|iPhone
		{EB6E051A-CF2B-40E3-AF4F-5F2495EB5F1D}.Debug|ARM.ActiveCfg = Debug|iPhone
		{EB6E051A-CF2B-40E3-AF4F-5F2495EB5F1D}.Debug|ARM64.ActiveCfg = Debug|iPhone
		{EB6E051A-CF2B-40E3-AF4F-5F2495EB5F1D}.Debug|iPhone.ActiveCfg = Debug|iPhone
		{EB6E051A-CF2B-40E3-AF4F-5F2495EB5F1D}.Debug|iPhone.Build.0 = Debug|iPhone
		{EB6E051A-CF2B-40E3-AF4F-5F2495EB5F1D}.Debug|iPhoneSimulator.ActiveCfg = Debug|iPhoneSimulator
		{EB6E051A-CF2B-40E3-AF4F-5F2495EB5F1D}.Debug|iPhoneSimulator.Build.0 = Debug|iPhoneSimulator
		{EB6E051A-CF2B-40E3-AF4F-5F2495EB5F1D}.Debug|x64.ActiveCfg = Debug|iPhone
		{EB6E051A-CF2B-40E3-AF4F-5F2495EB5F1D}.Debug|x86.ActiveCfg = Debug|iPhone
		{EB6E051A-CF2B-40E3-AF4F-5F2495EB5F1D}.Release|Any CPU.ActiveCfg = Release|iPhone
		{EB6E051A-CF2B-40E3-AF4F-5F2495EB5F1D}.Release|ARM.ActiveCfg = Release|iPhone
		{EB6E051A-CF2B-40E3-AF4F-5F2495EB5F1D}.Release|ARM64.ActiveCfg = Release|iPhone
		{EB6E051A-CF2B-40E3-AF4F-5F2495EB5F1D}.Release|iPhone.ActiveCfg = Release|iPhone
		{EB6E051A-CF2B-40E3-AF4F-5F2495EB5F1D}.Release|iPhone.Build.0 = Release|iPhone
		{EB6E051A-CF2B-40E3-AF4F-5F2495EB5F1D}.Release|iPhoneSimulator.ActiveCfg = Release|iPhoneSimulator
		{EB6E051A-CF2B-40E3-AF4F-5F2495EB5F1D}.Release|iPhoneSimulator.Build.0 = Release|iPhoneSimulator
		{EB6E051A-CF2B-40E3-AF4F-5F2495EB5F1D}.Release|x64.ActiveCfg = Release|iPhone
		{EB6E051A-CF2B-40E3-AF4F-5F2495EB5F1D}.Release|x86.ActiveCfg = Release|iPhone
		{9C80C824-7377-4BED-AFAC-5F0C4AB13C80}.Ad-Hoc|Any CPU.ActiveCfg = Release|x64
		{9C80C824-7377-4BED-AFAC-5F0C4AB13C80}.Ad-Hoc|Any CPU.Build.0 = Release|x64
		{9C80C824-7377-4BED-AFAC-5F0C4AB13C80}.Ad-Hoc|Any CPU.Deploy.0 = Release|x64
		{9C80C824-7377-4BED-AFAC-5F0C4AB13C80}.Ad-Hoc|ARM.ActiveCfg = Release|ARM
		{9C80C824-7377-4BED-AFAC-5F0C4AB13C80}.Ad-Hoc|ARM.Build.0 = Release|ARM
		{9C80C824-7377-4BED-AFAC-5F0C4AB13C80}.Ad-Hoc|ARM.Deploy.0 = Release|ARM
		{9C80C824-7377-4BED-AFAC-5F0C4AB13C80}.Ad-Hoc|ARM64.ActiveCfg = Release|ARM64
		{9C80C824-7377-4BED-AFAC-5F0C4AB13C80}.Ad-Hoc|ARM64.Build.0 = Release|ARM64
		{9C80C824-7377-4BED-AFAC-5F0C4AB13C80}.Ad-Hoc|ARM64.Deploy.0 = Release|ARM64
		{9C80C824-7377-4BED-AFAC-5F0C4AB13C80}.Ad-Hoc|iPhone.ActiveCfg = Release|x64
		{9C80C824-7377-4BED-AFAC-5F0C4AB13C80}.Ad-Hoc|iPhone.Build.0 = Release|x64
		{9C80C824-7377-4BED-AFAC-5F0C4AB13C80}.Ad-Hoc|iPhone.Deploy.0 = Release|x64
		{9C80C824-7377-4BED-AFAC-5F0C4AB13C80}.Ad-Hoc|iPhoneSimulator.ActiveCfg = Release|x64
		{9C80C824-7377-4BED-AFAC-5F0C4AB13C80}.Ad-Hoc|iPhoneSimulator.Build.0 = Release|x64
		{9C80C824-7377-4BED-AFAC-5F0C4AB13C80}.Ad-Hoc|iPhoneSimulator.Deploy.0 = Release|x64
		{9C80C824-7377-4BED-AFAC-5F0C4AB13C80}.Ad-Hoc|x64.ActiveCfg = Release|x64
		{9C80C824-7377-4BED-AFAC-5F0C4AB13C80}.Ad-Hoc|x64.Build.0 = Release|x64
		{9C80C824-7377-4BED-AFAC-5F0C4AB13C80}.Ad-Hoc|x64.Deploy.0 = Release|x64
		{9C80C824-7377-4BED-AFAC-5F0C4AB13C80}.Ad-Hoc|x86.ActiveCfg = Release|x86
		{9C80C824-7377-4BED-AFAC-5F0C4AB13C80}.Ad-Hoc|x86.Build.0 = Release|x86
		{9C80C824-7377-4BED-AFAC-5F0C4AB13C80}.Ad-Hoc|x86.Deploy.0 = Release|x86
		{9C80C824-7377-4BED-AFAC-5F0C4AB13C80}.AppStore|Any CPU.ActiveCfg = Release|x64
		{9C80C824-7377-4BED-AFAC-5F0C4AB13C80}.AppStore|Any CPU.Build.0 = Release|x64
		{9C80C824-7377-4BED-AFAC-5F0C4AB13C80}.AppStore|Any CPU.Deploy.0 = Release|x64
		{9C80C824-7377-4BED-AFAC-5F0C4AB13C80}.AppStore|ARM.ActiveCfg = Release|ARM
		{9C80C824-7377-4BED-AFAC-5F0C4AB13C80}.AppStore|ARM.Build.0 = Release|ARM
		{9C80C824-7377-4BED-AFAC-5F0C4AB13C80}.AppStore|ARM.Deploy.0 = Release|ARM
		{9C80C824-7377-4BED-AFAC-5F0C4AB13C80}.AppStore|ARM64.ActiveCfg = Release|ARM64
		{9C80C824-7377-4BED-AFAC-5F0C4AB13C80}.AppStore|ARM64.Build.0 = Release|ARM64
		{9C80C824-7377-4BED-AFAC-5F0C4AB13C80}.AppStore|ARM64.Deploy.0 = Release|ARM64
		{9C80C824-7377-4BED-AFAC-5F0C4AB13C80}.AppStore|iPhone.ActiveCfg = Release|x64
		{9C80C824-7377-4BED-AFAC-5F0C4AB13C80}.AppStore|iPhone.Build.0 = Release|x64
		{9C80C824-7377-4BED-AFAC-5F0C4AB13C80}.AppStore|iPhone.Deploy.0 = Release|x64
		{9C80C824-7377-4BED-AFAC-5F0C4AB13C80}.AppStore|iPhoneSimulator.ActiveCfg = Release|x64
		{9C80C824-7377-4BED-AFAC-5F0C4AB13C80}.AppStore|iPhoneSimulator.Build.0 = Release|x64
		{9C80C824-7377-4BED-AFAC-5F0C4AB13C80}.AppStore|iPhoneSimulator.Deploy.0 = Release|x64
		{9C80C824-7377-4BED-AFAC-5F0C4AB13C80}.AppStore|x64.ActiveCfg = Release|x64
		{9C80C824-7377-4BED-AFAC-5F0C4AB13C80}.AppStore|x64.Build.0 = Release|x64
		{9C80C824-7377-4BED-AFAC-5F0C4AB13C80}.AppStore|x64.Deploy.0 = Release|x64
		{9C80C824-7377-4BED-AFAC-5F0C4AB13C80}.AppStore|x86.ActiveCfg = Release|x86
		{9C80C824-7377-4BED-AFAC-5F0C4AB13C80}.AppStore|x86.Build.0 = Release|x86
		{9C80C824-7377-4BED-AFAC-5F0C4AB13C80}.AppStore|x86.Deploy.0 = Release|x86
		{9C80C824-7377-4BED-AFAC-5F0C4AB13C80}.Debug|Any CPU.ActiveCfg = Debug|x86
		{9C80C824-7377-4BED-AFAC-5F0C4AB13C80}.Debug|ARM.ActiveCfg = Debug|ARM
		{9C80C824-7377-4BED-AFAC-5F0C4AB13C80}.Debug|ARM.Build.0 = Debug|ARM
		{9C80C824-7377-4BED-AFAC-5F0C4AB13C80}.Debug|ARM.Deploy.0 = Debug|ARM
		{9C80C824-7377-4BED-AFAC-5F0C4AB13C80}.Debug|ARM64.ActiveCfg = Debug|ARM64
		{9C80C824-7377-4BED-AFAC-5F0C4AB13C80}.Debug|ARM64.Build.0 = Debug|ARM64
		{9C80C824-7377-4BED-AFAC-5F0C4AB13C80}.Debug|ARM64.Deploy.0 = Debug|ARM64
		{9C80C824-7377-4BED-AFAC-5F0C4AB13C80}.Debug|iPhone.ActiveCfg = Debug|x86
		{9C80C824-7377-4BED-AFAC-5F0C4AB13C80}.Debug|iPhoneSimulator.ActiveCfg = Debug|x86
		{9C80C824-7377-4BED-AFAC-5F0C4AB13C80}.Debug|x64.ActiveCfg = Debug|x64
		{9C80C824-7377-4BED-AFAC-5F0C4AB13C80}.Debug|x64.Build.0 = Debug|x64
		{9C80C824-7377-4BED-AFAC-5F0C4AB13C80}.Debug|x64.Deploy.0 = Debug|x64
		{9C80C824-7377-4BED-AFAC-5F0C4AB13C80}.Debug|x86.ActiveCfg = Debug|x86
		{9C80C824-7377-4BED-AFAC-5F0C4AB13C80}.Debug|x86.Build.0 = Debug|x86
		{9C80C824-7377-4BED-AFAC-5F0C4AB13C80}.Debug|x86.Deploy.0 = Debug|x86
		{9C80C824-7377-4BED-AFAC-5F0C4AB13C80}.Release|Any CPU.ActiveCfg = Release|x86
		{9C80C824-7377-4BED-AFAC-5F0C4AB13C80}.Release|ARM.ActiveCfg = Release|ARM
		{9C80C824-7377-4BED-AFAC-5F0C4AB13C80}.Release|ARM.Build.0 = Release|ARM
		{9C80C824-7377-4BED-AFAC-5F0C4AB13C80}.Release|ARM.Deploy.0 = Release|ARM
		{9C80C824-7377-4BED-AFAC-5F0C4AB13C80}.Release|ARM64.ActiveCfg = Release|ARM64
		{9C80C824-7377-4BED-AFAC-5F0C4AB13C80}.Release|ARM64.Build.0 = Release|ARM64
		{9C80C824-7377-4BED-AFAC-5F0C4AB13C80}.Release|ARM64.Deploy.0 = Release|ARM64
		{9C80C824-7377-4BED-AFAC-5F0C4AB13C80}.Release|iPhone.ActiveCfg = Release|x86
		{9C80C824-7377-4BED-AFAC-5F0C4AB13C80}.Release|iPhoneSimulator.ActiveCfg = Release|x86
		{9C80C824-7377-4BED-AFAC-5F0C4AB13C80}.Release|x64.ActiveCfg = Release|x64
		{9C80C824-7377-4BED-AFAC-5F0C4AB13C80}.Release|x64.Build.0 = Release|x64
		{9C80C824-7377-4BED-AFAC-5F0C4AB13C80}.Release|x64.Deploy.0 = Release|x64
		{9C80C824-7377-4BED-AFAC-5F0C4AB13C80}.Release|x86.ActiveCfg = Release|x86
		{9C80C824-7377-4BED-AFAC-5F0C4AB13C80}.Release|x86.Build.0 = Release|x86
		{9C80C824-7377-4BED-AFAC-5F0C4AB13C80}.Release|x86.Deploy.0 = Release|x86
		{7AACA883-7B26-4295-A90C-100CF1901266}.Ad-Hoc|Any CPU.ActiveCfg = Debug|Any CPU
		{7AACA883-7B26-4295-A90C-100CF1901266}.Ad-Hoc|Any CPU.Build.0 = Debug|Any CPU
		{7AACA883-7B26-4295-A90C-100CF1901266}.Ad-Hoc|ARM.ActiveCfg = Debug|Any CPU
		{7AACA883-7B26-4295-A90C-100CF1901266}.Ad-Hoc|ARM.Build.0 = Debug|Any CPU
		{7AACA883-7B26-4295-A90C-100CF1901266}.Ad-Hoc|ARM64.ActiveCfg = Debug|Any CPU
		{7AACA883-7B26-4295-A90C-100CF1901266}.Ad-Hoc|ARM64.Build.0 = Debug|Any CPU
		{7AACA883-7B26-4295-A90C-100CF1901266}.Ad-Hoc|iPhone.ActiveCfg = Debug|Any CPU
		{7AACA883-7B26-4295-A90C-100CF1901266}.Ad-Hoc|iPhone.Build.0 = Debug|Any CPU
		{7AACA883-7B26-4295-A90C-100CF1901266}.Ad-Hoc|iPhoneSimulator.ActiveCfg = Debug|Any CPU
		{7AACA883-7B26-4295-A90C-100CF1901266}.Ad-Hoc|iPhoneSimulator.Build.0 = Debug|Any CPU
		{7AACA883-7B26-4295-A90C-100CF1901266}.Ad-Hoc|x64.ActiveCfg = Debug|Any CPU
		{7AACA883-7B26-4295-A90C-100CF1901266}.Ad-Hoc|x64.Build.0 = Debug|Any CPU
		{7AACA883-7B26-4295-A90C-100CF1901266}.Ad-Hoc|x86.ActiveCfg = Debug|Any CPU
		{7AACA883-7B26-4295-A90C-100CF1901266}.Ad-Hoc|x86.Build.0 = Debug|Any CPU
		{7AACA883-7B26-4295-A90C-100CF1901266}.AppStore|Any CPU.ActiveCfg = Debug|Any CPU
		{7AACA883-7B26-4295-A90C-100CF1901266}.AppStore|Any CPU.Build.0 = Debug|Any CPU
		{7AACA883-7B26-4295-A90C-100CF1901266}.AppStore|ARM.ActiveCfg = Debug|Any CPU
		{7AACA883-7B26-4295-A90C-100CF1901266}.AppStore|ARM.Build.0 = Debug|Any CPU
		{7AACA883-7B26-4295-A90C-100CF1901266}.AppStore|ARM64.ActiveCfg = Debug|Any CPU
		{7AACA883-7B26-4295-A90C-100CF1901266}.AppStore|ARM64.Build.0 = Debug|Any CPU
		{7AACA883-7B26-4295-A90C-100CF1901266}.AppStore|iPhone.ActiveCfg = Debug|Any CPU
		{7AACA883-7B26-4295-A90C-100CF1901266}.AppStore|iPhone.Build.0 = Debug|Any CPU
		{7AACA883-7B26-4295-A90C-100CF1901266}.AppStore|iPhoneSimulator.ActiveCfg = Debug|Any CPU
		{7AACA883-7B26-4295-A90C-100CF1901266}.AppStore|iPhoneSimulator.Build.0 = Debug|Any CPU
		{7AACA883-7B26-4295-A90C-100CF1901266}.AppStore|x64.ActiveCfg = Debug|Any CPU
		{7AACA883-7B26-4295-A90C-100CF1901266}.AppStore|x64.Build.0 = Debug|Any CPU
		{7AACA883-7B26-4295-A90C-100CF1901266}.AppStore|x86.ActiveCfg = Debug|Any CPU
		{7AACA883-7B26-4295-A90C-100CF1901266}.AppStore|x86.Build.0 = Debug|Any CPU
		{7AACA883-7B26-4295-A90C-100CF1901266}.Debug|Any CPU.ActiveCfg = Debug|Any CPU
		{7AACA883-7B26-4295-A90C-100CF1901266}.Debug|Any CPU.Build.0 = Debug|Any CPU
		{7AACA883-7B26-4295-A90C-100CF1901266}.Debug|ARM.ActiveCfg = Debug|Any CPU
		{7AACA883-7B26-4295-A90C-100CF1901266}.Debug|ARM.Build.0 = Debug|Any CPU
		{7AACA883-7B26-4295-A90C-100CF1901266}.Debug|ARM64.ActiveCfg = Debug|Any CPU
		{7AACA883-7B26-4295-A90C-100CF1901266}.Debug|ARM64.Build.0 = Debug|Any CPU
		{7AACA883-7B26-4295-A90C-100CF1901266}.Debug|iPhone.ActiveCfg = Debug|Any CPU
		{7AACA883-7B26-4295-A90C-100CF1901266}.Debug|iPhone.Build.0 = Debug|Any CPU
		{7AACA883-7B26-4295-A90C-100CF1901266}.Debug|iPhoneSimulator.ActiveCfg = Debug|Any CPU
		{7AACA883-7B26-4295-A90C-100CF1901266}.Debug|iPhoneSimulator.Build.0 = Debug|Any CPU
		{7AACA883-7B26-4295-A90C-100CF1901266}.Debug|x64.ActiveCfg = Debug|Any CPU
		{7AACA883-7B26-4295-A90C-100CF1901266}.Debug|x64.Build.0 = Debug|Any CPU
		{7AACA883-7B26-4295-A90C-100CF1901266}.Debug|x86.ActiveCfg = Debug|Any CPU
		{7AACA883-7B26-4295-A90C-100CF1901266}.Debug|x86.Build.0 = Debug|Any CPU
		{7AACA883-7B26-4295-A90C-100CF1901266}.Release|Any CPU.ActiveCfg = Release|Any CPU
		{7AACA883-7B26-4295-A90C-100CF1901266}.Release|Any CPU.Build.0 = Release|Any CPU
		{7AACA883-7B26-4295-A90C-100CF1901266}.Release|ARM.ActiveCfg = Release|Any CPU
		{7AACA883-7B26-4295-A90C-100CF1901266}.Release|ARM.Build.0 = Release|Any CPU
		{7AACA883-7B26-4295-A90C-100CF1901266}.Release|ARM64.ActiveCfg = Release|Any CPU
		{7AACA883-7B26-4295-A90C-100CF1901266}.Release|ARM64.Build.0 = Release|Any CPU
		{7AACA883-7B26-4295-A90C-100CF1901266}.Release|iPhone.ActiveCfg = Release|Any CPU
		{7AACA883-7B26-4295-A90C-100CF1901266}.Release|iPhone.Build.0 = Release|Any CPU
		{7AACA883-7B26-4295-A90C-100CF1901266}.Release|iPhoneSimulator.ActiveCfg = Release|Any CPU
		{7AACA883-7B26-4295-A90C-100CF1901266}.Release|iPhoneSimulator.Build.0 = Release|Any CPU
		{7AACA883-7B26-4295-A90C-100CF1901266}.Release|x64.ActiveCfg = Release|Any CPU
		{7AACA883-7B26-4295-A90C-100CF1901266}.Release|x64.Build.0 = Release|Any CPU
		{7AACA883-7B26-4295-A90C-100CF1901266}.Release|x86.ActiveCfg = Release|Any CPU
		{7AACA883-7B26-4295-A90C-100CF1901266}.Release|x86.Build.0 = Release|Any CPU
		{4B65B9E8-8E69-4676-B520-221170C40F5E}.Ad-Hoc|Any CPU.ActiveCfg = Release|iPhoneSimulator
		{4B65B9E8-8E69-4676-B520-221170C40F5E}.Ad-Hoc|Any CPU.Build.0 = Release|iPhoneSimulator
		{4B65B9E8-8E69-4676-B520-221170C40F5E}.Ad-Hoc|ARM.ActiveCfg = Release|iPhoneSimulator
		{4B65B9E8-8E69-4676-B520-221170C40F5E}.Ad-Hoc|ARM.Build.0 = Release|iPhoneSimulator
		{4B65B9E8-8E69-4676-B520-221170C40F5E}.Ad-Hoc|ARM64.ActiveCfg = Release|iPhoneSimulator
		{4B65B9E8-8E69-4676-B520-221170C40F5E}.Ad-Hoc|ARM64.Build.0 = Release|iPhoneSimulator
		{4B65B9E8-8E69-4676-B520-221170C40F5E}.Ad-Hoc|iPhone.ActiveCfg = Release|iPhoneSimulator
		{4B65B9E8-8E69-4676-B520-221170C40F5E}.Ad-Hoc|iPhone.Build.0 = Release|iPhoneSimulator
		{4B65B9E8-8E69-4676-B520-221170C40F5E}.Ad-Hoc|iPhoneSimulator.ActiveCfg = Release|iPhoneSimulator
		{4B65B9E8-8E69-4676-B520-221170C40F5E}.Ad-Hoc|iPhoneSimulator.Build.0 = Release|iPhoneSimulator
		{4B65B9E8-8E69-4676-B520-221170C40F5E}.Ad-Hoc|x64.ActiveCfg = Release|iPhoneSimulator
		{4B65B9E8-8E69-4676-B520-221170C40F5E}.Ad-Hoc|x64.Build.0 = Release|iPhoneSimulator
		{4B65B9E8-8E69-4676-B520-221170C40F5E}.Ad-Hoc|x86.ActiveCfg = Release|iPhoneSimulator
		{4B65B9E8-8E69-4676-B520-221170C40F5E}.Ad-Hoc|x86.Build.0 = Release|iPhoneSimulator
		{4B65B9E8-8E69-4676-B520-221170C40F5E}.AppStore|Any CPU.ActiveCfg = Release|iPhoneSimulator
		{4B65B9E8-8E69-4676-B520-221170C40F5E}.AppStore|Any CPU.Build.0 = Release|iPhoneSimulator
		{4B65B9E8-8E69-4676-B520-221170C40F5E}.AppStore|ARM.ActiveCfg = Release|iPhoneSimulator
		{4B65B9E8-8E69-4676-B520-221170C40F5E}.AppStore|ARM.Build.0 = Release|iPhoneSimulator
		{4B65B9E8-8E69-4676-B520-221170C40F5E}.AppStore|ARM64.ActiveCfg = Release|iPhoneSimulator
		{4B65B9E8-8E69-4676-B520-221170C40F5E}.AppStore|ARM64.Build.0 = Release|iPhoneSimulator
		{4B65B9E8-8E69-4676-B520-221170C40F5E}.AppStore|iPhone.ActiveCfg = Release|iPhoneSimulator
		{4B65B9E8-8E69-4676-B520-221170C40F5E}.AppStore|iPhone.Build.0 = Release|iPhoneSimulator
		{4B65B9E8-8E69-4676-B520-221170C40F5E}.AppStore|iPhoneSimulator.ActiveCfg = Release|iPhoneSimulator
		{4B65B9E8-8E69-4676-B520-221170C40F5E}.AppStore|iPhoneSimulator.Build.0 = Release|iPhoneSimulator
		{4B65B9E8-8E69-4676-B520-221170C40F5E}.AppStore|x64.ActiveCfg = Release|iPhoneSimulator
		{4B65B9E8-8E69-4676-B520-221170C40F5E}.AppStore|x64.Build.0 = Release|iPhoneSimulator
		{4B65B9E8-8E69-4676-B520-221170C40F5E}.AppStore|x86.ActiveCfg = Release|iPhoneSimulator
		{4B65B9E8-8E69-4676-B520-221170C40F5E}.AppStore|x86.Build.0 = Release|iPhoneSimulator
		{4B65B9E8-8E69-4676-B520-221170C40F5E}.Debug|Any CPU.ActiveCfg = Debug|iPhoneSimulator
		{4B65B9E8-8E69-4676-B520-221170C40F5E}.Debug|ARM.ActiveCfg = Debug|iPhoneSimulator
		{4B65B9E8-8E69-4676-B520-221170C40F5E}.Debug|ARM64.ActiveCfg = Debug|iPhoneSimulator
		{4B65B9E8-8E69-4676-B520-221170C40F5E}.Debug|iPhone.ActiveCfg = Debug|iPhoneSimulator
		{4B65B9E8-8E69-4676-B520-221170C40F5E}.Debug|iPhoneSimulator.ActiveCfg = Debug|iPhoneSimulator
		{4B65B9E8-8E69-4676-B520-221170C40F5E}.Debug|iPhoneSimulator.Build.0 = Debug|iPhoneSimulator
		{4B65B9E8-8E69-4676-B520-221170C40F5E}.Debug|x64.ActiveCfg = Debug|iPhoneSimulator
		{4B65B9E8-8E69-4676-B520-221170C40F5E}.Debug|x86.ActiveCfg = Debug|iPhoneSimulator
		{4B65B9E8-8E69-4676-B520-221170C40F5E}.Release|Any CPU.ActiveCfg = Release|iPhoneSimulator
		{4B65B9E8-8E69-4676-B520-221170C40F5E}.Release|ARM.ActiveCfg = Release|iPhoneSimulator
		{4B65B9E8-8E69-4676-B520-221170C40F5E}.Release|ARM64.ActiveCfg = Release|iPhoneSimulator
		{4B65B9E8-8E69-4676-B520-221170C40F5E}.Release|iPhone.ActiveCfg = Release|iPhoneSimulator
		{4B65B9E8-8E69-4676-B520-221170C40F5E}.Release|iPhoneSimulator.ActiveCfg = Release|iPhoneSimulator
		{4B65B9E8-8E69-4676-B520-221170C40F5E}.Release|iPhoneSimulator.Build.0 = Release|iPhoneSimulator
		{4B65B9E8-8E69-4676-B520-221170C40F5E}.Release|x64.ActiveCfg = Release|iPhoneSimulator
		{4B65B9E8-8E69-4676-B520-221170C40F5E}.Release|x86.ActiveCfg = Release|iPhoneSimulator
	EndGlobalSection
	GlobalSection(SolutionProperties) = preSolution
		HideSolutionNode = FALSE
	EndGlobalSection
	GlobalSection(ExtensibilityGlobals) = postSolution
		SolutionGuid = {BBD3B3B4-BF69-4AFF-BBDB-EE84A7B8044E}
	EndGlobalSection
EndGlobal
