
Microsoft Visual Studio Solution File, Format Version 12.00
# Visual Studio Version 16
VisualStudioVersion = 16.0.29728.190
MinimumVisualStudioVersion = 10.0.40219.1
Project("{D954291E-2A0B-460D-934E-DC6B0785DB48}") = "PlatformSpecificXaml.Shared", "PlatformSpecificXaml.Shared\PlatformSpecificXaml.Shared.shproj", "{6279C845-92F8-4333-AB99-3D213163593C}"
EndProject
Project("{FAE04EC0-301F-11D3-BF4B-00C04F79EFBC}") = "PlatformSpecificXaml.Droid", "PlatformSpecificXaml.Droid\PlatformSpecificXaml.Droid.csproj", "{A88D576E-070C-4036-AA17-2C0CD51ED64B}"
EndProject
Project("{FAE04EC0-301F-11D3-BF4B-00C04F79EFBC}") = "PlatformSpecificXaml.iOS", "PlatformSpecificXaml.iOS\PlatformSpecificXaml.iOS.csproj", "{862C4A4A-FA87-4485-92C5-CF6BE60C61B9}"
EndProject
Project("{FAE04EC0-301F-11D3-BF4B-00C04F79EFBC}") = "PlatformSpecificXaml.UWP", "PlatformSpecificXaml.UWP\PlatformSpecificXaml.UWP.csproj", "{3AF61189-F859-4B10-97F4-E2B589610314}"
EndProject
Project("{FAE04EC0-301F-11D3-BF4B-00C04F79EFBC}") = "PlatformSpecificXaml.Wasm", "PlatformSpecificXaml.Wasm\PlatformSpecificXaml.Wasm.csproj", "{85670829-3458-45D9-9981-A733C553E5D3}"
EndProject
Global
	GlobalSection(SharedMSBuildProjectFiles) = preSolution
		PlatformSpecificXaml.Shared\PlatformSpecificXaml.Shared.projitems*{3af61189-f859-4b10-97f4-e2b589610314}*SharedItemsImports = 4
		PlatformSpecificXaml.Shared\PlatformSpecificXaml.Shared.projitems*{6279c845-92f8-4333-ab99-3d213163593c}*SharedItemsImports = 13
		PlatformSpecificXaml.Shared\PlatformSpecificXaml.Shared.projitems*{862c4a4a-fa87-4485-92c5-cf6be60c61b9}*SharedItemsImports = 4
		PlatformSpecificXaml.Shared\PlatformSpecificXaml.Shared.projitems*{a88d576e-070c-4036-aa17-2c0cd51ed64b}*SharedItemsImports = 4
	EndGlobalSection
	GlobalSection(SolutionConfigurationPlatforms) = preSolution
		Ad-Hoc|Any CPU = Ad-Hoc|Any CPU
		Ad-Hoc|ARM = Ad-Hoc|ARM
		Ad-Hoc|ARM64 = Ad-Hoc|ARM64
		Ad-Hoc|iPhone = Ad-Hoc|iPhone
		Ad-Hoc|iPhoneSimulator = Ad-Hoc|iPhoneSimulator
		Ad-Hoc|x64 = Ad-Hoc|x64
		Ad-Hoc|x86 = Ad-Hoc|x86
		AppStore|Any CPU = AppStore|Any CPU
		AppStore|ARM = AppStore|ARM
		AppStore|ARM64 = AppStore|ARM64
		AppStore|iPhone = AppStore|iPhone
		AppStore|iPhoneSimulator = AppStore|iPhoneSimulator
		AppStore|x64 = AppStore|x64
		AppStore|x86 = AppStore|x86
		Debug|Any CPU = Debug|Any CPU
		Debug|ARM = Debug|ARM
		Debug|ARM64 = Debug|ARM64
		Debug|iPhone = Debug|iPhone
		Debug|iPhoneSimulator = Debug|iPhoneSimulator
		Debug|x64 = Debug|x64
		Debug|x86 = Debug|x86
		Release|Any CPU = Release|Any CPU
		Release|ARM = Release|ARM
		Release|ARM64 = Release|ARM64
		Release|iPhone = Release|iPhone
		Release|iPhoneSimulator = Release|iPhoneSimulator
		Release|x64 = Release|x64
		Release|x86 = Release|x86
	EndGlobalSection
	GlobalSection(ProjectConfigurationPlatforms) = postSolution
		{A88D576E-070C-4036-AA17-2C0CD51ED64B}.Ad-Hoc|Any CPU.ActiveCfg = Release|Any CPU
		{A88D576E-070C-4036-AA17-2C0CD51ED64B}.Ad-Hoc|Any CPU.Build.0 = Release|Any CPU
		{A88D576E-070C-4036-AA17-2C0CD51ED64B}.Ad-Hoc|Any CPU.Deploy.0 = Release|Any CPU
		{A88D576E-070C-4036-AA17-2C0CD51ED64B}.Ad-Hoc|ARM.ActiveCfg = Release|Any CPU
		{A88D576E-070C-4036-AA17-2C0CD51ED64B}.Ad-Hoc|ARM.Build.0 = Release|Any CPU
		{A88D576E-070C-4036-AA17-2C0CD51ED64B}.Ad-Hoc|ARM.Deploy.0 = Release|Any CPU
		{A88D576E-070C-4036-AA17-2C0CD51ED64B}.Ad-Hoc|ARM64.ActiveCfg = Release|Any CPU
		{A88D576E-070C-4036-AA17-2C0CD51ED64B}.Ad-Hoc|ARM64.Build.0 = Release|Any CPU
		{A88D576E-070C-4036-AA17-2C0CD51ED64B}.Ad-Hoc|ARM64.Deploy.0 = Release|Any CPU
		{A88D576E-070C-4036-AA17-2C0CD51ED64B}.Ad-Hoc|iPhone.ActiveCfg = Release|Any CPU
		{A88D576E-070C-4036-AA17-2C0CD51ED64B}.Ad-Hoc|iPhone.Build.0 = Release|Any CPU
		{A88D576E-070C-4036-AA17-2C0CD51ED64B}.Ad-Hoc|iPhone.Deploy.0 = Release|Any CPU
		{A88D576E-070C-4036-AA17-2C0CD51ED64B}.Ad-Hoc|iPhoneSimulator.ActiveCfg = Release|Any CPU
		{A88D576E-070C-4036-AA17-2C0CD51ED64B}.Ad-Hoc|iPhoneSimulator.Build.0 = Release|Any CPU
		{A88D576E-070C-4036-AA17-2C0CD51ED64B}.Ad-Hoc|iPhoneSimulator.Deploy.0 = Release|Any CPU
		{A88D576E-070C-4036-AA17-2C0CD51ED64B}.Ad-Hoc|x64.ActiveCfg = Release|Any CPU
		{A88D576E-070C-4036-AA17-2C0CD51ED64B}.Ad-Hoc|x64.Build.0 = Release|Any CPU
		{A88D576E-070C-4036-AA17-2C0CD51ED64B}.Ad-Hoc|x64.Deploy.0 = Release|Any CPU
		{A88D576E-070C-4036-AA17-2C0CD51ED64B}.Ad-Hoc|x86.ActiveCfg = Release|Any CPU
		{A88D576E-070C-4036-AA17-2C0CD51ED64B}.Ad-Hoc|x86.Build.0 = Release|Any CPU
		{A88D576E-070C-4036-AA17-2C0CD51ED64B}.Ad-Hoc|x86.Deploy.0 = Release|Any CPU
		{A88D576E-070C-4036-AA17-2C0CD51ED64B}.AppStore|Any CPU.ActiveCfg = Release|Any CPU
		{A88D576E-070C-4036-AA17-2C0CD51ED64B}.AppStore|Any CPU.Build.0 = Release|Any CPU
		{A88D576E-070C-4036-AA17-2C0CD51ED64B}.AppStore|Any CPU.Deploy.0 = Release|Any CPU
		{A88D576E-070C-4036-AA17-2C0CD51ED64B}.AppStore|ARM.ActiveCfg = Release|Any CPU
		{A88D576E-070C-4036-AA17-2C0CD51ED64B}.AppStore|ARM.Build.0 = Release|Any CPU
		{A88D576E-070C-4036-AA17-2C0CD51ED64B}.AppStore|ARM.Deploy.0 = Release|Any CPU
		{A88D576E-070C-4036-AA17-2C0CD51ED64B}.AppStore|ARM64.ActiveCfg = Release|Any CPU
		{A88D576E-070C-4036-AA17-2C0CD51ED64B}.AppStore|ARM64.Build.0 = Release|Any CPU
		{A88D576E-070C-4036-AA17-2C0CD51ED64B}.AppStore|ARM64.Deploy.0 = Release|Any CPU
		{A88D576E-070C-4036-AA17-2C0CD51ED64B}.AppStore|iPhone.ActiveCfg = Release|Any CPU
		{A88D576E-070C-4036-AA17-2C0CD51ED64B}.AppStore|iPhone.Build.0 = Release|Any CPU
		{A88D576E-070C-4036-AA17-2C0CD51ED64B}.AppStore|iPhone.Deploy.0 = Release|Any CPU
		{A88D576E-070C-4036-AA17-2C0CD51ED64B}.AppStore|iPhoneSimulator.ActiveCfg = Release|Any CPU
		{A88D576E-070C-4036-AA17-2C0CD51ED64B}.AppStore|iPhoneSimulator.Build.0 = Release|Any CPU
		{A88D576E-070C-4036-AA17-2C0CD51ED64B}.AppStore|iPhoneSimulator.Deploy.0 = Release|Any CPU
		{A88D576E-070C-4036-AA17-2C0CD51ED64B}.AppStore|x64.ActiveCfg = Release|Any CPU
		{A88D576E-070C-4036-AA17-2C0CD51ED64B}.AppStore|x64.Build.0 = Release|Any CPU
		{A88D576E-070C-4036-AA17-2C0CD51ED64B}.AppStore|x64.Deploy.0 = Release|Any CPU
		{A88D576E-070C-4036-AA17-2C0CD51ED64B}.AppStore|x86.ActiveCfg = Release|Any CPU
		{A88D576E-070C-4036-AA17-2C0CD51ED64B}.AppStore|x86.Build.0 = Release|Any CPU
		{A88D576E-070C-4036-AA17-2C0CD51ED64B}.AppStore|x86.Deploy.0 = Release|Any CPU
		{A88D576E-070C-4036-AA17-2C0CD51ED64B}.Debug|Any CPU.ActiveCfg = Debug|Any CPU
		{A88D576E-070C-4036-AA17-2C0CD51ED64B}.Debug|Any CPU.Build.0 = Debug|Any CPU
		{A88D576E-070C-4036-AA17-2C0CD51ED64B}.Debug|Any CPU.Deploy.0 = Debug|Any CPU
		{A88D576E-070C-4036-AA17-2C0CD51ED64B}.Debug|ARM.ActiveCfg = Debug|Any CPU
		{A88D576E-070C-4036-AA17-2C0CD51ED64B}.Debug|ARM.Build.0 = Debug|Any CPU
		{A88D576E-070C-4036-AA17-2C0CD51ED64B}.Debug|ARM.Deploy.0 = Debug|Any CPU
		{A88D576E-070C-4036-AA17-2C0CD51ED64B}.Debug|ARM64.ActiveCfg = Debug|Any CPU
		{A88D576E-070C-4036-AA17-2C0CD51ED64B}.Debug|ARM64.Build.0 = Debug|Any CPU
		{A88D576E-070C-4036-AA17-2C0CD51ED64B}.Debug|ARM64.Deploy.0 = Debug|Any CPU
		{A88D576E-070C-4036-AA17-2C0CD51ED64B}.Debug|iPhone.ActiveCfg = Debug|Any CPU
		{A88D576E-070C-4036-AA17-2C0CD51ED64B}.Debug|iPhone.Build.0 = Debug|Any CPU
		{A88D576E-070C-4036-AA17-2C0CD51ED64B}.Debug|iPhone.Deploy.0 = Debug|Any CPU
		{A88D576E-070C-4036-AA17-2C0CD51ED64B}.Debug|iPhoneSimulator.ActiveCfg = Debug|Any CPU
		{A88D576E-070C-4036-AA17-2C0CD51ED64B}.Debug|iPhoneSimulator.Build.0 = Debug|Any CPU
		{A88D576E-070C-4036-AA17-2C0CD51ED64B}.Debug|iPhoneSimulator.Deploy.0 = Debug|Any CPU
		{A88D576E-070C-4036-AA17-2C0CD51ED64B}.Debug|x64.ActiveCfg = Debug|Any CPU
		{A88D576E-070C-4036-AA17-2C0CD51ED64B}.Debug|x64.Build.0 = Debug|Any CPU
		{A88D576E-070C-4036-AA17-2C0CD51ED64B}.Debug|x64.Deploy.0 = Debug|Any CPU
		{A88D576E-070C-4036-AA17-2C0CD51ED64B}.Debug|x86.ActiveCfg = Debug|Any CPU
		{A88D576E-070C-4036-AA17-2C0CD51ED64B}.Debug|x86.Build.0 = Debug|Any CPU
		{A88D576E-070C-4036-AA17-2C0CD51ED64B}.Debug|x86.Deploy.0 = Debug|Any CPU
		{A88D576E-070C-4036-AA17-2C0CD51ED64B}.Release|Any CPU.ActiveCfg = Release|Any CPU
		{A88D576E-070C-4036-AA17-2C0CD51ED64B}.Release|Any CPU.Build.0 = Release|Any CPU
		{A88D576E-070C-4036-AA17-2C0CD51ED64B}.Release|Any CPU.Deploy.0 = Release|Any CPU
		{A88D576E-070C-4036-AA17-2C0CD51ED64B}.Release|ARM.ActiveCfg = Release|Any CPU
		{A88D576E-070C-4036-AA17-2C0CD51ED64B}.Release|ARM.Build.0 = Release|Any CPU
		{A88D576E-070C-4036-AA17-2C0CD51ED64B}.Release|ARM.Deploy.0 = Release|Any CPU
		{A88D576E-070C-4036-AA17-2C0CD51ED64B}.Release|ARM64.ActiveCfg = Release|Any CPU
		{A88D576E-070C-4036-AA17-2C0CD51ED64B}.Release|ARM64.Build.0 = Release|Any CPU
		{A88D576E-070C-4036-AA17-2C0CD51ED64B}.Release|ARM64.Deploy.0 = Release|Any CPU
		{A88D576E-070C-4036-AA17-2C0CD51ED64B}.Release|iPhone.ActiveCfg = Release|Any CPU
		{A88D576E-070C-4036-AA17-2C0CD51ED64B}.Release|iPhone.Build.0 = Release|Any CPU
		{A88D576E-070C-4036-AA17-2C0CD51ED64B}.Release|iPhone.Deploy.0 = Release|Any CPU
		{A88D576E-070C-4036-AA17-2C0CD51ED64B}.Release|iPhoneSimulator.ActiveCfg = Release|Any CPU
		{A88D576E-070C-4036-AA17-2C0CD51ED64B}.Release|iPhoneSimulator.Build.0 = Release|Any CPU
		{A88D576E-070C-4036-AA17-2C0CD51ED64B}.Release|iPhoneSimulator.Deploy.0 = Release|Any CPU
		{A88D576E-070C-4036-AA17-2C0CD51ED64B}.Release|x64.ActiveCfg = Release|Any CPU
		{A88D576E-070C-4036-AA17-2C0CD51ED64B}.Release|x64.Build.0 = Release|Any CPU
		{A88D576E-070C-4036-AA17-2C0CD51ED64B}.Release|x64.Deploy.0 = Release|Any CPU
		{A88D576E-070C-4036-AA17-2C0CD51ED64B}.Release|x86.ActiveCfg = Release|Any CPU
		{A88D576E-070C-4036-AA17-2C0CD51ED64B}.Release|x86.Build.0 = Release|Any CPU
		{A88D576E-070C-4036-AA17-2C0CD51ED64B}.Release|x86.Deploy.0 = Release|Any CPU
		{862C4A4A-FA87-4485-92C5-CF6BE60C61B9}.Ad-Hoc|Any CPU.ActiveCfg = Ad-Hoc|iPhone
		{862C4A4A-FA87-4485-92C5-CF6BE60C61B9}.Ad-Hoc|ARM.ActiveCfg = Ad-Hoc|iPhone
		{862C4A4A-FA87-4485-92C5-CF6BE60C61B9}.Ad-Hoc|ARM64.ActiveCfg = Ad-Hoc|iPhone
		{862C4A4A-FA87-4485-92C5-CF6BE60C61B9}.Ad-Hoc|iPhone.ActiveCfg = Ad-Hoc|iPhone
		{862C4A4A-FA87-4485-92C5-CF6BE60C61B9}.Ad-Hoc|iPhone.Build.0 = Ad-Hoc|iPhone
		{862C4A4A-FA87-4485-92C5-CF6BE60C61B9}.Ad-Hoc|iPhoneSimulator.ActiveCfg = Ad-Hoc|iPhoneSimulator
		{862C4A4A-FA87-4485-92C5-CF6BE60C61B9}.Ad-Hoc|iPhoneSimulator.Build.0 = Ad-Hoc|iPhoneSimulator
		{862C4A4A-FA87-4485-92C5-CF6BE60C61B9}.Ad-Hoc|x64.ActiveCfg = Ad-Hoc|iPhone
		{862C4A4A-FA87-4485-92C5-CF6BE60C61B9}.Ad-Hoc|x86.ActiveCfg = Ad-Hoc|iPhone
		{862C4A4A-FA87-4485-92C5-CF6BE60C61B9}.AppStore|Any CPU.ActiveCfg = AppStore|iPhone
		{862C4A4A-FA87-4485-92C5-CF6BE60C61B9}.AppStore|ARM.ActiveCfg = AppStore|iPhone
		{862C4A4A-FA87-4485-92C5-CF6BE60C61B9}.AppStore|ARM64.ActiveCfg = AppStore|iPhone
		{862C4A4A-FA87-4485-92C5-CF6BE60C61B9}.AppStore|iPhone.ActiveCfg = AppStore|iPhone
		{862C4A4A-FA87-4485-92C5-CF6BE60C61B9}.AppStore|iPhone.Build.0 = AppStore|iPhone
		{862C4A4A-FA87-4485-92C5-CF6BE60C61B9}.AppStore|iPhoneSimulator.ActiveCfg = AppStore|iPhoneSimulator
		{862C4A4A-FA87-4485-92C5-CF6BE60C61B9}.AppStore|iPhoneSimulator.Build.0 = AppStore|iPhoneSimulator
		{862C4A4A-FA87-4485-92C5-CF6BE60C61B9}.AppStore|x64.ActiveCfg = AppStore|iPhone
		{862C4A4A-FA87-4485-92C5-CF6BE60C61B9}.AppStore|x86.ActiveCfg = AppStore|iPhone
		{862C4A4A-FA87-4485-92C5-CF6BE60C61B9}.Debug|Any CPU.ActiveCfg = Debug|iPhone
		{862C4A4A-FA87-4485-92C5-CF6BE60C61B9}.Debug|ARM.ActiveCfg = Debug|iPhone
		{862C4A4A-FA87-4485-92C5-CF6BE60C61B9}.Debug|ARM64.ActiveCfg = Debug|iPhone
		{862C4A4A-FA87-4485-92C5-CF6BE60C61B9}.Debug|iPhone.ActiveCfg = Debug|iPhone
		{862C4A4A-FA87-4485-92C5-CF6BE60C61B9}.Debug|iPhone.Build.0 = Debug|iPhone
		{862C4A4A-FA87-4485-92C5-CF6BE60C61B9}.Debug|iPhoneSimulator.ActiveCfg = Debug|iPhoneSimulator
		{862C4A4A-FA87-4485-92C5-CF6BE60C61B9}.Debug|iPhoneSimulator.Build.0 = Debug|iPhoneSimulator
		{862C4A4A-FA87-4485-92C5-CF6BE60C61B9}.Debug|x64.ActiveCfg = Debug|iPhone
		{862C4A4A-FA87-4485-92C5-CF6BE60C61B9}.Debug|x86.ActiveCfg = Debug|iPhone
		{862C4A4A-FA87-4485-92C5-CF6BE60C61B9}.Release|Any CPU.ActiveCfg = Release|iPhone
		{862C4A4A-FA87-4485-92C5-CF6BE60C61B9}.Release|ARM.ActiveCfg = Release|iPhone
		{862C4A4A-FA87-4485-92C5-CF6BE60C61B9}.Release|ARM64.ActiveCfg = Release|iPhone
		{862C4A4A-FA87-4485-92C5-CF6BE60C61B9}.Release|iPhone.ActiveCfg = Release|iPhone
		{862C4A4A-FA87-4485-92C5-CF6BE60C61B9}.Release|iPhone.Build.0 = Release|iPhone
		{862C4A4A-FA87-4485-92C5-CF6BE60C61B9}.Release|iPhoneSimulator.ActiveCfg = Release|iPhoneSimulator
		{862C4A4A-FA87-4485-92C5-CF6BE60C61B9}.Release|iPhoneSimulator.Build.0 = Release|iPhoneSimulator
		{862C4A4A-FA87-4485-92C5-CF6BE60C61B9}.Release|x64.ActiveCfg = Release|iPhone
		{862C4A4A-FA87-4485-92C5-CF6BE60C61B9}.Release|x86.ActiveCfg = Release|iPhone
		{3AF61189-F859-4B10-97F4-E2B589610314}.Ad-Hoc|Any CPU.ActiveCfg = Release|x64
		{3AF61189-F859-4B10-97F4-E2B589610314}.Ad-Hoc|Any CPU.Build.0 = Release|x64
		{3AF61189-F859-4B10-97F4-E2B589610314}.Ad-Hoc|Any CPU.Deploy.0 = Release|x64
		{3AF61189-F859-4B10-97F4-E2B589610314}.Ad-Hoc|ARM.ActiveCfg = Release|ARM
		{3AF61189-F859-4B10-97F4-E2B589610314}.Ad-Hoc|ARM.Build.0 = Release|ARM
		{3AF61189-F859-4B10-97F4-E2B589610314}.Ad-Hoc|ARM.Deploy.0 = Release|ARM
		{3AF61189-F859-4B10-97F4-E2B589610314}.Ad-Hoc|ARM64.ActiveCfg = Release|ARM64
		{3AF61189-F859-4B10-97F4-E2B589610314}.Ad-Hoc|ARM64.Build.0 = Release|ARM64
		{3AF61189-F859-4B10-97F4-E2B589610314}.Ad-Hoc|ARM64.Deploy.0 = Release|ARM64
		{3AF61189-F859-4B10-97F4-E2B589610314}.Ad-Hoc|iPhone.ActiveCfg = Release|x64
		{3AF61189-F859-4B10-97F4-E2B589610314}.Ad-Hoc|iPhone.Build.0 = Release|x64
		{3AF61189-F859-4B10-97F4-E2B589610314}.Ad-Hoc|iPhone.Deploy.0 = Release|x64
		{3AF61189-F859-4B10-97F4-E2B589610314}.Ad-Hoc|iPhoneSimulator.ActiveCfg = Release|x64
		{3AF61189-F859-4B10-97F4-E2B589610314}.Ad-Hoc|iPhoneSimulator.Build.0 = Release|x64
		{3AF61189-F859-4B10-97F4-E2B589610314}.Ad-Hoc|iPhoneSimulator.Deploy.0 = Release|x64
		{3AF61189-F859-4B10-97F4-E2B589610314}.Ad-Hoc|x64.ActiveCfg = Release|x64
		{3AF61189-F859-4B10-97F4-E2B589610314}.Ad-Hoc|x64.Build.0 = Release|x64
		{3AF61189-F859-4B10-97F4-E2B589610314}.Ad-Hoc|x64.Deploy.0 = Release|x64
		{3AF61189-F859-4B10-97F4-E2B589610314}.Ad-Hoc|x86.ActiveCfg = Release|x86
		{3AF61189-F859-4B10-97F4-E2B589610314}.Ad-Hoc|x86.Build.0 = Release|x86
		{3AF61189-F859-4B10-97F4-E2B589610314}.Ad-Hoc|x86.Deploy.0 = Release|x86
		{3AF61189-F859-4B10-97F4-E2B589610314}.AppStore|Any CPU.ActiveCfg = Release|x64
		{3AF61189-F859-4B10-97F4-E2B589610314}.AppStore|Any CPU.Build.0 = Release|x64
		{3AF61189-F859-4B10-97F4-E2B589610314}.AppStore|Any CPU.Deploy.0 = Release|x64
		{3AF61189-F859-4B10-97F4-E2B589610314}.AppStore|ARM.ActiveCfg = Release|ARM
		{3AF61189-F859-4B10-97F4-E2B589610314}.AppStore|ARM.Build.0 = Release|ARM
		{3AF61189-F859-4B10-97F4-E2B589610314}.AppStore|ARM.Deploy.0 = Release|ARM
		{3AF61189-F859-4B10-97F4-E2B589610314}.AppStore|ARM64.ActiveCfg = Release|ARM64
		{3AF61189-F859-4B10-97F4-E2B589610314}.AppStore|ARM64.Build.0 = Release|ARM64
		{3AF61189-F859-4B10-97F4-E2B589610314}.AppStore|ARM64.Deploy.0 = Release|ARM64
		{3AF61189-F859-4B10-97F4-E2B589610314}.AppStore|iPhone.ActiveCfg = Release|x64
		{3AF61189-F859-4B10-97F4-E2B589610314}.AppStore|iPhone.Build.0 = Release|x64
		{3AF61189-F859-4B10-97F4-E2B589610314}.AppStore|iPhone.Deploy.0 = Release|x64
		{3AF61189-F859-4B10-97F4-E2B589610314}.AppStore|iPhoneSimulator.ActiveCfg = Release|x64
		{3AF61189-F859-4B10-97F4-E2B589610314}.AppStore|iPhoneSimulator.Build.0 = Release|x64
		{3AF61189-F859-4B10-97F4-E2B589610314}.AppStore|iPhoneSimulator.Deploy.0 = Release|x64
		{3AF61189-F859-4B10-97F4-E2B589610314}.AppStore|x64.ActiveCfg = Release|x64
		{3AF61189-F859-4B10-97F4-E2B589610314}.AppStore|x64.Build.0 = Release|x64
		{3AF61189-F859-4B10-97F4-E2B589610314}.AppStore|x64.Deploy.0 = Release|x64
		{3AF61189-F859-4B10-97F4-E2B589610314}.AppStore|x86.ActiveCfg = Release|x86
		{3AF61189-F859-4B10-97F4-E2B589610314}.AppStore|x86.Build.0 = Release|x86
		{3AF61189-F859-4B10-97F4-E2B589610314}.AppStore|x86.Deploy.0 = Release|x86
		{3AF61189-F859-4B10-97F4-E2B589610314}.Debug|Any CPU.ActiveCfg = Debug|x86
		{3AF61189-F859-4B10-97F4-E2B589610314}.Debug|ARM.ActiveCfg = Debug|ARM
		{3AF61189-F859-4B10-97F4-E2B589610314}.Debug|ARM.Build.0 = Debug|ARM
		{3AF61189-F859-4B10-97F4-E2B589610314}.Debug|ARM.Deploy.0 = Debug|ARM
		{3AF61189-F859-4B10-97F4-E2B589610314}.Debug|ARM64.ActiveCfg = Debug|ARM64
		{3AF61189-F859-4B10-97F4-E2B589610314}.Debug|ARM64.Build.0 = Debug|ARM64
		{3AF61189-F859-4B10-97F4-E2B589610314}.Debug|ARM64.Deploy.0 = Debug|ARM64
		{3AF61189-F859-4B10-97F4-E2B589610314}.Debug|iPhone.ActiveCfg = Debug|x86
		{3AF61189-F859-4B10-97F4-E2B589610314}.Debug|iPhoneSimulator.ActiveCfg = Debug|x86
		{3AF61189-F859-4B10-97F4-E2B589610314}.Debug|x64.ActiveCfg = Debug|x64
		{3AF61189-F859-4B10-97F4-E2B589610314}.Debug|x64.Build.0 = Debug|x64
		{3AF61189-F859-4B10-97F4-E2B589610314}.Debug|x64.Deploy.0 = Debug|x64
		{3AF61189-F859-4B10-97F4-E2B589610314}.Debug|x86.ActiveCfg = Debug|x86
		{3AF61189-F859-4B10-97F4-E2B589610314}.Debug|x86.Build.0 = Debug|x86
		{3AF61189-F859-4B10-97F4-E2B589610314}.Debug|x86.Deploy.0 = Debug|x86
		{3AF61189-F859-4B10-97F4-E2B589610314}.Release|Any CPU.ActiveCfg = Release|x86
		{3AF61189-F859-4B10-97F4-E2B589610314}.Release|ARM.ActiveCfg = Release|ARM
		{3AF61189-F859-4B10-97F4-E2B589610314}.Release|ARM.Build.0 = Release|ARM
		{3AF61189-F859-4B10-97F4-E2B589610314}.Release|ARM.Deploy.0 = Release|ARM
		{3AF61189-F859-4B10-97F4-E2B589610314}.Release|ARM64.ActiveCfg = Release|ARM64
		{3AF61189-F859-4B10-97F4-E2B589610314}.Release|ARM64.Build.0 = Release|ARM64
		{3AF61189-F859-4B10-97F4-E2B589610314}.Release|ARM64.Deploy.0 = Release|ARM64
		{3AF61189-F859-4B10-97F4-E2B589610314}.Release|iPhone.ActiveCfg = Release|x86
		{3AF61189-F859-4B10-97F4-E2B589610314}.Release|iPhoneSimulator.ActiveCfg = Release|x86
		{3AF61189-F859-4B10-97F4-E2B589610314}.Release|x64.ActiveCfg = Release|x64
		{3AF61189-F859-4B10-97F4-E2B589610314}.Release|x64.Build.0 = Release|x64
		{3AF61189-F859-4B10-97F4-E2B589610314}.Release|x64.Deploy.0 = Release|x64
		{3AF61189-F859-4B10-97F4-E2B589610314}.Release|x86.ActiveCfg = Release|x86
		{3AF61189-F859-4B10-97F4-E2B589610314}.Release|x86.Build.0 = Release|x86
		{3AF61189-F859-4B10-97F4-E2B589610314}.Release|x86.Deploy.0 = Release|x86
		{85670829-3458-45D9-9981-A733C553E5D3}.Ad-Hoc|Any CPU.ActiveCfg = Debug|Any CPU
		{85670829-3458-45D9-9981-A733C553E5D3}.Ad-Hoc|Any CPU.Build.0 = Debug|Any CPU
		{85670829-3458-45D9-9981-A733C553E5D3}.Ad-Hoc|ARM.ActiveCfg = Debug|Any CPU
		{85670829-3458-45D9-9981-A733C553E5D3}.Ad-Hoc|ARM.Build.0 = Debug|Any CPU
		{85670829-3458-45D9-9981-A733C553E5D3}.Ad-Hoc|ARM64.ActiveCfg = Debug|Any CPU
		{85670829-3458-45D9-9981-A733C553E5D3}.Ad-Hoc|ARM64.Build.0 = Debug|Any CPU
		{85670829-3458-45D9-9981-A733C553E5D3}.Ad-Hoc|iPhone.ActiveCfg = Debug|Any CPU
		{85670829-3458-45D9-9981-A733C553E5D3}.Ad-Hoc|iPhone.Build.0 = Debug|Any CPU
		{85670829-3458-45D9-9981-A733C553E5D3}.Ad-Hoc|iPhoneSimulator.ActiveCfg = Debug|Any CPU
		{85670829-3458-45D9-9981-A733C553E5D3}.Ad-Hoc|iPhoneSimulator.Build.0 = Debug|Any CPU
		{85670829-3458-45D9-9981-A733C553E5D3}.Ad-Hoc|x64.ActiveCfg = Debug|Any CPU
		{85670829-3458-45D9-9981-A733C553E5D3}.Ad-Hoc|x64.Build.0 = Debug|Any CPU
		{85670829-3458-45D9-9981-A733C553E5D3}.Ad-Hoc|x86.ActiveCfg = Debug|Any CPU
		{85670829-3458-45D9-9981-A733C553E5D3}.Ad-Hoc|x86.Build.0 = Debug|Any CPU
		{85670829-3458-45D9-9981-A733C553E5D3}.AppStore|Any CPU.ActiveCfg = Debug|Any CPU
		{85670829-3458-45D9-9981-A733C553E5D3}.AppStore|Any CPU.Build.0 = Debug|Any CPU
		{85670829-3458-45D9-9981-A733C553E5D3}.AppStore|ARM.ActiveCfg = Debug|Any CPU
		{85670829-3458-45D9-9981-A733C553E5D3}.AppStore|ARM.Build.0 = Debug|Any CPU
		{85670829-3458-45D9-9981-A733C553E5D3}.AppStore|ARM64.ActiveCfg = Debug|Any CPU
		{85670829-3458-45D9-9981-A733C553E5D3}.AppStore|ARM64.Build.0 = Debug|Any CPU
		{85670829-3458-45D9-9981-A733C553E5D3}.AppStore|iPhone.ActiveCfg = Debug|Any CPU
		{85670829-3458-45D9-9981-A733C553E5D3}.AppStore|iPhone.Build.0 = Debug|Any CPU
		{85670829-3458-45D9-9981-A733C553E5D3}.AppStore|iPhoneSimulator.ActiveCfg = Debug|Any CPU
		{85670829-3458-45D9-9981-A733C553E5D3}.AppStore|iPhoneSimulator.Build.0 = Debug|Any CPU
		{85670829-3458-45D9-9981-A733C553E5D3}.AppStore|x64.ActiveCfg = Debug|Any CPU
		{85670829-3458-45D9-9981-A733C553E5D3}.AppStore|x64.Build.0 = Debug|Any CPU
		{85670829-3458-45D9-9981-A733C553E5D3}.AppStore|x86.ActiveCfg = Debug|Any CPU
		{85670829-3458-45D9-9981-A733C553E5D3}.AppStore|x86.Build.0 = Debug|Any CPU
		{85670829-3458-45D9-9981-A733C553E5D3}.Debug|Any CPU.ActiveCfg = Debug|Any CPU
		{85670829-3458-45D9-9981-A733C553E5D3}.Debug|Any CPU.Build.0 = Debug|Any CPU
		{85670829-3458-45D9-9981-A733C553E5D3}.Debug|ARM.ActiveCfg = Debug|Any CPU
		{85670829-3458-45D9-9981-A733C553E5D3}.Debug|ARM.Build.0 = Debug|Any CPU
		{85670829-3458-45D9-9981-A733C553E5D3}.Debug|ARM64.ActiveCfg = Debug|Any CPU
		{85670829-3458-45D9-9981-A733C553E5D3}.Debug|ARM64.Build.0 = Debug|Any CPU
		{85670829-3458-45D9-9981-A733C553E5D3}.Debug|iPhone.ActiveCfg = Debug|Any CPU
		{85670829-3458-45D9-9981-A733C553E5D3}.Debug|iPhone.Build.0 = Debug|Any CPU
		{85670829-3458-45D9-9981-A733C553E5D3}.Debug|iPhoneSimulator.ActiveCfg = Debug|Any CPU
		{85670829-3458-45D9-9981-A733C553E5D3}.Debug|iPhoneSimulator.Build.0 = Debug|Any CPU
		{85670829-3458-45D9-9981-A733C553E5D3}.Debug|x64.ActiveCfg = Debug|Any CPU
		{85670829-3458-45D9-9981-A733C553E5D3}.Debug|x64.Build.0 = Debug|Any CPU
		{85670829-3458-45D9-9981-A733C553E5D3}.Debug|x86.ActiveCfg = Debug|Any CPU
		{85670829-3458-45D9-9981-A733C553E5D3}.Debug|x86.Build.0 = Debug|Any CPU
		{85670829-3458-45D9-9981-A733C553E5D3}.Release|Any CPU.ActiveCfg = Release|Any CPU
		{85670829-3458-45D9-9981-A733C553E5D3}.Release|Any CPU.Build.0 = Release|Any CPU
		{85670829-3458-45D9-9981-A733C553E5D3}.Release|ARM.ActiveCfg = Release|Any CPU
		{85670829-3458-45D9-9981-A733C553E5D3}.Release|ARM.Build.0 = Release|Any CPU
		{85670829-3458-45D9-9981-A733C553E5D3}.Release|ARM64.ActiveCfg = Release|Any CPU
		{85670829-3458-45D9-9981-A733C553E5D3}.Release|ARM64.Build.0 = Release|Any CPU
		{85670829-3458-45D9-9981-A733C553E5D3}.Release|iPhone.ActiveCfg = Release|Any CPU
		{85670829-3458-45D9-9981-A733C553E5D3}.Release|iPhone.Build.0 = Release|Any CPU
		{85670829-3458-45D9-9981-A733C553E5D3}.Release|iPhoneSimulator.ActiveCfg = Release|Any CPU
		{85670829-3458-45D9-9981-A733C553E5D3}.Release|iPhoneSimulator.Build.0 = Release|Any CPU
		{85670829-3458-45D9-9981-A733C553E5D3}.Release|x64.ActiveCfg = Release|Any CPU
		{85670829-3458-45D9-9981-A733C553E5D3}.Release|x64.Build.0 = Release|Any CPU
		{85670829-3458-45D9-9981-A733C553E5D3}.Release|x86.ActiveCfg = Release|Any CPU
		{85670829-3458-45D9-9981-A733C553E5D3}.Release|x86.Build.0 = Release|Any CPU
	EndGlobalSection
	GlobalSection(SolutionProperties) = preSolution
		HideSolutionNode = FALSE
	EndGlobalSection
	GlobalSection(ExtensibilityGlobals) = postSolution
		SolutionGuid = {1EF212D4-924A-4E4D-84C8-583124118227}
	EndGlobalSection
EndGlobal
